// !$*UTF8*$!
{
	archiveVersion = 1;
	classes = {
	};
	objectVersion = 46;
	objects = {

/* Begin PBXBuildFile section */
		C5771196748F0F20DD9787E0 /* libPods-g5Mindr.a in Frameworks */ = {isa = PBXBuildFile; fileRef = A8C4A5EBCD1A1AB5268D5C80 /* libPods-g5Mindr.a */; };
		DA0C4B3A1CC4374F0030F927 /* g5WeatherTypeConditionTableViewCell.m in Sources */ = {isa = PBXBuildFile; fileRef = DA0C4B391CC4374F0030F927 /* g5WeatherTypeConditionTableViewCell.m */; };
		DA0C4B3C1CC447550030F927 /* Settings.bundle in Resources */ = {isa = PBXBuildFile; fileRef = DA0C4B3B1CC447550030F927 /* Settings.bundle */; };
		DA0C4B3E1CC4639C0030F927 /* CouchbaseLite.framework in Frameworks */ = {isa = PBXBuildFile; fileRef = DA0C4B3D1CC4639C0030F927 /* CouchbaseLite.framework */; };
		DA0C4B401CC463DD0030F927 /* CFNetwork.framework in Frameworks */ = {isa = PBXBuildFile; fileRef = DA0C4B3F1CC463DD0030F927 /* CFNetwork.framework */; };
		DA0C4B421CC463E30030F927 /* Security.framework in Frameworks */ = {isa = PBXBuildFile; fileRef = DA0C4B411CC463E30030F927 /* Security.framework */; };
		DA0C4B441CC463ED0030F927 /* SystemConfiguration.framework in Frameworks */ = {isa = PBXBuildFile; fileRef = DA0C4B431CC463ED0030F927 /* SystemConfiguration.framework */; };
		DA0C4B461CC463FF0030F927 /* libsqlite3.tbd in Frameworks */ = {isa = PBXBuildFile; fileRef = DA0C4B451CC463FF0030F927 /* libsqlite3.tbd */; };
		DA0C4B481CC4640C0030F927 /* libz.tbd in Frameworks */ = {isa = PBXBuildFile; fileRef = DA0C4B471CC4640C0030F927 /* libz.tbd */; };
		DA0C4B4B1CC464A00030F927 /* g5PersistenceManager.m in Sources */ = {isa = PBXBuildFile; fileRef = DA0C4B4A1CC464A00030F927 /* g5PersistenceManager.m */; };
		DA1EC0D71CD4623900605573 /* IBCellFlipSegue.m in Sources */ = {isa = PBXBuildFile; fileRef = DA1EC0D61CD4623900605573 /* IBCellFlipSegue.m */; };
		DA1EC0D91CD4625F00605573 /* QuartzCore.framework in Frameworks */ = {isa = PBXBuildFile; fileRef = DA1EC0D81CD4625F00605573 /* QuartzCore.framework */; };
		DA216BD11D445FF900FC38E5 /* toggleBGOff.png in Resources */ = {isa = PBXBuildFile; fileRef = DA216BC31D445FF900FC38E5 /* toggleBGOff.png */; };
		DA216BD21D445FF900FC38E5 /* toggleBGOff@2x.png in Resources */ = {isa = PBXBuildFile; fileRef = DA216BC41D445FF900FC38E5 /* toggleBGOff@2x.png */; };
		DA216BD31D445FF900FC38E5 /* toggleBGOff@3x.png in Resources */ = {isa = PBXBuildFile; fileRef = DA216BC51D445FF900FC38E5 /* toggleBGOff@3x.png */; };
		DA216BD41D445FF900FC38E5 /* toggleBGOn.png in Resources */ = {isa = PBXBuildFile; fileRef = DA216BC61D445FF900FC38E5 /* toggleBGOn.png */; };
		DA216BD51D445FF900FC38E5 /* toggleBGOn@2x.png in Resources */ = {isa = PBXBuildFile; fileRef = DA216BC71D445FF900FC38E5 /* toggleBGOn@2x.png */; };
		DA216BD61D445FF900FC38E5 /* toggleBGOn@3x.png in Resources */ = {isa = PBXBuildFile; fileRef = DA216BC81D445FF900FC38E5 /* toggleBGOn@3x.png */; };
		DA216BD71D445FF900FC38E5 /* toggleSwitchOff.png in Resources */ = {isa = PBXBuildFile; fileRef = DA216BC91D445FF900FC38E5 /* toggleSwitchOff.png */; };
		DA216BD81D445FF900FC38E5 /* toggleSwitchOff@2x.png in Resources */ = {isa = PBXBuildFile; fileRef = DA216BCA1D445FF900FC38E5 /* toggleSwitchOff@2x.png */; };
		DA216BD91D445FF900FC38E5 /* toggleSwitchOff@3x.png in Resources */ = {isa = PBXBuildFile; fileRef = DA216BCB1D445FF900FC38E5 /* toggleSwitchOff@3x.png */; };
		DA216BDA1D445FF900FC38E5 /* toggleSwitchOn.png in Resources */ = {isa = PBXBuildFile; fileRef = DA216BCC1D445FF900FC38E5 /* toggleSwitchOn.png */; };
		DA216BDB1D445FF900FC38E5 /* toggleSwitchOn@2x.png in Resources */ = {isa = PBXBuildFile; fileRef = DA216BCD1D445FF900FC38E5 /* toggleSwitchOn@2x.png */; };
		DA216BDC1D445FF900FC38E5 /* toggleSwitchOn@3x.png in Resources */ = {isa = PBXBuildFile; fileRef = DA216BCE1D445FF900FC38E5 /* toggleSwitchOn@3x.png */; };
		DA216BDD1D445FF900FC38E5 /* BuoyToggleView.m in Sources */ = {isa = PBXBuildFile; fileRef = DA216BD01D445FF900FC38E5 /* BuoyToggleView.m */; };
		DA2420321D99C0CD00A7DC09 /* Buoy_Logo_Animation.js in Resources */ = {isa = PBXBuildFile; fileRef = DA2420301D99C0CD00A7DC09 /* Buoy_Logo_Animation.js */; };
		DA2420351D99C0ED00A7DC09 /* buoy_logo_anim.html in Resources */ = {isa = PBXBuildFile; fileRef = DA2420341D99C0ED00A7DC09 /* buoy_logo_anim.html */; };
		DA297EEC1CA23ED0001D6148 /* g5EmoticonCell.m in Sources */ = {isa = PBXBuildFile; fileRef = DA297EE81CA23ED0001D6148 /* g5EmoticonCell.m */; };
		DA2EA6DB1CFB5424004338CA /* g5DayOfTheWeekViewController.m in Sources */ = {isa = PBXBuildFile; fileRef = DA2EA6D91CFB5424004338CA /* g5DayOfTheWeekViewController.m */; };
		DA2EA6DF1CFB569F004338CA /* MDRDayOfTheWeekCondition.m in Sources */ = {isa = PBXBuildFile; fileRef = DA2EA6DE1CFB569F004338CA /* MDRDayOfTheWeekCondition.m */; };
		DA2EA6E31CFB6AE4004338CA /* g5DayOfTheWeekConditionTableViewCell.m in Sources */ = {isa = PBXBuildFile; fileRef = DA2EA6E11CFB6AE4004338CA /* g5DayOfTheWeekConditionTableViewCell.m */; };
		DA30CEEB1C9DD38900FD4438 /* main.m in Sources */ = {isa = PBXBuildFile; fileRef = DA30CEEA1C9DD38900FD4438 /* main.m */; };
		DA30CEEE1C9DD38900FD4438 /* AppDelegate.m in Sources */ = {isa = PBXBuildFile; fileRef = DA30CEED1C9DD38900FD4438 /* AppDelegate.m */; };
		DA30CEF61C9DD38900FD4438 /* Assets.xcassets in Resources */ = {isa = PBXBuildFile; fileRef = DA30CEF51C9DD38900FD4438 /* Assets.xcassets */; };
		DA30CEF91C9DD38900FD4438 /* LaunchScreen.storyboard in Resources */ = {isa = PBXBuildFile; fileRef = DA30CEF71C9DD38900FD4438 /* LaunchScreen.storyboard */; };
		DA30CF2B1C9DF96A00FD4438 /* g5ReminderManager.m in Sources */ = {isa = PBXBuildFile; fileRef = DA30CF2A1C9DF96A00FD4438 /* g5ReminderManager.m */; };
		DA30CF371C9E05B100FD4438 /* MDRCondition.m in Sources */ = {isa = PBXBuildFile; fileRef = DA30CF321C9E05B100FD4438 /* MDRCondition.m */; };
		DA30CF381C9E05B100FD4438 /* MDRReminder.m in Sources */ = {isa = PBXBuildFile; fileRef = DA30CF351C9E05B100FD4438 /* MDRReminder.m */; };
		DA30CF401C9E239200FD4438 /* MDRLocationCondition.m in Sources */ = {isa = PBXBuildFile; fileRef = DA30CF3F1C9E239200FD4438 /* MDRLocationCondition.m */; };
		DA30CF431C9E23AD00FD4438 /* MDRWeatherTypeCondition.m in Sources */ = {isa = PBXBuildFile; fileRef = DA30CF421C9E23AD00FD4438 /* MDRWeatherTypeCondition.m */; };
		DA30CF461C9E23BE00FD4438 /* MDRTemperatureCondition.m in Sources */ = {isa = PBXBuildFile; fileRef = DA30CF451C9E23BE00FD4438 /* MDRTemperatureCondition.m */; };
		DA30CF621C9E3ABB00FD4438 /* g5ConditionTableViewCell.m in Sources */ = {isa = PBXBuildFile; fileRef = DA30CF601C9E3ABB00FD4438 /* g5ConditionTableViewCell.m */; };
		DA30CF6B1C9E448000FD4438 /* g5ReminderTableViewCell.m in Sources */ = {isa = PBXBuildFile; fileRef = DA30CF691C9E448000FD4438 /* g5ReminderTableViewCell.m */; };
		DA366E2C1D9C308F00CB4307 /* mindrBounceNavigationViewController.m in Sources */ = {isa = PBXBuildFile; fileRef = DA366E191D9C308F00CB4307 /* mindrBounceNavigationViewController.m */; };
		DA366E2D1D9C308F00CB4307 /* MDRReminderSoundViewController.m in Sources */ = {isa = PBXBuildFile; fileRef = DA366E1D1D9C308F00CB4307 /* MDRReminderSoundViewController.m */; };
		DA366E3A1D9C309D00CB4307 /* MDRReminderViewController.m in Sources */ = {isa = PBXBuildFile; fileRef = DA366E381D9C309D00CB4307 /* MDRReminderViewController.m */; };
		DA366E411D9C314E00CB4307 /* MDREmptyViewController.m in Sources */ = {isa = PBXBuildFile; fileRef = DA366E3D1D9C314E00CB4307 /* MDREmptyViewController.m */; };
		DA366E431D9C314E00CB4307 /* MDRReminderListViewController.m in Sources */ = {isa = PBXBuildFile; fileRef = DA366E401D9C314E00CB4307 /* MDRReminderListViewController.m */; };
		DA366E441D9C31F800CB4307 /* MDRReminderViewController.storyboard in Resources */ = {isa = PBXBuildFile; fileRef = DA366E391D9C309D00CB4307 /* MDRReminderViewController.storyboard */; };
		DA366E451D9C320100CB4307 /* MDRReminderList.storyboard in Resources */ = {isa = PBXBuildFile; fileRef = DA366E3E1D9C314E00CB4307 /* MDRReminderList.storyboard */; };
		DA366E461D9C320600CB4307 /* g5DateConditionViewController.xib in Resources */ = {isa = PBXBuildFile; fileRef = DAC771B41D235B2500036B44 /* g5DateConditionViewController.xib */; };
		DA366E471D9C321200CB4307 /* g5LocationConditionViewController.xib in Resources */ = {isa = PBXBuildFile; fileRef = DAC771B51D235B2500036B44 /* g5LocationConditionViewController.xib */; };
		DA366E481D9C321500CB4307 /* g5TemperatureConditionViewController.xib in Resources */ = {isa = PBXBuildFile; fileRef = DAC771B61D235B2500036B44 /* g5TemperatureConditionViewController.xib */; };
		DA366E491D9C321800CB4307 /* g5WeatherTypeConditionViewController.xib in Resources */ = {isa = PBXBuildFile; fileRef = DAC771B71D235B2500036B44 /* g5WeatherTypeConditionViewController.xib */; };
		DA366E4A1D9C322000CB4307 /* g5DayOfTheWeekViewController.xib in Resources */ = {isa = PBXBuildFile; fileRef = DA2EA6DA1CFB5424004338CA /* g5DayOfTheWeekViewController.xib */; };
		DA366E4B1D9C322200CB4307 /* MDRTimeCondition.storyboard in Resources */ = {isa = PBXBuildFile; fileRef = DA5673D71D427CE1008AF230 /* MDRTimeCondition.storyboard */; };
		DA366E4C1D9C322B00CB4307 /* g5ConditionListViewController.xib in Resources */ = {isa = PBXBuildFile; fileRef = DA4C5FE21D6530A1003CC595 /* g5ConditionListViewController.xib */; };
		DA366E4D1D9C323400CB4307 /* MDREmoticonSelection.storyboard in Resources */ = {isa = PBXBuildFile; fileRef = DAC8571E1D668DD400276C09 /* MDREmoticonSelection.storyboard */; };
		DA36707E1D70E77E0038A5F4 /* AVFoundation.framework in Frameworks */ = {isa = PBXBuildFile; fileRef = DA36707D1D70E77E0038A5F4 /* AVFoundation.framework */; };
		DA4C5FED1D6530A1003CC595 /* g5ConditionListViewController.m in Sources */ = {isa = PBXBuildFile; fileRef = DA4C5FE11D6530A1003CC595 /* g5ConditionListViewController.m */; };
		DA4C5FEF1D6530A1003CC595 /* g5CreateReminderConditionListViewController.m in Sources */ = {isa = PBXBuildFile; fileRef = DA4C5FE41D6530A1003CC595 /* g5CreateReminderConditionListViewController.m */; };
		DA4C5FF01D6530A1003CC595 /* g5EditReminderConditionListViewController.m in Sources */ = {isa = PBXBuildFile; fileRef = DA4C5FE61D6530A1003CC595 /* g5EditReminderConditionListViewController.m */; };
		DA4C5FF11D6530A1003CC595 /* MDRCreateReminderTitleViewController.m in Sources */ = {isa = PBXBuildFile; fileRef = DA4C5FE91D6530A1003CC595 /* MDRCreateReminderTitleViewController.m */; };
		DA4C5FF21D6530A1003CC595 /* MDRReminderTitleViewController.m in Sources */ = {isa = PBXBuildFile; fileRef = DA4C5FEB1D6530A1003CC595 /* MDRReminderTitleViewController.m */; };
		DA4C5FF61D6530CC003CC595 /* MDREditReminderTitleViewController.m in Sources */ = {isa = PBXBuildFile; fileRef = DA4C5FF51D6530CC003CC595 /* MDREditReminderTitleViewController.m */; };
		DA543D9D1D0CA1D20079BBB0 /* HROPickerTableView.m in Sources */ = {isa = PBXBuildFile; fileRef = DA543D9C1D0CA1D20079BBB0 /* HROPickerTableView.m */; };
		DA5673DC1D42E935008AF230 /* MDRTimeTableViewCell.m in Sources */ = {isa = PBXBuildFile; fileRef = DA5673DB1D42E935008AF230 /* MDRTimeTableViewCell.m */; };
		DA5673DF1D42EC70008AF230 /* MDRTimeTableViewController.m in Sources */ = {isa = PBXBuildFile; fileRef = DA5673DE1D42EC70008AF230 /* MDRTimeTableViewController.m */; };
		DA91A6BB1D47A2D6003C0C52 /* GoogleService-Info.plist in Resources */ = {isa = PBXBuildFile; fileRef = DA91A6BA1D47A2D6003C0C52 /* GoogleService-Info.plist */; };
		DA9A74571D4D28BF00CC5A25 /* HROPageControl.m in Sources */ = {isa = PBXBuildFile; fileRef = DA9A74561D4D28BF00CC5A25 /* HROPageControl.m */; };
		DA9E913D1D51651A00C1BF36 /* MDRTemperatureComponents.m in Sources */ = {isa = PBXBuildFile; fileRef = DA9E91391D51651A00C1BF36 /* MDRTemperatureComponents.m */; };
		DA9E913E1D51651A00C1BF36 /* MDRTimeComponents.m in Sources */ = {isa = PBXBuildFile; fileRef = DA9E913B1D51651A00C1BF36 /* MDRTimeComponents.m */; };
		DA9E91461D516D3A00C1BF36 /* MDRUserContext.m in Sources */ = {isa = PBXBuildFile; fileRef = DA9E91451D516D3A00C1BF36 /* MDRUserContext.m */; };
		DA9E91491D516E3E00C1BF36 /* MDRUserManager.m in Sources */ = {isa = PBXBuildFile; fileRef = DA9E91481D516E3E00C1BF36 /* MDRUserManager.m */; };
		DA9E914C1D516F5400C1BF36 /* MDRUserClient.m in Sources */ = {isa = PBXBuildFile; fileRef = DA9E914B1D516F5400C1BF36 /* MDRUserClient.m */; };
		DAAD3EC61D70EC870050F69C /* PBJHexagonFlowLayout.m in Sources */ = {isa = PBXBuildFile; fileRef = DAAD3EC51D70EC870050F69C /* PBJHexagonFlowLayout.m */; };
		DAB092461CDFA48300F1157B /* g5ReminderDetailButtonTableViewCell.m in Sources */ = {isa = PBXBuildFile; fileRef = DAB092441CDFA48300F1157B /* g5ReminderDetailButtonTableViewCell.m */; };
		DAC069C11D9DA1FB00D3DC0B /* HROBounceNavigationController.xib in Resources */ = {isa = PBXBuildFile; fileRef = DAF412561CF0CC950092DEF8 /* HROBounceNavigationController.xib */; };
		DAC14AE11D99DED300EF798F /* emoji_faces.plist in Resources */ = {isa = PBXBuildFile; fileRef = DAC14ACD1D99DED300EF798F /* emoji_faces.plist */; };
		DAC14AE21D99DED300EF798F /* emoji_food.plist in Resources */ = {isa = PBXBuildFile; fileRef = DAC14ACE1D99DED300EF798F /* emoji_food.plist */; };
		DAC14AE31D99DED300EF798F /* emoji_nature.plist in Resources */ = {isa = PBXBuildFile; fileRef = DAC14ACF1D99DED300EF798F /* emoji_nature.plist */; };
		DAC14AE41D99DED300EF798F /* emoji_objects.plist in Resources */ = {isa = PBXBuildFile; fileRef = DAC14AD01D99DED300EF798F /* emoji_objects.plist */; };
		DAC14AE51D99DED300EF798F /* emoji_sports.plist in Resources */ = {isa = PBXBuildFile; fileRef = DAC14AD11D99DED300EF798F /* emoji_sports.plist */; };
		DAC14AE61D99DED300EF798F /* emoji_transport.plist in Resources */ = {isa = PBXBuildFile; fileRef = DAC14AD21D99DED300EF798F /* emoji_transport.plist */; };
		DAC14AE71D99DED300EF798F /* Proxima Nova Soft W03 Bold.ttf in Resources */ = {isa = PBXBuildFile; fileRef = DAC14AD41D99DED300EF798F /* Proxima Nova Soft W03 Bold.ttf */; };
		DAC14AE81D99DED300EF798F /* Proxima Nova Soft W03 Medium.ttf in Resources */ = {isa = PBXBuildFile; fileRef = DAC14AD51D99DED300EF798F /* Proxima Nova Soft W03 Medium.ttf */; };
		DAC14AE91D99DED300EF798F /* Proxima Nova Soft W03 Semibold.ttf in Resources */ = {isa = PBXBuildFile; fileRef = DAC14AD61D99DED300EF798F /* Proxima Nova Soft W03 Semibold.ttf */; };
		DAC14AEA1D99DED300EF798F /* Bells.m4r in Resources */ = {isa = PBXBuildFile; fileRef = DAC14AD81D99DED300EF798F /* Bells.m4r */; };
		DAC14AEB1D99DED300EF798F /* Bounce.m4r in Resources */ = {isa = PBXBuildFile; fileRef = DAC14AD91D99DED300EF798F /* Bounce.m4r */; };
		DAC14AEC1D99DED300EF798F /* Fast Action.m4r in Resources */ = {isa = PBXBuildFile; fileRef = DAC14ADA1D99DED300EF798F /* Fast Action.m4r */; };
		DAC14AED1D99DED300EF798F /* Float.m4r in Resources */ = {isa = PBXBuildFile; fileRef = DAC14ADB1D99DED300EF798F /* Float.m4r */; };
		DAC14AEE1D99DED300EF798F /* Greeting.m4r in Resources */ = {isa = PBXBuildFile; fileRef = DAC14ADC1D99DED300EF798F /* Greeting.m4r */; };
		DAC14AEF1D99DED300EF798F /* Ping Pong.m4r in Resources */ = {isa = PBXBuildFile; fileRef = DAC14ADD1D99DED300EF798F /* Ping Pong.m4r */; };
		DAC14AF01D99DED300EF798F /* Raindrop.m4r in Resources */ = {isa = PBXBuildFile; fileRef = DAC14ADE1D99DED300EF798F /* Raindrop.m4r */; };
		DAC14AF11D99DED300EF798F /* Star Fall.m4r in Resources */ = {isa = PBXBuildFile; fileRef = DAC14ADF1D99DED300EF798F /* Star Fall.m4r */; };
		DAC14AF21D99DED300EF798F /* Wonder.m4r in Resources */ = {isa = PBXBuildFile; fileRef = DAC14AE01D99DED300EF798F /* Wonder.m4r */; };
		DAC771AF1D234ADA00036B44 /* MDRLocationManager.m in Sources */ = {isa = PBXBuildFile; fileRef = DAC771AE1D234ADA00036B44 /* MDRLocationManager.m */; };
		DAC771B31D234E1C00036B44 /* UIGestureRecognizer+Cancel.m in Sources */ = {isa = PBXBuildFile; fileRef = DAC771B21D234E1C00036B44 /* UIGestureRecognizer+Cancel.m */; };
		DAC857211D668DD400276C09 /* MDREmoticonCollectionViewController.m in Sources */ = {isa = PBXBuildFile; fileRef = DAC8571D1D668DD400276C09 /* MDREmoticonCollectionViewController.m */; };
		DAC857231D668DD400276C09 /* MDREmoticonSelectionViewController.m in Sources */ = {isa = PBXBuildFile; fileRef = DAC857201D668DD400276C09 /* MDREmoticonSelectionViewController.m */; };
		DAC857281D668EAC00276C09 /* MDRCreateReminderEmoticonSelectionViewController.m in Sources */ = {isa = PBXBuildFile; fileRef = DAC857251D668EAC00276C09 /* MDRCreateReminderEmoticonSelectionViewController.m */; };
		DAC857291D668EAC00276C09 /* MDREditReminderEmoticonSelectionViewController.m in Sources */ = {isa = PBXBuildFile; fileRef = DAC857271D668EAC00276C09 /* MDREditReminderEmoticonSelectionViewController.m */; };
		DAC8BF341CCC6D5F004CA7D6 /* g5ConditionViewController.m in Sources */ = {isa = PBXBuildFile; fileRef = DAC8BF221CCC6D5F004CA7D6 /* g5ConditionViewController.m */; };
		DAC8BF351CCC6D5F004CA7D6 /* g5DateConditionViewController.m in Sources */ = {isa = PBXBuildFile; fileRef = DAC8BF241CCC6D5F004CA7D6 /* g5DateConditionViewController.m */; };
		DAC8BF361CCC6D5F004CA7D6 /* g5LocationConditionViewController.m in Sources */ = {isa = PBXBuildFile; fileRef = DAC8BF261CCC6D5F004CA7D6 /* g5LocationConditionViewController.m */; };
		DAC8BF371CCC6D5F004CA7D6 /* g5TemperatureConditionViewController.m in Sources */ = {isa = PBXBuildFile; fileRef = DAC8BF281CCC6D5F004CA7D6 /* g5TemperatureConditionViewController.m */; };
		DAC8BF381CCC6D5F004CA7D6 /* MDRTimeConditionViewController.m in Sources */ = {isa = PBXBuildFile; fileRef = DAC8BF2A1CCC6D5F004CA7D6 /* MDRTimeConditionViewController.m */; };
		DAC8BF391CCC6D5F004CA7D6 /* g5WeatherTypeConditionViewController.m in Sources */ = {isa = PBXBuildFile; fileRef = DAC8BF2C1CCC6D5F004CA7D6 /* g5WeatherTypeConditionViewController.m */; };
		DAE9CAC81CA4A41700849427 /* MDRDateCondition.m in Sources */ = {isa = PBXBuildFile; fileRef = DAE9CAC71CA4A41700849427 /* MDRDateCondition.m */; };
		DAE9CACB1CA4A42700849427 /* MDRTimeCondition.m in Sources */ = {isa = PBXBuildFile; fileRef = DAE9CACA1CA4A42700849427 /* MDRTimeCondition.m */; };
		DAF412571CF0CC950092DEF8 /* HROBounceNavigationController.m in Sources */ = {isa = PBXBuildFile; fileRef = DAF412551CF0CC950092DEF8 /* HROBounceNavigationController.m */; };
		DAF5C1AD1D289011000D3DEC /* MDRReminderClient.m in Sources */ = {isa = PBXBuildFile; fileRef = DAF5C1AC1D289011000D3DEC /* MDRReminderClient.m */; };
		DAF5C1BE1D29E195000D3DEC /* HROCalendarHeaderView.m in Sources */ = {isa = PBXBuildFile; fileRef = DAF5C1B51D29E195000D3DEC /* HROCalendarHeaderView.m */; };
		DAF5C1BF1D29E195000D3DEC /* HROCalendarRowTableViewCell.m in Sources */ = {isa = PBXBuildFile; fileRef = DAF5C1B81D29E195000D3DEC /* HROCalendarRowTableViewCell.m */; };
		DAF5C1C01D29E195000D3DEC /* HROCalendarTableViewController.m in Sources */ = {isa = PBXBuildFile; fileRef = DAF5C1BA1D29E195000D3DEC /* HROCalendarTableViewController.m */; };
		DAFD651B1CD52DAC00E92729 /* MDRReminderDetailTableViewCell.m in Sources */ = {isa = PBXBuildFile; fileRef = DAFD65191CD52DAC00E92729 /* MDRReminderDetailTableViewCell.m */; };
/* End PBXBuildFile section */

/* Begin PBXFileReference section */
		795CE638909D1A21AB1B802A /* Pods-g5Mindr.release.xcconfig */ = {isa = PBXFileReference; includeInIndex = 1; lastKnownFileType = text.xcconfig; name = "Pods-g5Mindr.release.xcconfig"; path = "Pods/Target Support Files/Pods-g5Mindr/Pods-g5Mindr.release.xcconfig"; sourceTree = "<group>"; };
		A8C4A5EBCD1A1AB5268D5C80 /* libPods-g5Mindr.a */ = {isa = PBXFileReference; explicitFileType = archive.ar; includeInIndex = 0; path = "libPods-g5Mindr.a"; sourceTree = BUILT_PRODUCTS_DIR; };
		DA0C4B381CC4374F0030F927 /* g5WeatherTypeConditionTableViewCell.h */ = {isa = PBXFileReference; fileEncoding = 4; lastKnownFileType = sourcecode.c.h; path = g5WeatherTypeConditionTableViewCell.h; sourceTree = "<group>"; };
		DA0C4B391CC4374F0030F927 /* g5WeatherTypeConditionTableViewCell.m */ = {isa = PBXFileReference; fileEncoding = 4; lastKnownFileType = sourcecode.c.objc; path = g5WeatherTypeConditionTableViewCell.m; sourceTree = "<group>"; };
		DA0C4B3B1CC447550030F927 /* Settings.bundle */ = {isa = PBXFileReference; lastKnownFileType = "wrapper.plug-in"; path = Settings.bundle; sourceTree = SOURCE_ROOT; };
		DA0C4B3D1CC4639C0030F927 /* CouchbaseLite.framework */ = {isa = PBXFileReference; lastKnownFileType = wrapper.framework; name = CouchbaseLite.framework; path = Resources/CouchbaseLite.framework; sourceTree = SOURCE_ROOT; };
		DA0C4B3F1CC463DD0030F927 /* CFNetwork.framework */ = {isa = PBXFileReference; lastKnownFileType = wrapper.framework; name = CFNetwork.framework; path = System/Library/Frameworks/CFNetwork.framework; sourceTree = SDKROOT; };
		DA0C4B411CC463E30030F927 /* Security.framework */ = {isa = PBXFileReference; lastKnownFileType = wrapper.framework; name = Security.framework; path = System/Library/Frameworks/Security.framework; sourceTree = SDKROOT; };
		DA0C4B431CC463ED0030F927 /* SystemConfiguration.framework */ = {isa = PBXFileReference; lastKnownFileType = wrapper.framework; name = SystemConfiguration.framework; path = System/Library/Frameworks/SystemConfiguration.framework; sourceTree = SDKROOT; };
		DA0C4B451CC463FF0030F927 /* libsqlite3.tbd */ = {isa = PBXFileReference; lastKnownFileType = "sourcecode.text-based-dylib-definition"; name = libsqlite3.tbd; path = usr/lib/libsqlite3.tbd; sourceTree = SDKROOT; };
		DA0C4B471CC4640C0030F927 /* libz.tbd */ = {isa = PBXFileReference; lastKnownFileType = "sourcecode.text-based-dylib-definition"; name = libz.tbd; path = usr/lib/libz.tbd; sourceTree = SDKROOT; };
		DA0C4B491CC464A00030F927 /* g5PersistenceManager.h */ = {isa = PBXFileReference; fileEncoding = 4; lastKnownFileType = sourcecode.c.h; path = g5PersistenceManager.h; sourceTree = "<group>"; };
		DA0C4B4A1CC464A00030F927 /* g5PersistenceManager.m */ = {isa = PBXFileReference; fileEncoding = 4; lastKnownFileType = sourcecode.c.objc; path = g5PersistenceManager.m; sourceTree = "<group>"; };
		DA1EC0D51CD4623900605573 /* IBCellFlipSegue.h */ = {isa = PBXFileReference; fileEncoding = 4; lastKnownFileType = sourcecode.c.h; path = IBCellFlipSegue.h; sourceTree = "<group>"; };
		DA1EC0D61CD4623900605573 /* IBCellFlipSegue.m */ = {isa = PBXFileReference; fileEncoding = 4; lastKnownFileType = sourcecode.c.objc; path = IBCellFlipSegue.m; sourceTree = "<group>"; };
		DA1EC0D81CD4625F00605573 /* QuartzCore.framework */ = {isa = PBXFileReference; lastKnownFileType = wrapper.framework; name = QuartzCore.framework; path = System/Library/Frameworks/QuartzCore.framework; sourceTree = SDKROOT; };
		DA216BC31D445FF900FC38E5 /* toggleBGOff.png */ = {isa = PBXFileReference; lastKnownFileType = image.png; path = toggleBGOff.png; sourceTree = "<group>"; };
		DA216BC41D445FF900FC38E5 /* toggleBGOff@2x.png */ = {isa = PBXFileReference; lastKnownFileType = image.png; path = "toggleBGOff@2x.png"; sourceTree = "<group>"; };
		DA216BC51D445FF900FC38E5 /* toggleBGOff@3x.png */ = {isa = PBXFileReference; lastKnownFileType = image.png; path = "toggleBGOff@3x.png"; sourceTree = "<group>"; };
		DA216BC61D445FF900FC38E5 /* toggleBGOn.png */ = {isa = PBXFileReference; lastKnownFileType = image.png; path = toggleBGOn.png; sourceTree = "<group>"; };
		DA216BC71D445FF900FC38E5 /* toggleBGOn@2x.png */ = {isa = PBXFileReference; lastKnownFileType = image.png; path = "toggleBGOn@2x.png"; sourceTree = "<group>"; };
		DA216BC81D445FF900FC38E5 /* toggleBGOn@3x.png */ = {isa = PBXFileReference; lastKnownFileType = image.png; path = "toggleBGOn@3x.png"; sourceTree = "<group>"; };
		DA216BC91D445FF900FC38E5 /* toggleSwitchOff.png */ = {isa = PBXFileReference; lastKnownFileType = image.png; path = toggleSwitchOff.png; sourceTree = "<group>"; };
		DA216BCA1D445FF900FC38E5 /* toggleSwitchOff@2x.png */ = {isa = PBXFileReference; lastKnownFileType = image.png; path = "toggleSwitchOff@2x.png"; sourceTree = "<group>"; };
		DA216BCB1D445FF900FC38E5 /* toggleSwitchOff@3x.png */ = {isa = PBXFileReference; lastKnownFileType = image.png; path = "toggleSwitchOff@3x.png"; sourceTree = "<group>"; };
		DA216BCC1D445FF900FC38E5 /* toggleSwitchOn.png */ = {isa = PBXFileReference; lastKnownFileType = image.png; path = toggleSwitchOn.png; sourceTree = "<group>"; };
		DA216BCD1D445FF900FC38E5 /* toggleSwitchOn@2x.png */ = {isa = PBXFileReference; lastKnownFileType = image.png; path = "toggleSwitchOn@2x.png"; sourceTree = "<group>"; };
		DA216BCE1D445FF900FC38E5 /* toggleSwitchOn@3x.png */ = {isa = PBXFileReference; lastKnownFileType = image.png; path = "toggleSwitchOn@3x.png"; sourceTree = "<group>"; };
		DA216BCF1D445FF900FC38E5 /* BuoyToggleView.h */ = {isa = PBXFileReference; fileEncoding = 4; lastKnownFileType = sourcecode.c.h; path = BuoyToggleView.h; sourceTree = "<group>"; };
		DA216BD01D445FF900FC38E5 /* BuoyToggleView.m */ = {isa = PBXFileReference; fileEncoding = 4; lastKnownFileType = sourcecode.c.objc; path = BuoyToggleView.m; sourceTree = "<group>"; };
		DA2420301D99C0CD00A7DC09 /* Buoy_Logo_Animation.js */ = {isa = PBXFileReference; fileEncoding = 4; lastKnownFileType = sourcecode.javascript; path = Buoy_Logo_Animation.js; sourceTree = "<group>"; };
		DA2420341D99C0ED00A7DC09 /* buoy_logo_anim.html */ = {isa = PBXFileReference; fileEncoding = 4; lastKnownFileType = text.html; path = buoy_logo_anim.html; sourceTree = "<group>"; };
		DA297EDB1CA21787001D6148 /* g5ConfigAndMacros.h */ = {isa = PBXFileReference; fileEncoding = 4; lastKnownFileType = sourcecode.c.h; path = g5ConfigAndMacros.h; sourceTree = "<group>"; };
		DA297EE71CA23ED0001D6148 /* g5EmoticonCell.h */ = {isa = PBXFileReference; fileEncoding = 4; lastKnownFileType = sourcecode.c.h; path = g5EmoticonCell.h; sourceTree = "<group>"; };
		DA297EE81CA23ED0001D6148 /* g5EmoticonCell.m */ = {isa = PBXFileReference; fileEncoding = 4; lastKnownFileType = sourcecode.c.objc; path = g5EmoticonCell.m; sourceTree = "<group>"; };
		DA2EA6D81CFB5424004338CA /* g5DayOfTheWeekViewController.h */ = {isa = PBXFileReference; fileEncoding = 4; lastKnownFileType = sourcecode.c.h; path = g5DayOfTheWeekViewController.h; sourceTree = "<group>"; };
		DA2EA6D91CFB5424004338CA /* g5DayOfTheWeekViewController.m */ = {isa = PBXFileReference; fileEncoding = 4; lastKnownFileType = sourcecode.c.objc; path = g5DayOfTheWeekViewController.m; sourceTree = "<group>"; };
		DA2EA6DA1CFB5424004338CA /* g5DayOfTheWeekViewController.xib */ = {isa = PBXFileReference; fileEncoding = 4; lastKnownFileType = file.xib; path = g5DayOfTheWeekViewController.xib; sourceTree = "<group>"; };
		DA2EA6DD1CFB569F004338CA /* MDRDayOfTheWeekCondition.h */ = {isa = PBXFileReference; fileEncoding = 4; lastKnownFileType = sourcecode.c.h; path = MDRDayOfTheWeekCondition.h; sourceTree = "<group>"; };
		DA2EA6DE1CFB569F004338CA /* MDRDayOfTheWeekCondition.m */ = {isa = PBXFileReference; fileEncoding = 4; lastKnownFileType = sourcecode.c.objc; path = MDRDayOfTheWeekCondition.m; sourceTree = "<group>"; };
		DA2EA6E01CFB6AE4004338CA /* g5DayOfTheWeekConditionTableViewCell.h */ = {isa = PBXFileReference; fileEncoding = 4; lastKnownFileType = sourcecode.c.h; path = g5DayOfTheWeekConditionTableViewCell.h; sourceTree = "<group>"; };
		DA2EA6E11CFB6AE4004338CA /* g5DayOfTheWeekConditionTableViewCell.m */ = {isa = PBXFileReference; fileEncoding = 4; lastKnownFileType = sourcecode.c.objc; path = g5DayOfTheWeekConditionTableViewCell.m; sourceTree = "<group>"; };
		DA2EA6E21CFB6AE4004338CA /* g5DayOfTheWeekConditionTableViewCell.xib */ = {isa = PBXFileReference; fileEncoding = 4; lastKnownFileType = file.xib; path = g5DayOfTheWeekConditionTableViewCell.xib; sourceTree = "<group>"; };
		DA30CEE61C9DD38900FD4438 /* Buoy.app */ = {isa = PBXFileReference; explicitFileType = wrapper.application; includeInIndex = 0; path = Buoy.app; sourceTree = BUILT_PRODUCTS_DIR; };
		DA30CEEA1C9DD38900FD4438 /* main.m */ = {isa = PBXFileReference; lastKnownFileType = sourcecode.c.objc; path = main.m; sourceTree = "<group>"; };
		DA30CEEC1C9DD38900FD4438 /* AppDelegate.h */ = {isa = PBXFileReference; lastKnownFileType = sourcecode.c.h; path = AppDelegate.h; sourceTree = "<group>"; };
		DA30CEED1C9DD38900FD4438 /* AppDelegate.m */ = {isa = PBXFileReference; lastKnownFileType = sourcecode.c.objc; path = AppDelegate.m; sourceTree = "<group>"; };
		DA30CEF51C9DD38900FD4438 /* Assets.xcassets */ = {isa = PBXFileReference; lastKnownFileType = folder.assetcatalog; path = Assets.xcassets; sourceTree = "<group>"; };
		DA30CEF81C9DD38900FD4438 /* Base */ = {isa = PBXFileReference; lastKnownFileType = file.storyboard; name = Base; path = Base.lproj/LaunchScreen.storyboard; sourceTree = "<group>"; };
		DA30CEFA1C9DD38900FD4438 /* Info.plist */ = {isa = PBXFileReference; lastKnownFileType = text.plist.xml; path = Info.plist; sourceTree = "<group>"; };
		DA30CF291C9DF96A00FD4438 /* g5ReminderManager.h */ = {isa = PBXFileReference; fileEncoding = 4; lastKnownFileType = sourcecode.c.h; path = g5ReminderManager.h; sourceTree = "<group>"; };
		DA30CF2A1C9DF96A00FD4438 /* g5ReminderManager.m */ = {isa = PBXFileReference; fileEncoding = 4; lastKnownFileType = sourcecode.c.objc; path = g5ReminderManager.m; sourceTree = "<group>"; };
		DA30CF311C9E05B100FD4438 /* MDRCondition.h */ = {isa = PBXFileReference; fileEncoding = 4; lastKnownFileType = sourcecode.c.h; path = MDRCondition.h; sourceTree = "<group>"; };
		DA30CF321C9E05B100FD4438 /* MDRCondition.m */ = {isa = PBXFileReference; fileEncoding = 4; lastKnownFileType = sourcecode.c.objc; path = MDRCondition.m; sourceTree = "<group>"; };
		DA30CF341C9E05B100FD4438 /* MDRReminder.h */ = {isa = PBXFileReference; fileEncoding = 4; lastKnownFileType = sourcecode.c.h; path = MDRReminder.h; sourceTree = "<group>"; };
		DA30CF351C9E05B100FD4438 /* MDRReminder.m */ = {isa = PBXFileReference; fileEncoding = 4; lastKnownFileType = sourcecode.c.objc; path = MDRReminder.m; sourceTree = "<group>"; };
		DA30CF3E1C9E239200FD4438 /* MDRLocationCondition.h */ = {isa = PBXFileReference; fileEncoding = 4; lastKnownFileType = sourcecode.c.h; path = MDRLocationCondition.h; sourceTree = "<group>"; };
		DA30CF3F1C9E239200FD4438 /* MDRLocationCondition.m */ = {isa = PBXFileReference; fileEncoding = 4; lastKnownFileType = sourcecode.c.objc; path = MDRLocationCondition.m; sourceTree = "<group>"; };
		DA30CF411C9E23AD00FD4438 /* MDRWeatherTypeCondition.h */ = {isa = PBXFileReference; fileEncoding = 4; lastKnownFileType = sourcecode.c.h; path = MDRWeatherTypeCondition.h; sourceTree = "<group>"; };
		DA30CF421C9E23AD00FD4438 /* MDRWeatherTypeCondition.m */ = {isa = PBXFileReference; fileEncoding = 4; lastKnownFileType = sourcecode.c.objc; path = MDRWeatherTypeCondition.m; sourceTree = "<group>"; };
		DA30CF441C9E23BE00FD4438 /* MDRTemperatureCondition.h */ = {isa = PBXFileReference; fileEncoding = 4; lastKnownFileType = sourcecode.c.h; path = MDRTemperatureCondition.h; sourceTree = "<group>"; };
		DA30CF451C9E23BE00FD4438 /* MDRTemperatureCondition.m */ = {isa = PBXFileReference; fileEncoding = 4; lastKnownFileType = sourcecode.c.objc; path = MDRTemperatureCondition.m; sourceTree = "<group>"; };
		DA30CF5F1C9E3ABB00FD4438 /* g5ConditionTableViewCell.h */ = {isa = PBXFileReference; fileEncoding = 4; lastKnownFileType = sourcecode.c.h; path = g5ConditionTableViewCell.h; sourceTree = "<group>"; };
		DA30CF601C9E3ABB00FD4438 /* g5ConditionTableViewCell.m */ = {isa = PBXFileReference; fileEncoding = 4; lastKnownFileType = sourcecode.c.objc; path = g5ConditionTableViewCell.m; sourceTree = "<group>"; };
		DA30CF681C9E448000FD4438 /* g5ReminderTableViewCell.h */ = {isa = PBXFileReference; fileEncoding = 4; lastKnownFileType = sourcecode.c.h; path = g5ReminderTableViewCell.h; sourceTree = "<group>"; };
		DA30CF691C9E448000FD4438 /* g5ReminderTableViewCell.m */ = {isa = PBXFileReference; fileEncoding = 4; lastKnownFileType = sourcecode.c.objc; path = g5ReminderTableViewCell.m; sourceTree = "<group>"; };
		DA366E181D9C308F00CB4307 /* mindrBounceNavigationViewController.h */ = {isa = PBXFileReference; fileEncoding = 4; lastKnownFileType = sourcecode.c.h; path = mindrBounceNavigationViewController.h; sourceTree = "<group>"; };
		DA366E191D9C308F00CB4307 /* mindrBounceNavigationViewController.m */ = {isa = PBXFileReference; fileEncoding = 4; lastKnownFileType = sourcecode.c.objc; path = mindrBounceNavigationViewController.m; sourceTree = "<group>"; };
		DA366E1C1D9C308F00CB4307 /* MDRReminderSoundViewController.h */ = {isa = PBXFileReference; fileEncoding = 4; lastKnownFileType = sourcecode.c.h; path = MDRReminderSoundViewController.h; sourceTree = "<group>"; };
		DA366E1D1D9C308F00CB4307 /* MDRReminderSoundViewController.m */ = {isa = PBXFileReference; fileEncoding = 4; lastKnownFileType = sourcecode.c.objc; path = MDRReminderSoundViewController.m; sourceTree = "<group>"; };
		DA366E1E1D9C308F00CB4307 /* MDRReminderSoundViewController.xib */ = {isa = PBXFileReference; fileEncoding = 4; lastKnownFileType = file.xib; path = MDRReminderSoundViewController.xib; sourceTree = "<group>"; };
		DA366E371D9C309D00CB4307 /* MDRReminderViewController.h */ = {isa = PBXFileReference; fileEncoding = 4; lastKnownFileType = sourcecode.c.h; path = MDRReminderViewController.h; sourceTree = "<group>"; };
		DA366E381D9C309D00CB4307 /* MDRReminderViewController.m */ = {isa = PBXFileReference; fileEncoding = 4; lastKnownFileType = sourcecode.c.objc; path = MDRReminderViewController.m; sourceTree = "<group>"; };
		DA366E391D9C309D00CB4307 /* MDRReminderViewController.storyboard */ = {isa = PBXFileReference; fileEncoding = 4; lastKnownFileType = file.storyboard; path = MDRReminderViewController.storyboard; sourceTree = "<group>"; };
		DA366E3C1D9C314E00CB4307 /* MDREmptyViewController.h */ = {isa = PBXFileReference; fileEncoding = 4; lastKnownFileType = sourcecode.c.h; path = MDREmptyViewController.h; sourceTree = "<group>"; };
		DA366E3D1D9C314E00CB4307 /* MDREmptyViewController.m */ = {isa = PBXFileReference; fileEncoding = 4; lastKnownFileType = sourcecode.c.objc; path = MDREmptyViewController.m; sourceTree = "<group>"; };
		DA366E3E1D9C314E00CB4307 /* MDRReminderList.storyboard */ = {isa = PBXFileReference; fileEncoding = 4; lastKnownFileType = file.storyboard; path = MDRReminderList.storyboard; sourceTree = "<group>"; };
		DA366E3F1D9C314E00CB4307 /* MDRReminderListViewController.h */ = {isa = PBXFileReference; fileEncoding = 4; lastKnownFileType = sourcecode.c.h; path = MDRReminderListViewController.h; sourceTree = "<group>"; };
		DA366E401D9C314E00CB4307 /* MDRReminderListViewController.m */ = {isa = PBXFileReference; fileEncoding = 4; lastKnownFileType = sourcecode.c.objc; path = MDRReminderListViewController.m; sourceTree = "<group>"; };
		DA36707D1D70E77E0038A5F4 /* AVFoundation.framework */ = {isa = PBXFileReference; lastKnownFileType = wrapper.framework; name = AVFoundation.framework; path = System/Library/Frameworks/AVFoundation.framework; sourceTree = SDKROOT; };
		DA4C5FE01D6530A1003CC595 /* g5ConditionListViewController.h */ = {isa = PBXFileReference; fileEncoding = 4; lastKnownFileType = sourcecode.c.h; path = g5ConditionListViewController.h; sourceTree = "<group>"; };
		DA4C5FE11D6530A1003CC595 /* g5ConditionListViewController.m */ = {isa = PBXFileReference; fileEncoding = 4; lastKnownFileType = sourcecode.c.objc; path = g5ConditionListViewController.m; sourceTree = "<group>"; };
		DA4C5FE21D6530A1003CC595 /* g5ConditionListViewController.xib */ = {isa = PBXFileReference; fileEncoding = 4; lastKnownFileType = file.xib; path = g5ConditionListViewController.xib; sourceTree = "<group>"; };
		DA4C5FE31D6530A1003CC595 /* g5CreateReminderConditionListViewController.h */ = {isa = PBXFileReference; fileEncoding = 4; lastKnownFileType = sourcecode.c.h; path = g5CreateReminderConditionListViewController.h; sourceTree = "<group>"; };
		DA4C5FE41D6530A1003CC595 /* g5CreateReminderConditionListViewController.m */ = {isa = PBXFileReference; fileEncoding = 4; lastKnownFileType = sourcecode.c.objc; path = g5CreateReminderConditionListViewController.m; sourceTree = "<group>"; };
		DA4C5FE51D6530A1003CC595 /* g5EditReminderConditionListViewController.h */ = {isa = PBXFileReference; fileEncoding = 4; lastKnownFileType = sourcecode.c.h; path = g5EditReminderConditionListViewController.h; sourceTree = "<group>"; };
		DA4C5FE61D6530A1003CC595 /* g5EditReminderConditionListViewController.m */ = {isa = PBXFileReference; fileEncoding = 4; lastKnownFileType = sourcecode.c.objc; path = g5EditReminderConditionListViewController.m; sourceTree = "<group>"; };
		DA4C5FE81D6530A1003CC595 /* MDRCreateReminderTitleViewController.h */ = {isa = PBXFileReference; fileEncoding = 4; lastKnownFileType = sourcecode.c.h; path = MDRCreateReminderTitleViewController.h; sourceTree = "<group>"; };
		DA4C5FE91D6530A1003CC595 /* MDRCreateReminderTitleViewController.m */ = {isa = PBXFileReference; fileEncoding = 4; lastKnownFileType = sourcecode.c.objc; path = MDRCreateReminderTitleViewController.m; sourceTree = "<group>"; };
		DA4C5FEA1D6530A1003CC595 /* MDRReminderTitleViewController.h */ = {isa = PBXFileReference; fileEncoding = 4; lastKnownFileType = sourcecode.c.h; path = MDRReminderTitleViewController.h; sourceTree = "<group>"; };
		DA4C5FEB1D6530A1003CC595 /* MDRReminderTitleViewController.m */ = {isa = PBXFileReference; fileEncoding = 4; lastKnownFileType = sourcecode.c.objc; path = MDRReminderTitleViewController.m; sourceTree = "<group>"; };
		DA4C5FEC1D6530A1003CC595 /* MDRReminderTitleViewController.xib */ = {isa = PBXFileReference; fileEncoding = 4; lastKnownFileType = file.xib; path = MDRReminderTitleViewController.xib; sourceTree = "<group>"; };
		DA4C5FF41D6530CC003CC595 /* MDREditReminderTitleViewController.h */ = {isa = PBXFileReference; fileEncoding = 4; lastKnownFileType = sourcecode.c.h; path = MDREditReminderTitleViewController.h; sourceTree = "<group>"; };
		DA4C5FF51D6530CC003CC595 /* MDREditReminderTitleViewController.m */ = {isa = PBXFileReference; fileEncoding = 4; lastKnownFileType = sourcecode.c.objc; path = MDREditReminderTitleViewController.m; sourceTree = "<group>"; };
		DA543D9B1D0CA1D20079BBB0 /* HROPickerTableView.h */ = {isa = PBXFileReference; fileEncoding = 4; lastKnownFileType = sourcecode.c.h; path = HROPickerTableView.h; sourceTree = "<group>"; };
		DA543D9C1D0CA1D20079BBB0 /* HROPickerTableView.m */ = {isa = PBXFileReference; fileEncoding = 4; lastKnownFileType = sourcecode.c.objc; path = HROPickerTableView.m; sourceTree = "<group>"; };
		DA5673D71D427CE1008AF230 /* MDRTimeCondition.storyboard */ = {isa = PBXFileReference; fileEncoding = 4; lastKnownFileType = file.storyboard; path = MDRTimeCondition.storyboard; sourceTree = "<group>"; };
		DA5673DA1D42E935008AF230 /* MDRTimeTableViewCell.h */ = {isa = PBXFileReference; fileEncoding = 4; lastKnownFileType = sourcecode.c.h; path = MDRTimeTableViewCell.h; sourceTree = "<group>"; };
		DA5673DB1D42E935008AF230 /* MDRTimeTableViewCell.m */ = {isa = PBXFileReference; fileEncoding = 4; lastKnownFileType = sourcecode.c.objc; path = MDRTimeTableViewCell.m; sourceTree = "<group>"; };
		DA5673DD1D42EC70008AF230 /* MDRTimeTableViewController.h */ = {isa = PBXFileReference; fileEncoding = 4; lastKnownFileType = sourcecode.c.h; path = MDRTimeTableViewController.h; sourceTree = "<group>"; };
		DA5673DE1D42EC70008AF230 /* MDRTimeTableViewController.m */ = {isa = PBXFileReference; fileEncoding = 4; lastKnownFileType = sourcecode.c.objc; path = MDRTimeTableViewController.m; sourceTree = "<group>"; };
		DA91A6BA1D47A2D6003C0C52 /* GoogleService-Info.plist */ = {isa = PBXFileReference; fileEncoding = 4; lastKnownFileType = text.plist.xml; name = "GoogleService-Info.plist"; path = "Resources/GoogleService-Info.plist"; sourceTree = SOURCE_ROOT; };
		DA9A74551D4D28BF00CC5A25 /* HROPageControl.h */ = {isa = PBXFileReference; fileEncoding = 4; lastKnownFileType = sourcecode.c.h; path = HROPageControl.h; sourceTree = "<group>"; };
		DA9A74561D4D28BF00CC5A25 /* HROPageControl.m */ = {isa = PBXFileReference; fileEncoding = 4; lastKnownFileType = sourcecode.c.objc; path = HROPageControl.m; sourceTree = "<group>"; };
		DA9E91381D51651A00C1BF36 /* MDRTemperatureComponents.h */ = {isa = PBXFileReference; fileEncoding = 4; lastKnownFileType = sourcecode.c.h; path = MDRTemperatureComponents.h; sourceTree = "<group>"; };
		DA9E91391D51651A00C1BF36 /* MDRTemperatureComponents.m */ = {isa = PBXFileReference; fileEncoding = 4; lastKnownFileType = sourcecode.c.objc; path = MDRTemperatureComponents.m; sourceTree = "<group>"; };
		DA9E913A1D51651A00C1BF36 /* MDRTimeComponents.h */ = {isa = PBXFileReference; fileEncoding = 4; lastKnownFileType = sourcecode.c.h; path = MDRTimeComponents.h; sourceTree = "<group>"; };
		DA9E913B1D51651A00C1BF36 /* MDRTimeComponents.m */ = {isa = PBXFileReference; fileEncoding = 4; lastKnownFileType = sourcecode.c.objc; path = MDRTimeComponents.m; sourceTree = "<group>"; };
		DA9E91441D516D3A00C1BF36 /* MDRUserContext.h */ = {isa = PBXFileReference; fileEncoding = 4; lastKnownFileType = sourcecode.c.h; path = MDRUserContext.h; sourceTree = "<group>"; };
		DA9E91451D516D3A00C1BF36 /* MDRUserContext.m */ = {isa = PBXFileReference; fileEncoding = 4; lastKnownFileType = sourcecode.c.objc; path = MDRUserContext.m; sourceTree = "<group>"; };
		DA9E91471D516E3E00C1BF36 /* MDRUserManager.h */ = {isa = PBXFileReference; fileEncoding = 4; lastKnownFileType = sourcecode.c.h; path = MDRUserManager.h; sourceTree = "<group>"; };
		DA9E91481D516E3E00C1BF36 /* MDRUserManager.m */ = {isa = PBXFileReference; fileEncoding = 4; lastKnownFileType = sourcecode.c.objc; path = MDRUserManager.m; sourceTree = "<group>"; };
		DA9E914A1D516F5400C1BF36 /* MDRUserClient.h */ = {isa = PBXFileReference; fileEncoding = 4; lastKnownFileType = sourcecode.c.h; path = MDRUserClient.h; sourceTree = "<group>"; };
		DA9E914B1D516F5400C1BF36 /* MDRUserClient.m */ = {isa = PBXFileReference; fileEncoding = 4; lastKnownFileType = sourcecode.c.objc; path = MDRUserClient.m; sourceTree = "<group>"; };
		DAA1984E1D9C17CB00D79281 /* Buoy.entitlements */ = {isa = PBXFileReference; lastKnownFileType = text.plist.entitlements; path = Buoy.entitlements; sourceTree = "<group>"; };
		DAAD3EC41D70EC870050F69C /* PBJHexagonFlowLayout.h */ = {isa = PBXFileReference; fileEncoding = 4; lastKnownFileType = sourcecode.c.h; name = PBJHexagonFlowLayout.h; path = "Third Party/PBJHexagonFlowLayout/PBJHexagonFlowLayout.h"; sourceTree = SOURCE_ROOT; };
		DAAD3EC51D70EC870050F69C /* PBJHexagonFlowLayout.m */ = {isa = PBXFileReference; fileEncoding = 4; lastKnownFileType = sourcecode.c.objc; name = PBJHexagonFlowLayout.m; path = "Third Party/PBJHexagonFlowLayout/PBJHexagonFlowLayout.m"; sourceTree = SOURCE_ROOT; };
		DAB092431CDFA48300F1157B /* g5ReminderDetailButtonTableViewCell.h */ = {isa = PBXFileReference; fileEncoding = 4; lastKnownFileType = sourcecode.c.h; path = g5ReminderDetailButtonTableViewCell.h; sourceTree = "<group>"; };
		DAB092441CDFA48300F1157B /* g5ReminderDetailButtonTableViewCell.m */ = {isa = PBXFileReference; fileEncoding = 4; lastKnownFileType = sourcecode.c.objc; path = g5ReminderDetailButtonTableViewCell.m; sourceTree = "<group>"; };
		DAB092451CDFA48300F1157B /* g5ReminderDetailButtonTableViewCell.xib */ = {isa = PBXFileReference; fileEncoding = 4; lastKnownFileType = file.xib; path = g5ReminderDetailButtonTableViewCell.xib; sourceTree = "<group>"; };
		DAC14ACD1D99DED300EF798F /* emoji_faces.plist */ = {isa = PBXFileReference; fileEncoding = 4; lastKnownFileType = text.plist.xml; path = emoji_faces.plist; sourceTree = "<group>"; };
		DAC14ACE1D99DED300EF798F /* emoji_food.plist */ = {isa = PBXFileReference; fileEncoding = 4; lastKnownFileType = text.plist.xml; path = emoji_food.plist; sourceTree = "<group>"; };
		DAC14ACF1D99DED300EF798F /* emoji_nature.plist */ = {isa = PBXFileReference; fileEncoding = 4; lastKnownFileType = text.plist.xml; path = emoji_nature.plist; sourceTree = "<group>"; };
		DAC14AD01D99DED300EF798F /* emoji_objects.plist */ = {isa = PBXFileReference; fileEncoding = 4; lastKnownFileType = text.plist.xml; path = emoji_objects.plist; sourceTree = "<group>"; };
		DAC14AD11D99DED300EF798F /* emoji_sports.plist */ = {isa = PBXFileReference; fileEncoding = 4; lastKnownFileType = text.plist.xml; path = emoji_sports.plist; sourceTree = "<group>"; };
		DAC14AD21D99DED300EF798F /* emoji_transport.plist */ = {isa = PBXFileReference; fileEncoding = 4; lastKnownFileType = text.plist.xml; path = emoji_transport.plist; sourceTree = "<group>"; };
		DAC14AD41D99DED300EF798F /* Proxima Nova Soft W03 Bold.ttf */ = {isa = PBXFileReference; lastKnownFileType = file; path = "Proxima Nova Soft W03 Bold.ttf"; sourceTree = "<group>"; };
		DAC14AD51D99DED300EF798F /* Proxima Nova Soft W03 Medium.ttf */ = {isa = PBXFileReference; lastKnownFileType = file; path = "Proxima Nova Soft W03 Medium.ttf"; sourceTree = "<group>"; };
		DAC14AD61D99DED300EF798F /* Proxima Nova Soft W03 Semibold.ttf */ = {isa = PBXFileReference; lastKnownFileType = file; path = "Proxima Nova Soft W03 Semibold.ttf"; sourceTree = "<group>"; };
		DAC14AD81D99DED300EF798F /* Bells.m4r */ = {isa = PBXFileReference; lastKnownFileType = file; path = Bells.m4r; sourceTree = "<group>"; };
		DAC14AD91D99DED300EF798F /* Bounce.m4r */ = {isa = PBXFileReference; lastKnownFileType = file; path = Bounce.m4r; sourceTree = "<group>"; };
		DAC14ADA1D99DED300EF798F /* Fast Action.m4r */ = {isa = PBXFileReference; lastKnownFileType = file; path = "Fast Action.m4r"; sourceTree = "<group>"; };
		DAC14ADB1D99DED300EF798F /* Float.m4r */ = {isa = PBXFileReference; lastKnownFileType = file; path = Float.m4r; sourceTree = "<group>"; };
		DAC14ADC1D99DED300EF798F /* Greeting.m4r */ = {isa = PBXFileReference; lastKnownFileType = file; path = Greeting.m4r; sourceTree = "<group>"; };
		DAC14ADD1D99DED300EF798F /* Ping Pong.m4r */ = {isa = PBXFileReference; lastKnownFileType = file; path = "Ping Pong.m4r"; sourceTree = "<group>"; };
		DAC14ADE1D99DED300EF798F /* Raindrop.m4r */ = {isa = PBXFileReference; lastKnownFileType = file; path = Raindrop.m4r; sourceTree = "<group>"; };
		DAC14ADF1D99DED300EF798F /* Star Fall.m4r */ = {isa = PBXFileReference; lastKnownFileType = file; path = "Star Fall.m4r"; sourceTree = "<group>"; };
		DAC14AE01D99DED300EF798F /* Wonder.m4r */ = {isa = PBXFileReference; lastKnownFileType = file; path = Wonder.m4r; sourceTree = "<group>"; };
		DAC771AD1D234ADA00036B44 /* MDRLocationManager.h */ = {isa = PBXFileReference; fileEncoding = 4; lastKnownFileType = sourcecode.c.h; path = MDRLocationManager.h; sourceTree = "<group>"; };
		DAC771AE1D234ADA00036B44 /* MDRLocationManager.m */ = {isa = PBXFileReference; fileEncoding = 4; lastKnownFileType = sourcecode.c.objc; path = MDRLocationManager.m; sourceTree = "<group>"; };
		DAC771B11D234E1C00036B44 /* UIGestureRecognizer+Cancel.h */ = {isa = PBXFileReference; fileEncoding = 4; lastKnownFileType = sourcecode.c.h; path = "UIGestureRecognizer+Cancel.h"; sourceTree = "<group>"; };
		DAC771B21D234E1C00036B44 /* UIGestureRecognizer+Cancel.m */ = {isa = PBXFileReference; fileEncoding = 4; lastKnownFileType = sourcecode.c.objc; path = "UIGestureRecognizer+Cancel.m"; sourceTree = "<group>"; };
		DAC771B41D235B2500036B44 /* g5DateConditionViewController.xib */ = {isa = PBXFileReference; fileEncoding = 4; lastKnownFileType = file.xib; path = g5DateConditionViewController.xib; sourceTree = "<group>"; };
		DAC771B51D235B2500036B44 /* g5LocationConditionViewController.xib */ = {isa = PBXFileReference; fileEncoding = 4; lastKnownFileType = file.xib; path = g5LocationConditionViewController.xib; sourceTree = "<group>"; };
		DAC771B61D235B2500036B44 /* g5TemperatureConditionViewController.xib */ = {isa = PBXFileReference; fileEncoding = 4; lastKnownFileType = file.xib; path = g5TemperatureConditionViewController.xib; sourceTree = "<group>"; };
		DAC771B71D235B2500036B44 /* g5WeatherTypeConditionViewController.xib */ = {isa = PBXFileReference; fileEncoding = 4; lastKnownFileType = file.xib; path = g5WeatherTypeConditionViewController.xib; sourceTree = "<group>"; };
		DAC8571C1D668DD400276C09 /* MDREmoticonCollectionViewController.h */ = {isa = PBXFileReference; fileEncoding = 4; lastKnownFileType = sourcecode.c.h; path = MDREmoticonCollectionViewController.h; sourceTree = "<group>"; };
		DAC8571D1D668DD400276C09 /* MDREmoticonCollectionViewController.m */ = {isa = PBXFileReference; fileEncoding = 4; lastKnownFileType = sourcecode.c.objc; path = MDREmoticonCollectionViewController.m; sourceTree = "<group>"; };
		DAC8571E1D668DD400276C09 /* MDREmoticonSelection.storyboard */ = {isa = PBXFileReference; fileEncoding = 4; lastKnownFileType = file.storyboard; path = MDREmoticonSelection.storyboard; sourceTree = "<group>"; };
		DAC8571F1D668DD400276C09 /* MDREmoticonSelectionViewController.h */ = {isa = PBXFileReference; fileEncoding = 4; lastKnownFileType = sourcecode.c.h; path = MDREmoticonSelectionViewController.h; sourceTree = "<group>"; };
		DAC857201D668DD400276C09 /* MDREmoticonSelectionViewController.m */ = {isa = PBXFileReference; fileEncoding = 4; lastKnownFileType = sourcecode.c.objc; path = MDREmoticonSelectionViewController.m; sourceTree = "<group>"; };
		DAC857241D668EAC00276C09 /* MDRCreateReminderEmoticonSelectionViewController.h */ = {isa = PBXFileReference; fileEncoding = 4; lastKnownFileType = sourcecode.c.h; path = MDRCreateReminderEmoticonSelectionViewController.h; sourceTree = "<group>"; };
		DAC857251D668EAC00276C09 /* MDRCreateReminderEmoticonSelectionViewController.m */ = {isa = PBXFileReference; fileEncoding = 4; lastKnownFileType = sourcecode.c.objc; path = MDRCreateReminderEmoticonSelectionViewController.m; sourceTree = "<group>"; };
		DAC857261D668EAC00276C09 /* MDREditReminderEmoticonSelectionViewController.h */ = {isa = PBXFileReference; fileEncoding = 4; lastKnownFileType = sourcecode.c.h; path = MDREditReminderEmoticonSelectionViewController.h; sourceTree = "<group>"; };
		DAC857271D668EAC00276C09 /* MDREditReminderEmoticonSelectionViewController.m */ = {isa = PBXFileReference; fileEncoding = 4; lastKnownFileType = sourcecode.c.objc; path = MDREditReminderEmoticonSelectionViewController.m; sourceTree = "<group>"; };
		DAC8BF211CCC6D5F004CA7D6 /* g5ConditionViewController.h */ = {isa = PBXFileReference; fileEncoding = 4; lastKnownFileType = sourcecode.c.h; path = g5ConditionViewController.h; sourceTree = "<group>"; };
		DAC8BF221CCC6D5F004CA7D6 /* g5ConditionViewController.m */ = {isa = PBXFileReference; fileEncoding = 4; lastKnownFileType = sourcecode.c.objc; path = g5ConditionViewController.m; sourceTree = "<group>"; };
		DAC8BF231CCC6D5F004CA7D6 /* g5DateConditionViewController.h */ = {isa = PBXFileReference; fileEncoding = 4; lastKnownFileType = sourcecode.c.h; path = g5DateConditionViewController.h; sourceTree = "<group>"; };
		DAC8BF241CCC6D5F004CA7D6 /* g5DateConditionViewController.m */ = {isa = PBXFileReference; fileEncoding = 4; lastKnownFileType = sourcecode.c.objc; path = g5DateConditionViewController.m; sourceTree = "<group>"; };
		DAC8BF251CCC6D5F004CA7D6 /* g5LocationConditionViewController.h */ = {isa = PBXFileReference; fileEncoding = 4; lastKnownFileType = sourcecode.c.h; path = g5LocationConditionViewController.h; sourceTree = "<group>"; };
		DAC8BF261CCC6D5F004CA7D6 /* g5LocationConditionViewController.m */ = {isa = PBXFileReference; fileEncoding = 4; lastKnownFileType = sourcecode.c.objc; path = g5LocationConditionViewController.m; sourceTree = "<group>"; };
		DAC8BF271CCC6D5F004CA7D6 /* g5TemperatureConditionViewController.h */ = {isa = PBXFileReference; fileEncoding = 4; lastKnownFileType = sourcecode.c.h; path = g5TemperatureConditionViewController.h; sourceTree = "<group>"; };
		DAC8BF281CCC6D5F004CA7D6 /* g5TemperatureConditionViewController.m */ = {isa = PBXFileReference; fileEncoding = 4; lastKnownFileType = sourcecode.c.objc; path = g5TemperatureConditionViewController.m; sourceTree = "<group>"; };
		DAC8BF291CCC6D5F004CA7D6 /* MDRTimeConditionViewController.h */ = {isa = PBXFileReference; fileEncoding = 4; lastKnownFileType = sourcecode.c.h; path = MDRTimeConditionViewController.h; sourceTree = "<group>"; };
		DAC8BF2A1CCC6D5F004CA7D6 /* MDRTimeConditionViewController.m */ = {isa = PBXFileReference; fileEncoding = 4; lastKnownFileType = sourcecode.c.objc; path = MDRTimeConditionViewController.m; sourceTree = "<group>"; };
		DAC8BF2B1CCC6D5F004CA7D6 /* g5WeatherTypeConditionViewController.h */ = {isa = PBXFileReference; fileEncoding = 4; lastKnownFileType = sourcecode.c.h; path = g5WeatherTypeConditionViewController.h; sourceTree = "<group>"; };
		DAC8BF2C1CCC6D5F004CA7D6 /* g5WeatherTypeConditionViewController.m */ = {isa = PBXFileReference; fileEncoding = 4; lastKnownFileType = sourcecode.c.objc; path = g5WeatherTypeConditionViewController.m; sourceTree = "<group>"; };
		DAE9CAC61CA4A41700849427 /* MDRDateCondition.h */ = {isa = PBXFileReference; fileEncoding = 4; lastKnownFileType = sourcecode.c.h; path = MDRDateCondition.h; sourceTree = "<group>"; };
		DAE9CAC71CA4A41700849427 /* MDRDateCondition.m */ = {isa = PBXFileReference; fileEncoding = 4; lastKnownFileType = sourcecode.c.objc; path = MDRDateCondition.m; sourceTree = "<group>"; };
		DAE9CAC91CA4A42700849427 /* MDRTimeCondition.h */ = {isa = PBXFileReference; fileEncoding = 4; lastKnownFileType = sourcecode.c.h; path = MDRTimeCondition.h; sourceTree = "<group>"; };
		DAE9CACA1CA4A42700849427 /* MDRTimeCondition.m */ = {isa = PBXFileReference; fileEncoding = 4; lastKnownFileType = sourcecode.c.objc; path = MDRTimeCondition.m; sourceTree = "<group>"; };
		DAF412541CF0CC950092DEF8 /* HROBounceNavigationController.h */ = {isa = PBXFileReference; fileEncoding = 4; lastKnownFileType = sourcecode.c.h; path = HROBounceNavigationController.h; sourceTree = "<group>"; };
		DAF412551CF0CC950092DEF8 /* HROBounceNavigationController.m */ = {isa = PBXFileReference; fileEncoding = 4; lastKnownFileType = sourcecode.c.objc; path = HROBounceNavigationController.m; sourceTree = "<group>"; };
		DAF412561CF0CC950092DEF8 /* HROBounceNavigationController.xib */ = {isa = PBXFileReference; fileEncoding = 4; lastKnownFileType = file.xib; path = HROBounceNavigationController.xib; sourceTree = "<group>"; };
		DAF4125A1CF0D7730092DEF8 /* g5ConditionTableViewCell.xib */ = {isa = PBXFileReference; fileEncoding = 4; lastKnownFileType = file.xib; path = g5ConditionTableViewCell.xib; sourceTree = "<group>"; };
		DAF4125C1CF0D7730092DEF8 /* g5WeatherTypeConditionTableViewCell.xib */ = {isa = PBXFileReference; fileEncoding = 4; lastKnownFileType = file.xib; path = g5WeatherTypeConditionTableViewCell.xib; sourceTree = "<group>"; };
		DAF5C1AB1D289011000D3DEC /* MDRReminderClient.h */ = {isa = PBXFileReference; fileEncoding = 4; lastKnownFileType = sourcecode.c.h; path = MDRReminderClient.h; sourceTree = "<group>"; };
		DAF5C1AC1D289011000D3DEC /* MDRReminderClient.m */ = {isa = PBXFileReference; fileEncoding = 4; lastKnownFileType = sourcecode.c.objc; path = MDRReminderClient.m; sourceTree = "<group>"; };
		DAF5C1B41D29E195000D3DEC /* HROCalendarHeaderView.h */ = {isa = PBXFileReference; fileEncoding = 4; lastKnownFileType = sourcecode.c.h; path = HROCalendarHeaderView.h; sourceTree = "<group>"; };
		DAF5C1B51D29E195000D3DEC /* HROCalendarHeaderView.m */ = {isa = PBXFileReference; fileEncoding = 4; lastKnownFileType = sourcecode.c.objc; path = HROCalendarHeaderView.m; sourceTree = "<group>"; };
		DAF5C1B61D29E195000D3DEC /* HROCalendarProtocols.h */ = {isa = PBXFileReference; fileEncoding = 4; lastKnownFileType = sourcecode.c.h; path = HROCalendarProtocols.h; sourceTree = "<group>"; };
		DAF5C1B71D29E195000D3DEC /* HROCalendarRowTableViewCell.h */ = {isa = PBXFileReference; fileEncoding = 4; lastKnownFileType = sourcecode.c.h; path = HROCalendarRowTableViewCell.h; sourceTree = "<group>"; };
		DAF5C1B81D29E195000D3DEC /* HROCalendarRowTableViewCell.m */ = {isa = PBXFileReference; fileEncoding = 4; lastKnownFileType = sourcecode.c.objc; path = HROCalendarRowTableViewCell.m; sourceTree = "<group>"; };
		DAF5C1B91D29E195000D3DEC /* HROCalendarTableViewController.h */ = {isa = PBXFileReference; fileEncoding = 4; lastKnownFileType = sourcecode.c.h; path = HROCalendarTableViewController.h; sourceTree = "<group>"; };
		DAF5C1BA1D29E195000D3DEC /* HROCalendarTableViewController.m */ = {isa = PBXFileReference; fileEncoding = 4; lastKnownFileType = sourcecode.c.objc; path = HROCalendarTableViewController.m; sourceTree = "<group>"; };
		DAF5C1BC1D29E195000D3DEC /* HROCalendarHeaderView.xib */ = {isa = PBXFileReference; fileEncoding = 4; lastKnownFileType = file.xib; path = HROCalendarHeaderView.xib; sourceTree = "<group>"; };
		DAF5C1BD1D29E195000D3DEC /* HROCalendarRowTableViewCell.xib */ = {isa = PBXFileReference; fileEncoding = 4; lastKnownFileType = file.xib; path = HROCalendarRowTableViewCell.xib; sourceTree = "<group>"; };
		DAF727AE1D1EE4E700A3193E /* MDRMessageAndCopy.h */ = {isa = PBXFileReference; fileEncoding = 4; lastKnownFileType = sourcecode.c.h; path = MDRMessageAndCopy.h; sourceTree = "<group>"; };
		DAFD65181CD52DAC00E92729 /* MDRReminderDetailTableViewCell.h */ = {isa = PBXFileReference; fileEncoding = 4; lastKnownFileType = sourcecode.c.h; path = MDRReminderDetailTableViewCell.h; sourceTree = "<group>"; };
		DAFD65191CD52DAC00E92729 /* MDRReminderDetailTableViewCell.m */ = {isa = PBXFileReference; fileEncoding = 4; lastKnownFileType = sourcecode.c.objc; path = MDRReminderDetailTableViewCell.m; sourceTree = "<group>"; };
		EAB07C5425ECD310833D6ACE /* Pods-g5Mindr.debug.xcconfig */ = {isa = PBXFileReference; includeInIndex = 1; lastKnownFileType = text.xcconfig; name = "Pods-g5Mindr.debug.xcconfig"; path = "Pods/Target Support Files/Pods-g5Mindr/Pods-g5Mindr.debug.xcconfig"; sourceTree = "<group>"; };
/* End PBXFileReference section */

/* Begin PBXFrameworksBuildPhase section */
		DA30CEE31C9DD38900FD4438 /* Frameworks */ = {
			isa = PBXFrameworksBuildPhase;
			buildActionMask = 2147483647;
			files = (
				DA36707E1D70E77E0038A5F4 /* AVFoundation.framework in Frameworks */,
				DA1EC0D91CD4625F00605573 /* QuartzCore.framework in Frameworks */,
				DA0C4B481CC4640C0030F927 /* libz.tbd in Frameworks */,
				DA0C4B461CC463FF0030F927 /* libsqlite3.tbd in Frameworks */,
				DA0C4B441CC463ED0030F927 /* SystemConfiguration.framework in Frameworks */,
				DA0C4B421CC463E30030F927 /* Security.framework in Frameworks */,
				DA0C4B401CC463DD0030F927 /* CFNetwork.framework in Frameworks */,
				DA0C4B3E1CC4639C0030F927 /* CouchbaseLite.framework in Frameworks */,
				C5771196748F0F20DD9787E0 /* libPods-g5Mindr.a in Frameworks */,
			);
			runOnlyForDeploymentPostprocessing = 0;
		};
/* End PBXFrameworksBuildPhase section */

/* Begin PBXGroup section */
		DA1EC0D31CD4623900605573 /* Third Party */ = {
			isa = PBXGroup;
			children = (
				DA36707F1D70EBBC0038A5F4 /* PBJHexagonFlowLayout */,
				DA1EC0D41CD4623900605573 /* IBCellFlipSegue */,
			);
			path = "Third Party";
			sourceTree = SOURCE_ROOT;
		};
		DA1EC0D41CD4623900605573 /* IBCellFlipSegue */ = {
			isa = PBXGroup;
			children = (
				DA1EC0D51CD4623900605573 /* IBCellFlipSegue.h */,
				DA1EC0D61CD4623900605573 /* IBCellFlipSegue.m */,
			);
			path = IBCellFlipSegue;
			sourceTree = "<group>";
		};
		DA216BC21D445FF900FC38E5 /* buoy_toggle_images */ = {
			isa = PBXGroup;
			children = (
				DA216BC31D445FF900FC38E5 /* toggleBGOff.png */,
				DA216BC41D445FF900FC38E5 /* toggleBGOff@2x.png */,
				DA216BC51D445FF900FC38E5 /* toggleBGOff@3x.png */,
				DA216BC61D445FF900FC38E5 /* toggleBGOn.png */,
				DA216BC71D445FF900FC38E5 /* toggleBGOn@2x.png */,
				DA216BC81D445FF900FC38E5 /* toggleBGOn@3x.png */,
				DA216BC91D445FF900FC38E5 /* toggleSwitchOff.png */,
				DA216BCA1D445FF900FC38E5 /* toggleSwitchOff@2x.png */,
				DA216BCB1D445FF900FC38E5 /* toggleSwitchOff@3x.png */,
				DA216BCC1D445FF900FC38E5 /* toggleSwitchOn.png */,
				DA216BCD1D445FF900FC38E5 /* toggleSwitchOn@2x.png */,
				DA216BCE1D445FF900FC38E5 /* toggleSwitchOn@3x.png */,
			);
			path = buoy_toggle_images;
			sourceTree = "<group>";
		};
		DA24202F1D99C0CD00A7DC09 /* HTML */ = {
			isa = PBXGroup;
			children = (
				DA2420341D99C0ED00A7DC09 /* buoy_logo_anim.html */,
				DA2420301D99C0CD00A7DC09 /* Buoy_Logo_Animation.js */,
			);
			path = HTML;
			sourceTree = "<group>";
		};
		DA30CEDD1C9DD38900FD4438 = {
			isa = PBXGroup;
			children = (
				DAF5C1B31D29E195000D3DEC /* HROCalendar */,
				DA9A74541D4D286B00CC5A25 /* HROPageControl */,
				DA543D9A1D0CA1D20079BBB0 /* HROPickerTableView */,
				DAF412531CF0CC950092DEF8 /* HROBounceNavigator */,
				DA30CEE81C9DD38900FD4438 /* g5Mindr */,
				DA30CEE71C9DD38900FD4438 /* Products */,
				DE203C273EE8525155F6095F /* Frameworks */,
				DBE9087DBEC3D6D9E5038C0D /* Pods */,
			);
			sourceTree = "<group>";
		};
		DA30CEE71C9DD38900FD4438 /* Products */ = {
			isa = PBXGroup;
			children = (
				DA30CEE61C9DD38900FD4438 /* Buoy.app */,
			);
			name = Products;
			sourceTree = "<group>";
		};
		DA30CEE81C9DD38900FD4438 /* g5Mindr */ = {
			isa = PBXGroup;
			children = (
				DAC771B01D234E1C00036B44 /* Categories */,
				DA508DF41CCF0B4100C96AED /* CoreAnimator */,
				DA8F6CAB1CA0B1E100DEF16B /* Client */,
				DA30CF091C9DD4CC00FD4438 /* Managers */,
				DA30CF001C9DD3AA00FD4438 /* Models */,
				DA30CF5E1C9E3A9B00FD4438 /* Cells */,
				DA30CF011C9DD3AA00FD4438 /* ViewControllers */,
				DAF727AE1D1EE4E700A3193E /* MDRMessageAndCopy.h */,
				DA297EDB1CA21787001D6148 /* g5ConfigAndMacros.h */,
				DA30CEEC1C9DD38900FD4438 /* AppDelegate.h */,
				DA30CEED1C9DD38900FD4438 /* AppDelegate.m */,
				DA30CEF51C9DD38900FD4438 /* Assets.xcassets */,
				DA30CEF71C9DD38900FD4438 /* LaunchScreen.storyboard */,
				DA30CEFA1C9DD38900FD4438 /* Info.plist */,
				DAA1984E1D9C17CB00D79281 /* Buoy.entitlements */,
				DA1EC0D31CD4623900605573 /* Third Party */,
				DA30CEE91C9DD38900FD4438 /* Supporting Files */,
				DAD71D651CCAB43000F42BB8 /* Resources */,
			);
			path = g5Mindr;
			sourceTree = "<group>";
		};
		DA30CEE91C9DD38900FD4438 /* Supporting Files */ = {
			isa = PBXGroup;
			children = (
				DA0C4B3D1CC4639C0030F927 /* CouchbaseLite.framework */,
				DA0C4B3B1CC447550030F927 /* Settings.bundle */,
				DA30CEEA1C9DD38900FD4438 /* main.m */,
			);
			name = "Supporting Files";
			sourceTree = "<group>";
		};
		DA30CF001C9DD3AA00FD4438 /* Models */ = {
			isa = PBXGroup;
			children = (
				DA9E91421D516B1100C1BF36 /* User */,
				DA9E91371D51651A00C1BF36 /* Picker Components */,
				DA30CF301C9E05B100FD4438 /* Conditions */,
				DA30CF331C9E05B100FD4438 /* Reminders */,
			);
			path = Models;
			sourceTree = "<group>";
		};
		DA30CF011C9DD3AA00FD4438 /* ViewControllers */ = {
			isa = PBXGroup;
			children = (
				DAC8571B1D668DD400276C09 /* EmoticonVC */,
				DA4C5FDF1D6530A1003CC595 /* ConditionListVC */,
				DAC8BF201CCC6D5F004CA7D6 /* ConditionViewController */,
				DA366E171D9C308F00CB4307 /* mindrBounceNavVC */,
				DA366E361D9C309D00CB4307 /* ReminderVC */,
				DA366E1A1D9C308F00CB4307 /* ReminderListVC */,
				DA366E1B1D9C308F00CB4307 /* ReminderSoundVC */,
				DA4C5FE71D6530A1003CC595 /* ReminderTitleVC */,
			);
			path = ViewControllers;
			sourceTree = "<group>";
		};
		DA30CF091C9DD4CC00FD4438 /* Managers */ = {
			isa = PBXGroup;
			children = (
				DAC771AD1D234ADA00036B44 /* MDRLocationManager.h */,
				DAC771AE1D234ADA00036B44 /* MDRLocationManager.m */,
				DA0C4B491CC464A00030F927 /* g5PersistenceManager.h */,
				DA0C4B4A1CC464A00030F927 /* g5PersistenceManager.m */,
				DA30CF291C9DF96A00FD4438 /* g5ReminderManager.h */,
				DA30CF2A1C9DF96A00FD4438 /* g5ReminderManager.m */,
				DA9E91471D516E3E00C1BF36 /* MDRUserManager.h */,
				DA9E91481D516E3E00C1BF36 /* MDRUserManager.m */,
			);
			path = Managers;
			sourceTree = "<group>";
		};
		DA30CF301C9E05B100FD4438 /* Conditions */ = {
			isa = PBXGroup;
			children = (
				DA30CF311C9E05B100FD4438 /* MDRCondition.h */,
				DA30CF321C9E05B100FD4438 /* MDRCondition.m */,
				DA30CF3E1C9E239200FD4438 /* MDRLocationCondition.h */,
				DA30CF3F1C9E239200FD4438 /* MDRLocationCondition.m */,
				DA30CF411C9E23AD00FD4438 /* MDRWeatherTypeCondition.h */,
				DA30CF421C9E23AD00FD4438 /* MDRWeatherTypeCondition.m */,
				DA30CF441C9E23BE00FD4438 /* MDRTemperatureCondition.h */,
				DA30CF451C9E23BE00FD4438 /* MDRTemperatureCondition.m */,
				DAE9CAC61CA4A41700849427 /* MDRDateCondition.h */,
				DAE9CAC71CA4A41700849427 /* MDRDateCondition.m */,
				DAE9CAC91CA4A42700849427 /* MDRTimeCondition.h */,
				DAE9CACA1CA4A42700849427 /* MDRTimeCondition.m */,
				DA2EA6DD1CFB569F004338CA /* MDRDayOfTheWeekCondition.h */,
				DA2EA6DE1CFB569F004338CA /* MDRDayOfTheWeekCondition.m */,
			);
			path = Conditions;
			sourceTree = "<group>";
		};
		DA30CF331C9E05B100FD4438 /* Reminders */ = {
			isa = PBXGroup;
			children = (
				DA30CF341C9E05B100FD4438 /* MDRReminder.h */,
				DA30CF351C9E05B100FD4438 /* MDRReminder.m */,
			);
			path = Reminders;
			sourceTree = "<group>";
		};
		DA30CF5E1C9E3A9B00FD4438 /* Cells */ = {
			isa = PBXGroup;
			children = (
				DA2EA6E01CFB6AE4004338CA /* g5DayOfTheWeekConditionTableViewCell.h */,
				DA2EA6E11CFB6AE4004338CA /* g5DayOfTheWeekConditionTableViewCell.m */,
				DA2EA6E21CFB6AE4004338CA /* g5DayOfTheWeekConditionTableViewCell.xib */,
				DA0C4B381CC4374F0030F927 /* g5WeatherTypeConditionTableViewCell.h */,
				DA0C4B391CC4374F0030F927 /* g5WeatherTypeConditionTableViewCell.m */,
				DAF4125C1CF0D7730092DEF8 /* g5WeatherTypeConditionTableViewCell.xib */,
				DA297EE71CA23ED0001D6148 /* g5EmoticonCell.h */,
				DA297EE81CA23ED0001D6148 /* g5EmoticonCell.m */,
				DA30CF5F1C9E3ABB00FD4438 /* g5ConditionTableViewCell.h */,
				DA30CF601C9E3ABB00FD4438 /* g5ConditionTableViewCell.m */,
				DAF4125A1CF0D7730092DEF8 /* g5ConditionTableViewCell.xib */,
				DA30CF681C9E448000FD4438 /* g5ReminderTableViewCell.h */,
				DA30CF691C9E448000FD4438 /* g5ReminderTableViewCell.m */,
				DAFD65181CD52DAC00E92729 /* MDRReminderDetailTableViewCell.h */,
				DAFD65191CD52DAC00E92729 /* MDRReminderDetailTableViewCell.m */,
				DAB092431CDFA48300F1157B /* g5ReminderDetailButtonTableViewCell.h */,
				DAB092441CDFA48300F1157B /* g5ReminderDetailButtonTableViewCell.m */,
				DAB092451CDFA48300F1157B /* g5ReminderDetailButtonTableViewCell.xib */,
				DA5673DA1D42E935008AF230 /* MDRTimeTableViewCell.h */,
				DA5673DB1D42E935008AF230 /* MDRTimeTableViewCell.m */,
			);
			path = Cells;
			sourceTree = "<group>";
		};
		DA366E171D9C308F00CB4307 /* mindrBounceNavVC */ = {
			isa = PBXGroup;
			children = (
				DA366E181D9C308F00CB4307 /* mindrBounceNavigationViewController.h */,
				DA366E191D9C308F00CB4307 /* mindrBounceNavigationViewController.m */,
			);
			path = mindrBounceNavVC;
			sourceTree = "<group>";
		};
		DA366E1A1D9C308F00CB4307 /* ReminderListVC */ = {
			isa = PBXGroup;
			children = (
				DA366E3C1D9C314E00CB4307 /* MDREmptyViewController.h */,
				DA366E3D1D9C314E00CB4307 /* MDREmptyViewController.m */,
				DA366E3E1D9C314E00CB4307 /* MDRReminderList.storyboard */,
				DA366E3F1D9C314E00CB4307 /* MDRReminderListViewController.h */,
				DA366E401D9C314E00CB4307 /* MDRReminderListViewController.m */,
			);
			path = ReminderListVC;
			sourceTree = "<group>";
		};
		DA366E1B1D9C308F00CB4307 /* ReminderSoundVC */ = {
			isa = PBXGroup;
			children = (
				DA366E1C1D9C308F00CB4307 /* MDRReminderSoundViewController.h */,
				DA366E1D1D9C308F00CB4307 /* MDRReminderSoundViewController.m */,
				DA366E1E1D9C308F00CB4307 /* MDRReminderSoundViewController.xib */,
			);
			path = ReminderSoundVC;
			sourceTree = "<group>";
		};
		DA366E361D9C309D00CB4307 /* ReminderVC */ = {
			isa = PBXGroup;
			children = (
				DA366E371D9C309D00CB4307 /* MDRReminderViewController.h */,
				DA366E381D9C309D00CB4307 /* MDRReminderViewController.m */,
				DA366E391D9C309D00CB4307 /* MDRReminderViewController.storyboard */,
			);
			path = ReminderVC;
			sourceTree = "<group>";
		};
		DA36707F1D70EBBC0038A5F4 /* PBJHexagonFlowLayout */ = {
			isa = PBXGroup;
			children = (
				DAAD3EC41D70EC870050F69C /* PBJHexagonFlowLayout.h */,
				DAAD3EC51D70EC870050F69C /* PBJHexagonFlowLayout.m */,
			);
			path = PBJHexagonFlowLayout;
			sourceTree = SOURCE_ROOT;
		};
		DA4C5FDF1D6530A1003CC595 /* ConditionListVC */ = {
			isa = PBXGroup;
			children = (
				DA4C5FE01D6530A1003CC595 /* g5ConditionListViewController.h */,
				DA4C5FE11D6530A1003CC595 /* g5ConditionListViewController.m */,
				DA4C5FE21D6530A1003CC595 /* g5ConditionListViewController.xib */,
				DA4C5FE31D6530A1003CC595 /* g5CreateReminderConditionListViewController.h */,
				DA4C5FE41D6530A1003CC595 /* g5CreateReminderConditionListViewController.m */,
				DA4C5FE51D6530A1003CC595 /* g5EditReminderConditionListViewController.h */,
				DA4C5FE61D6530A1003CC595 /* g5EditReminderConditionListViewController.m */,
			);
			path = ConditionListVC;
			sourceTree = "<group>";
		};
		DA4C5FE71D6530A1003CC595 /* ReminderTitleVC */ = {
			isa = PBXGroup;
			children = (
				DA4C5FF41D6530CC003CC595 /* MDREditReminderTitleViewController.h */,
				DA4C5FF51D6530CC003CC595 /* MDREditReminderTitleViewController.m */,
				DA4C5FE81D6530A1003CC595 /* MDRCreateReminderTitleViewController.h */,
				DA4C5FE91D6530A1003CC595 /* MDRCreateReminderTitleViewController.m */,
				DA4C5FEA1D6530A1003CC595 /* MDRReminderTitleViewController.h */,
				DA4C5FEB1D6530A1003CC595 /* MDRReminderTitleViewController.m */,
				DA4C5FEC1D6530A1003CC595 /* MDRReminderTitleViewController.xib */,
			);
			path = ReminderTitleVC;
			sourceTree = "<group>";
		};
		DA508DF41CCF0B4100C96AED /* CoreAnimator */ = {
			isa = PBXGroup;
			children = (
				DA216BC21D445FF900FC38E5 /* buoy_toggle_images */,
				DA216BCF1D445FF900FC38E5 /* BuoyToggleView.h */,
				DA216BD01D445FF900FC38E5 /* BuoyToggleView.m */,
			);
			path = CoreAnimator;
			sourceTree = "<group>";
		};
		DA543D9A1D0CA1D20079BBB0 /* HROPickerTableView */ = {
			isa = PBXGroup;
			children = (
				DA543D9B1D0CA1D20079BBB0 /* HROPickerTableView.h */,
				DA543D9C1D0CA1D20079BBB0 /* HROPickerTableView.m */,
			);
			path = HROPickerTableView;
			sourceTree = "<group>";
		};
		DA8F6CAB1CA0B1E100DEF16B /* Client */ = {
			isa = PBXGroup;
			children = (
				DAF5C1AB1D289011000D3DEC /* MDRReminderClient.h */,
				DAF5C1AC1D289011000D3DEC /* MDRReminderClient.m */,
				DA9E914A1D516F5400C1BF36 /* MDRUserClient.h */,
				DA9E914B1D516F5400C1BF36 /* MDRUserClient.m */,
			);
			path = Client;
			sourceTree = "<group>";
		};
		DA9A74541D4D286B00CC5A25 /* HROPageControl */ = {
			isa = PBXGroup;
			children = (
				DA9A74551D4D28BF00CC5A25 /* HROPageControl.h */,
				DA9A74561D4D28BF00CC5A25 /* HROPageControl.m */,
			);
			path = HROPageControl;
			sourceTree = "<group>";
		};
		DA9E91371D51651A00C1BF36 /* Picker Components */ = {
			isa = PBXGroup;
			children = (
				DA9E91381D51651A00C1BF36 /* MDRTemperatureComponents.h */,
				DA9E91391D51651A00C1BF36 /* MDRTemperatureComponents.m */,
				DA9E913A1D51651A00C1BF36 /* MDRTimeComponents.h */,
				DA9E913B1D51651A00C1BF36 /* MDRTimeComponents.m */,
			);
			path = "Picker Components";
			sourceTree = "<group>";
		};
		DA9E91421D516B1100C1BF36 /* User */ = {
			isa = PBXGroup;
			children = (
				DA9E91441D516D3A00C1BF36 /* MDRUserContext.h */,
				DA9E91451D516D3A00C1BF36 /* MDRUserContext.m */,
			);
			path = User;
			sourceTree = "<group>";
		};
		DAC14ACC1D99DED300EF798F /* Emojis */ = {
			isa = PBXGroup;
			children = (
				DAC14ACD1D99DED300EF798F /* emoji_faces.plist */,
				DAC14ACE1D99DED300EF798F /* emoji_food.plist */,
				DAC14ACF1D99DED300EF798F /* emoji_nature.plist */,
				DAC14AD01D99DED300EF798F /* emoji_objects.plist */,
				DAC14AD11D99DED300EF798F /* emoji_sports.plist */,
				DAC14AD21D99DED300EF798F /* emoji_transport.plist */,
			);
			path = Emojis;
			sourceTree = "<group>";
		};
		DAC14AD31D99DED300EF798F /* Fonts */ = {
			isa = PBXGroup;
			children = (
				DAC14AD41D99DED300EF798F /* Proxima Nova Soft W03 Bold.ttf */,
				DAC14AD51D99DED300EF798F /* Proxima Nova Soft W03 Medium.ttf */,
				DAC14AD61D99DED300EF798F /* Proxima Nova Soft W03 Semibold.ttf */,
			);
			path = Fonts;
			sourceTree = "<group>";
		};
		DAC14AD71D99DED300EF798F /* Sounds */ = {
			isa = PBXGroup;
			children = (
				DAC14AD81D99DED300EF798F /* Bells.m4r */,
				DAC14AD91D99DED300EF798F /* Bounce.m4r */,
				DAC14ADA1D99DED300EF798F /* Fast Action.m4r */,
				DAC14ADB1D99DED300EF798F /* Float.m4r */,
				DAC14ADC1D99DED300EF798F /* Greeting.m4r */,
				DAC14ADD1D99DED300EF798F /* Ping Pong.m4r */,
				DAC14ADE1D99DED300EF798F /* Raindrop.m4r */,
				DAC14ADF1D99DED300EF798F /* Star Fall.m4r */,
				DAC14AE01D99DED300EF798F /* Wonder.m4r */,
			);
			path = Sounds;
			sourceTree = "<group>";
		};
		DAC771B01D234E1C00036B44 /* Categories */ = {
			isa = PBXGroup;
			children = (
				DAC771B11D234E1C00036B44 /* UIGestureRecognizer+Cancel.h */,
				DAC771B21D234E1C00036B44 /* UIGestureRecognizer+Cancel.m */,
			);
			path = Categories;
			sourceTree = "<group>";
		};
		DAC8571B1D668DD400276C09 /* EmoticonVC */ = {
			isa = PBXGroup;
			children = (
				DAC857241D668EAC00276C09 /* MDRCreateReminderEmoticonSelectionViewController.h */,
				DAC857251D668EAC00276C09 /* MDRCreateReminderEmoticonSelectionViewController.m */,
				DAC857261D668EAC00276C09 /* MDREditReminderEmoticonSelectionViewController.h */,
				DAC857271D668EAC00276C09 /* MDREditReminderEmoticonSelectionViewController.m */,
				DAC8571F1D668DD400276C09 /* MDREmoticonSelectionViewController.h */,
				DAC857201D668DD400276C09 /* MDREmoticonSelectionViewController.m */,
				DAC8571C1D668DD400276C09 /* MDREmoticonCollectionViewController.h */,
				DAC8571D1D668DD400276C09 /* MDREmoticonCollectionViewController.m */,
				DAC8571E1D668DD400276C09 /* MDREmoticonSelection.storyboard */,
			);
			path = EmoticonVC;
			sourceTree = "<group>";
		};
		DAC8BF201CCC6D5F004CA7D6 /* ConditionViewController */ = {
			isa = PBXGroup;
			children = (
				DAC8BF211CCC6D5F004CA7D6 /* g5ConditionViewController.h */,
				DAC8BF221CCC6D5F004CA7D6 /* g5ConditionViewController.m */,
				DAC8BF231CCC6D5F004CA7D6 /* g5DateConditionViewController.h */,
				DAC8BF241CCC6D5F004CA7D6 /* g5DateConditionViewController.m */,
				DAC771B41D235B2500036B44 /* g5DateConditionViewController.xib */,
				DAC8BF251CCC6D5F004CA7D6 /* g5LocationConditionViewController.h */,
				DAC8BF261CCC6D5F004CA7D6 /* g5LocationConditionViewController.m */,
				DAC771B51D235B2500036B44 /* g5LocationConditionViewController.xib */,
				DAC8BF271CCC6D5F004CA7D6 /* g5TemperatureConditionViewController.h */,
				DAC8BF281CCC6D5F004CA7D6 /* g5TemperatureConditionViewController.m */,
				DAC771B61D235B2500036B44 /* g5TemperatureConditionViewController.xib */,
				DAC8BF2B1CCC6D5F004CA7D6 /* g5WeatherTypeConditionViewController.h */,
				DAC8BF2C1CCC6D5F004CA7D6 /* g5WeatherTypeConditionViewController.m */,
				DAC771B71D235B2500036B44 /* g5WeatherTypeConditionViewController.xib */,
				DA2EA6D81CFB5424004338CA /* g5DayOfTheWeekViewController.h */,
				DA2EA6D91CFB5424004338CA /* g5DayOfTheWeekViewController.m */,
				DA2EA6DA1CFB5424004338CA /* g5DayOfTheWeekViewController.xib */,
				DAC8BF291CCC6D5F004CA7D6 /* MDRTimeConditionViewController.h */,
				DAC8BF2A1CCC6D5F004CA7D6 /* MDRTimeConditionViewController.m */,
				DA5673DD1D42EC70008AF230 /* MDRTimeTableViewController.h */,
				DA5673DE1D42EC70008AF230 /* MDRTimeTableViewController.m */,
				DA5673D71D427CE1008AF230 /* MDRTimeCondition.storyboard */,
			);
			path = ConditionViewController;
			sourceTree = "<group>";
		};
		DAD71D651CCAB43000F42BB8 /* Resources */ = {
			isa = PBXGroup;
			children = (
				DAC14ACC1D99DED300EF798F /* Emojis */,
				DAC14AD31D99DED300EF798F /* Fonts */,
				DAC14AD71D99DED300EF798F /* Sounds */,
				DA24202F1D99C0CD00A7DC09 /* HTML */,
				DA91A6BA1D47A2D6003C0C52 /* GoogleService-Info.plist */,
			);
			path = Resources;
			sourceTree = "<group>";
		};
		DAF412531CF0CC950092DEF8 /* HROBounceNavigator */ = {
			isa = PBXGroup;
			children = (
				DAF412541CF0CC950092DEF8 /* HROBounceNavigationController.h */,
				DAF412561CF0CC950092DEF8 /* HROBounceNavigationController.xib */,
				DAF412551CF0CC950092DEF8 /* HROBounceNavigationController.m */,
			);
			path = HROBounceNavigator;
			sourceTree = "<group>";
		};
		DAF5C1B31D29E195000D3DEC /* HROCalendar */ = {
			isa = PBXGroup;
			children = (
				DAF5C1B41D29E195000D3DEC /* HROCalendarHeaderView.h */,
				DAF5C1B51D29E195000D3DEC /* HROCalendarHeaderView.m */,
				DAF5C1B61D29E195000D3DEC /* HROCalendarProtocols.h */,
				DAF5C1B71D29E195000D3DEC /* HROCalendarRowTableViewCell.h */,
				DAF5C1B81D29E195000D3DEC /* HROCalendarRowTableViewCell.m */,
				DAF5C1B91D29E195000D3DEC /* HROCalendarTableViewController.h */,
				DAF5C1BA1D29E195000D3DEC /* HROCalendarTableViewController.m */,
				DAF5C1BB1D29E195000D3DEC /* XIBs */,
			);
			path = HROCalendar;
			sourceTree = "<group>";
		};
		DAF5C1BB1D29E195000D3DEC /* XIBs */ = {
			isa = PBXGroup;
			children = (
				DAF5C1BC1D29E195000D3DEC /* HROCalendarHeaderView.xib */,
				DAF5C1BD1D29E195000D3DEC /* HROCalendarRowTableViewCell.xib */,
			);
			path = XIBs;
			sourceTree = "<group>";
		};
		DBE9087DBEC3D6D9E5038C0D /* Pods */ = {
			isa = PBXGroup;
			children = (
				EAB07C5425ECD310833D6ACE /* Pods-g5Mindr.debug.xcconfig */,
				795CE638909D1A21AB1B802A /* Pods-g5Mindr.release.xcconfig */,
			);
			name = Pods;
			sourceTree = "<group>";
		};
		DE203C273EE8525155F6095F /* Frameworks */ = {
			isa = PBXGroup;
			children = (
				DA36707D1D70E77E0038A5F4 /* AVFoundation.framework */,
				DA1EC0D81CD4625F00605573 /* QuartzCore.framework */,
				DA0C4B471CC4640C0030F927 /* libz.tbd */,
				DA0C4B451CC463FF0030F927 /* libsqlite3.tbd */,
				DA0C4B431CC463ED0030F927 /* SystemConfiguration.framework */,
				DA0C4B411CC463E30030F927 /* Security.framework */,
				DA0C4B3F1CC463DD0030F927 /* CFNetwork.framework */,
				A8C4A5EBCD1A1AB5268D5C80 /* libPods-g5Mindr.a */,
			);
			name = Frameworks;
			sourceTree = "<group>";
		};
/* End PBXGroup section */

/* Begin PBXNativeTarget section */
		DA30CEE51C9DD38900FD4438 /* g5Mindr */ = {
			isa = PBXNativeTarget;
			buildConfigurationList = DA30CEFD1C9DD38900FD4438 /* Build configuration list for PBXNativeTarget "g5Mindr" */;
			buildPhases = (
				F5B4472D606605E1DD1E5126 /* [CP] Check Pods Manifest.lock */,
				DA30CEE21C9DD38900FD4438 /* Sources */,
				DA30CEE31C9DD38900FD4438 /* Frameworks */,
				DA30CEE41C9DD38900FD4438 /* Resources */,
				7A94D99D61BF79DD331F1064 /* [CP] Embed Pods Frameworks */,
				25555623A2E5834D2B9A0B38 /* [CP] Copy Pods Resources */,
			);
			buildRules = (
			);
			dependencies = (
			);
			name = g5Mindr;
			productName = g5Mindr;
			productReference = DA30CEE61C9DD38900FD4438 /* Buoy.app */;
			productType = "com.apple.product-type.application";
		};
/* End PBXNativeTarget section */

/* Begin PBXProject section */
		DA30CEDE1C9DD38900FD4438 /* Project object */ = {
			isa = PBXProject;
			attributes = {
				LastUpgradeCheck = 0800;
				ORGANIZATIONNAME = "Charles Cliff";
				TargetAttributes = {
					DA30CEE51C9DD38900FD4438 = {
						CreatedOnToolsVersion = 7.2.1;
						DevelopmentTeam = 23CZC4883B;
						SystemCapabilities = {
							com.apple.BackgroundModes = {
								enabled = 1;
							};
							com.apple.Push = {
								enabled = 1;
							};
						};
					};
				};
			};
			buildConfigurationList = DA30CEE11C9DD38900FD4438 /* Build configuration list for PBXProject "g5Mindr" */;
			compatibilityVersion = "Xcode 3.2";
			developmentRegion = English;
			hasScannedForEncodings = 0;
			knownRegions = (
				en,
				Base,
			);
			mainGroup = DA30CEDD1C9DD38900FD4438;
			productRefGroup = DA30CEE71C9DD38900FD4438 /* Products */;
			projectDirPath = "";
			projectRoot = "";
			targets = (
				DA30CEE51C9DD38900FD4438 /* g5Mindr */,
			);
		};
/* End PBXProject section */

/* Begin PBXResourcesBuildPhase section */
		DA30CEE41C9DD38900FD4438 /* Resources */ = {
			isa = PBXResourcesBuildPhase;
			buildActionMask = 2147483647;
			files = (
				DA0C4B3C1CC447550030F927 /* Settings.bundle in Resources */,
				DA366E471D9C321200CB4307 /* g5LocationConditionViewController.xib in Resources */,
				DA216BDB1D445FF900FC38E5 /* toggleSwitchOn@2x.png in Resources */,
				DAC14AE21D99DED300EF798F /* emoji_food.plist in Resources */,
				DA216BD81D445FF900FC38E5 /* toggleSwitchOff@2x.png in Resources */,
				DA366E491D9C321800CB4307 /* g5WeatherTypeConditionViewController.xib in Resources */,
				DA216BDA1D445FF900FC38E5 /* toggleSwitchOn.png in Resources */,
				DAC069C11D9DA1FB00D3DC0B /* HROBounceNavigationController.xib in Resources */,
				DA216BD41D445FF900FC38E5 /* toggleBGOn.png in Resources */,
				DA366E451D9C320100CB4307 /* MDRReminderList.storyboard in Resources */,
				DAC14AED1D99DED300EF798F /* Float.m4r in Resources */,
				DA366E4C1D9C322B00CB4307 /* g5ConditionListViewController.xib in Resources */,
				DA366E4D1D9C323400CB4307 /* MDREmoticonSelection.storyboard in Resources */,
				DAC14AE31D99DED300EF798F /* emoji_nature.plist in Resources */,
				DA216BD71D445FF900FC38E5 /* toggleSwitchOff.png in Resources */,
				DA216BD11D445FF900FC38E5 /* toggleBGOff.png in Resources */,
				DAC14AE11D99DED300EF798F /* emoji_faces.plist in Resources */,
				DAC14AE71D99DED300EF798F /* Proxima Nova Soft W03 Bold.ttf in Resources */,
				DA216BD21D445FF900FC38E5 /* toggleBGOff@2x.png in Resources */,
				DA216BD51D445FF900FC38E5 /* toggleBGOn@2x.png in Resources */,
				DAC14AE81D99DED300EF798F /* Proxima Nova Soft W03 Medium.ttf in Resources */,
				DA216BD91D445FF900FC38E5 /* toggleSwitchOff@3x.png in Resources */,
				DA366E4B1D9C322200CB4307 /* MDRTimeCondition.storyboard in Resources */,
				DA30CEF91C9DD38900FD4438 /* LaunchScreen.storyboard in Resources */,
				DA2420351D99C0ED00A7DC09 /* buoy_logo_anim.html in Resources */,
				DAC14AE61D99DED300EF798F /* emoji_transport.plist in Resources */,
				DA30CEF61C9DD38900FD4438 /* Assets.xcassets in Resources */,
				DAC14AE51D99DED300EF798F /* emoji_sports.plist in Resources */,
				DAC14AE41D99DED300EF798F /* emoji_objects.plist in Resources */,
				DA366E4A1D9C322000CB4307 /* g5DayOfTheWeekViewController.xib in Resources */,
				DAC14AEF1D99DED300EF798F /* Ping Pong.m4r in Resources */,
				DAC14AEB1D99DED300EF798F /* Bounce.m4r in Resources */,
				DA216BDC1D445FF900FC38E5 /* toggleSwitchOn@3x.png in Resources */,
				DA216BD31D445FF900FC38E5 /* toggleBGOff@3x.png in Resources */,
				DA216BD61D445FF900FC38E5 /* toggleBGOn@3x.png in Resources */,
				DAC14AF01D99DED300EF798F /* Raindrop.m4r in Resources */,
				DAC14AEC1D99DED300EF798F /* Fast Action.m4r in Resources */,
				DA2420321D99C0CD00A7DC09 /* Buoy_Logo_Animation.js in Resources */,
				DA366E441D9C31F800CB4307 /* MDRReminderViewController.storyboard in Resources */,
				DA366E461D9C320600CB4307 /* g5DateConditionViewController.xib in Resources */,
				DA366E481D9C321500CB4307 /* g5TemperatureConditionViewController.xib in Resources */,
				DAC14AEE1D99DED300EF798F /* Greeting.m4r in Resources */,
				DAC14AF21D99DED300EF798F /* Wonder.m4r in Resources */,
				DAC14AEA1D99DED300EF798F /* Bells.m4r in Resources */,
				DA91A6BB1D47A2D6003C0C52 /* GoogleService-Info.plist in Resources */,
				DAC14AE91D99DED300EF798F /* Proxima Nova Soft W03 Semibold.ttf in Resources */,
				DAC14AF11D99DED300EF798F /* Star Fall.m4r in Resources */,
			);
			runOnlyForDeploymentPostprocessing = 0;
		};
/* End PBXResourcesBuildPhase section */

/* Begin PBXShellScriptBuildPhase section */
		25555623A2E5834D2B9A0B38 /* [CP] Copy Pods Resources */ = {
			isa = PBXShellScriptBuildPhase;
			buildActionMask = 2147483647;
			files = (
			);
			inputPaths = (
			);
			name = "[CP] Copy Pods Resources";
			outputPaths = (
			);
			runOnlyForDeploymentPostprocessing = 0;
			shellPath = /bin/sh;
			shellScript = "\"${SRCROOT}/Pods/Target Support Files/Pods-g5Mindr/Pods-g5Mindr-resources.sh\"\n";
			showEnvVarsInLog = 0;
		};
		7A94D99D61BF79DD331F1064 /* [CP] Embed Pods Frameworks */ = {
			isa = PBXShellScriptBuildPhase;
			buildActionMask = 2147483647;
			files = (
			);
			inputPaths = (
			);
			name = "[CP] Embed Pods Frameworks";
			outputPaths = (
			);
			runOnlyForDeploymentPostprocessing = 0;
			shellPath = /bin/sh;
			shellScript = "\"${SRCROOT}/Pods/Target Support Files/Pods-g5Mindr/Pods-g5Mindr-frameworks.sh\"\n";
			showEnvVarsInLog = 0;
		};
		F5B4472D606605E1DD1E5126 /* [CP] Check Pods Manifest.lock */ = {
			isa = PBXShellScriptBuildPhase;
			buildActionMask = 2147483647;
			files = (
			);
			inputPaths = (
			);
			name = "[CP] Check Pods Manifest.lock";
			outputPaths = (
			);
			runOnlyForDeploymentPostprocessing = 0;
			shellPath = /bin/sh;
			shellScript = "diff \"${PODS_ROOT}/../Podfile.lock\" \"${PODS_ROOT}/Manifest.lock\" > /dev/null\nif [[ $? != 0 ]] ; then\n    cat << EOM\nerror: The sandbox is not in sync with the Podfile.lock. Run 'pod install' or update your CocoaPods installation.\nEOM\n    exit 1\nfi\n";
			showEnvVarsInLog = 0;
		};
/* End PBXShellScriptBuildPhase section */

/* Begin PBXSourcesBuildPhase section */
		DA30CEE21C9DD38900FD4438 /* Sources */ = {
			isa = PBXSourcesBuildPhase;
			buildActionMask = 2147483647;
			files = (
				DA4C5FF01D6530A1003CC595 /* g5EditReminderConditionListViewController.m in Sources */,
				DA4C5FEF1D6530A1003CC595 /* g5CreateReminderConditionListViewController.m in Sources */,
				DAF412571CF0CC950092DEF8 /* HROBounceNavigationController.m in Sources */,
				DA4C5FF21D6530A1003CC595 /* MDRReminderTitleViewController.m in Sources */,
				DA9E913E1D51651A00C1BF36 /* MDRTimeComponents.m in Sources */,
				DAC857211D668DD400276C09 /* MDREmoticonCollectionViewController.m in Sources */,
				DA9E914C1D516F5400C1BF36 /* MDRUserClient.m in Sources */,
				DAC857281D668EAC00276C09 /* MDRCreateReminderEmoticonSelectionViewController.m in Sources */,
				DA9E913D1D51651A00C1BF36 /* MDRTemperatureComponents.m in Sources */,
				DAC857291D668EAC00276C09 /* MDREditReminderEmoticonSelectionViewController.m in Sources */,
				DAC8BF341CCC6D5F004CA7D6 /* g5ConditionViewController.m in Sources */,
				DA30CF431C9E23AD00FD4438 /* MDRWeatherTypeCondition.m in Sources */,
				DA30CF2B1C9DF96A00FD4438 /* g5ReminderManager.m in Sources */,
				DA30CF461C9E23BE00FD4438 /* MDRTemperatureCondition.m in Sources */,
				DA5673DC1D42E935008AF230 /* MDRTimeTableViewCell.m in Sources */,
				DAC857231D668DD400276C09 /* MDREmoticonSelectionViewController.m in Sources */,
				DAC771B31D234E1C00036B44 /* UIGestureRecognizer+Cancel.m in Sources */,
				DA2EA6E31CFB6AE4004338CA /* g5DayOfTheWeekConditionTableViewCell.m in Sources */,
				DA30CF381C9E05B100FD4438 /* MDRReminder.m in Sources */,
				DA4C5FF11D6530A1003CC595 /* MDRCreateReminderTitleViewController.m in Sources */,
				DA4C5FED1D6530A1003CC595 /* g5ConditionListViewController.m in Sources */,
				DAC8BF351CCC6D5F004CA7D6 /* g5DateConditionViewController.m in Sources */,
				DA5673DF1D42EC70008AF230 /* MDRTimeTableViewController.m in Sources */,
				DA4C5FF61D6530CC003CC595 /* MDREditReminderTitleViewController.m in Sources */,
				DAE9CACB1CA4A42700849427 /* MDRTimeCondition.m in Sources */,
				DAC8BF391CCC6D5F004CA7D6 /* g5WeatherTypeConditionViewController.m in Sources */,
				DA366E3A1D9C309D00CB4307 /* MDRReminderViewController.m in Sources */,
				DAC771AF1D234ADA00036B44 /* MDRLocationManager.m in Sources */,
				DA30CF401C9E239200FD4438 /* MDRLocationCondition.m in Sources */,
				DA1EC0D71CD4623900605573 /* IBCellFlipSegue.m in Sources */,
				DAC8BF371CCC6D5F004CA7D6 /* g5TemperatureConditionViewController.m in Sources */,
				DA30CEEE1C9DD38900FD4438 /* AppDelegate.m in Sources */,
				DA366E411D9C314E00CB4307 /* MDREmptyViewController.m in Sources */,
				DAC8BF381CCC6D5F004CA7D6 /* MDRTimeConditionViewController.m in Sources */,
				DA216BDD1D445FF900FC38E5 /* BuoyToggleView.m in Sources */,
				DAC8BF361CCC6D5F004CA7D6 /* g5LocationConditionViewController.m in Sources */,
				DAF5C1BE1D29E195000D3DEC /* HROCalendarHeaderView.m in Sources */,
				DA30CEEB1C9DD38900FD4438 /* main.m in Sources */,
				DAB092461CDFA48300F1157B /* g5ReminderDetailButtonTableViewCell.m in Sources */,
				DAF5C1AD1D289011000D3DEC /* MDRReminderClient.m in Sources */,
				DA30CF6B1C9E448000FD4438 /* g5ReminderTableViewCell.m in Sources */,
				DA30CF621C9E3ABB00FD4438 /* g5ConditionTableViewCell.m in Sources */,
				DA297EEC1CA23ED0001D6148 /* g5EmoticonCell.m in Sources */,
				DA2EA6DB1CFB5424004338CA /* g5DayOfTheWeekViewController.m in Sources */,
				DA9A74571D4D28BF00CC5A25 /* HROPageControl.m in Sources */,
				DA543D9D1D0CA1D20079BBB0 /* HROPickerTableView.m in Sources */,
				DA9E91461D516D3A00C1BF36 /* MDRUserContext.m in Sources */,
				DA0C4B3A1CC4374F0030F927 /* g5WeatherTypeConditionTableViewCell.m in Sources */,
				DAFD651B1CD52DAC00E92729 /* MDRReminderDetailTableViewCell.m in Sources */,
				DAF5C1BF1D29E195000D3DEC /* HROCalendarRowTableViewCell.m in Sources */,
				DA366E431D9C314E00CB4307 /* MDRReminderListViewController.m in Sources */,
				DA30CF371C9E05B100FD4438 /* MDRCondition.m in Sources */,
				DA2EA6DF1CFB569F004338CA /* MDRDayOfTheWeekCondition.m in Sources */,
				DA366E2D1D9C308F00CB4307 /* MDRReminderSoundViewController.m in Sources */,
				DAE9CAC81CA4A41700849427 /* MDRDateCondition.m in Sources */,
				DA9E91491D516E3E00C1BF36 /* MDRUserManager.m in Sources */,
				DAAD3EC61D70EC870050F69C /* PBJHexagonFlowLayout.m in Sources */,
				DA366E2C1D9C308F00CB4307 /* mindrBounceNavigationViewController.m in Sources */,
				DA0C4B4B1CC464A00030F927 /* g5PersistenceManager.m in Sources */,
				DAF5C1C01D29E195000D3DEC /* HROCalendarTableViewController.m in Sources */,
			);
			runOnlyForDeploymentPostprocessing = 0;
		};
/* End PBXSourcesBuildPhase section */

/* Begin PBXVariantGroup section */
		DA30CEF71C9DD38900FD4438 /* LaunchScreen.storyboard */ = {
			isa = PBXVariantGroup;
			children = (
				DA30CEF81C9DD38900FD4438 /* Base */,
			);
			name = LaunchScreen.storyboard;
			sourceTree = "<group>";
		};
/* End PBXVariantGroup section */

/* Begin XCBuildConfiguration section */
		DA30CEFB1C9DD38900FD4438 /* Debug */ = {
			isa = XCBuildConfiguration;
			buildSettings = {
				ALWAYS_SEARCH_USER_PATHS = NO;
				CLANG_CXX_LANGUAGE_STANDARD = "gnu++0x";
				CLANG_CXX_LIBRARY = "libc++";
				CLANG_ENABLE_MODULES = YES;
				CLANG_ENABLE_OBJC_ARC = YES;
				CLANG_WARN_BOOL_CONVERSION = YES;
				CLANG_WARN_CONSTANT_CONVERSION = YES;
				CLANG_WARN_DIRECT_OBJC_ISA_USAGE = YES_ERROR;
				CLANG_WARN_EMPTY_BODY = YES;
				CLANG_WARN_ENUM_CONVERSION = YES;
				CLANG_WARN_INFINITE_RECURSION = YES;
				CLANG_WARN_INT_CONVERSION = YES;
				CLANG_WARN_OBJC_ROOT_CLASS = YES_ERROR;
				CLANG_WARN_SUSPICIOUS_MOVE = YES;
				CLANG_WARN_UNREACHABLE_CODE = YES;
				CLANG_WARN__DUPLICATE_METHOD_MATCH = YES;
				"CODE_SIGN_IDENTITY[sdk=iphoneos*]" = "iPhone Developer";
				COPY_PHASE_STRIP = NO;
				DEBUG_INFORMATION_FORMAT = dwarf;
				ENABLE_BITCODE = NO;
				ENABLE_STRICT_OBJC_MSGSEND = YES;
				ENABLE_TESTABILITY = YES;
				GCC_C_LANGUAGE_STANDARD = gnu99;
				GCC_DYNAMIC_NO_PIC = NO;
				GCC_NO_COMMON_BLOCKS = YES;
				GCC_OPTIMIZATION_LEVEL = 0;
				GCC_PREPROCESSOR_DEFINITIONS = (
					"$(inherited)",
					"DEBUG=1",
				);
				GCC_WARN_64_TO_32_BIT_CONVERSION = YES;
				GCC_WARN_ABOUT_RETURN_TYPE = YES_ERROR;
				GCC_WARN_UNDECLARED_SELECTOR = YES;
				GCC_WARN_UNINITIALIZED_AUTOS = YES_AGGRESSIVE;
				GCC_WARN_UNUSED_FUNCTION = YES;
				GCC_WARN_UNUSED_VARIABLE = YES;
				IPHONEOS_DEPLOYMENT_TARGET = 9.2;
				MTL_ENABLE_DEBUG_INFO = YES;
				ONLY_ACTIVE_ARCH = YES;
				SDKROOT = iphoneos;
				TARGETED_DEVICE_FAMILY = "1,2";
			};
			name = Debug;
		};
		DA30CEFC1C9DD38900FD4438 /* Release */ = {
			isa = XCBuildConfiguration;
			buildSettings = {
				ALWAYS_SEARCH_USER_PATHS = NO;
				CLANG_CXX_LANGUAGE_STANDARD = "gnu++0x";
				CLANG_CXX_LIBRARY = "libc++";
				CLANG_ENABLE_MODULES = YES;
				CLANG_ENABLE_OBJC_ARC = YES;
				CLANG_WARN_BOOL_CONVERSION = YES;
				CLANG_WARN_CONSTANT_CONVERSION = YES;
				CLANG_WARN_DIRECT_OBJC_ISA_USAGE = YES_ERROR;
				CLANG_WARN_EMPTY_BODY = YES;
				CLANG_WARN_ENUM_CONVERSION = YES;
				CLANG_WARN_INFINITE_RECURSION = YES;
				CLANG_WARN_INT_CONVERSION = YES;
				CLANG_WARN_OBJC_ROOT_CLASS = YES_ERROR;
				CLANG_WARN_SUSPICIOUS_MOVE = YES;
				CLANG_WARN_UNREACHABLE_CODE = YES;
				CLANG_WARN__DUPLICATE_METHOD_MATCH = YES;
				"CODE_SIGN_IDENTITY[sdk=iphoneos*]" = "iPhone Developer";
				COPY_PHASE_STRIP = NO;
				DEBUG_INFORMATION_FORMAT = "dwarf-with-dsym";
				ENABLE_BITCODE = NO;
				ENABLE_NS_ASSERTIONS = NO;
				ENABLE_STRICT_OBJC_MSGSEND = YES;
				GCC_C_LANGUAGE_STANDARD = gnu99;
				GCC_NO_COMMON_BLOCKS = YES;
				GCC_PREPROCESSOR_DEFINITIONS = (
					"$(inherited)",
					"DEBUG=1",
				);
				GCC_WARN_64_TO_32_BIT_CONVERSION = YES;
				GCC_WARN_ABOUT_RETURN_TYPE = YES_ERROR;
				GCC_WARN_UNDECLARED_SELECTOR = YES;
				GCC_WARN_UNINITIALIZED_AUTOS = YES_AGGRESSIVE;
				GCC_WARN_UNUSED_FUNCTION = YES;
				GCC_WARN_UNUSED_VARIABLE = YES;
				IPHONEOS_DEPLOYMENT_TARGET = 9.2;
				MTL_ENABLE_DEBUG_INFO = NO;
				SDKROOT = iphoneos;
				TARGETED_DEVICE_FAMILY = "1,2";
				VALIDATE_PRODUCT = YES;
			};
			name = Release;
		};
		DA30CEFE1C9DD38900FD4438 /* Debug */ = {
			isa = XCBuildConfiguration;
			baseConfigurationReference = EAB07C5425ECD310833D6ACE /* Pods-g5Mindr.debug.xcconfig */;
			buildSettings = {
				ASSETCATALOG_COMPILER_APPICON_NAME = AppIcon;
				CODE_SIGN_ENTITLEMENTS = g5Mindr/Buoy.entitlements;
				CODE_SIGN_IDENTITY = "iPhone Developer";
				DEVELOPMENT_TEAM = 23CZC4883B;
				ENABLE_BITCODE = NO;
				FRAMEWORK_SEARCH_PATHS = (
					"$(inherited)",
					"$(PROJECT_DIR)/Resources",
				);
				INFOPLIST_FILE = g5Mindr/Info.plist;
				IPHONEOS_DEPLOYMENT_TARGET = 9.0;
				LD_RUNPATH_SEARCH_PATHS = "$(inherited) @executable_path/Frameworks";
				PRODUCT_BUNDLE_IDENTIFIER = com.hero.us.MindR;
				PRODUCT_NAME = Buoy;
				TARGETED_DEVICE_FAMILY = 1;
			};
			name = Debug;
		};
		DA30CEFF1C9DD38900FD4438 /* Release */ = {
			isa = XCBuildConfiguration;
			baseConfigurationReference = 795CE638909D1A21AB1B802A /* Pods-g5Mindr.release.xcconfig */;
			buildSettings = {
				ASSETCATALOG_COMPILER_APPICON_NAME = AppIcon;
				CODE_SIGN_ENTITLEMENTS = g5Mindr/Buoy.entitlements;
				CODE_SIGN_IDENTITY = "iPhone Developer";
				DEVELOPMENT_TEAM = 23CZC4883B;
				ENABLE_BITCODE = NO;
				FRAMEWORK_SEARCH_PATHS = (
					"$(inherited)",
					"$(PROJECT_DIR)/Resources",
				);
				INFOPLIST_FILE = g5Mindr/Info.plist;
				IPHONEOS_DEPLOYMENT_TARGET = 9.0;
				LD_RUNPATH_SEARCH_PATHS = "$(inherited) @executable_path/Frameworks";
				PRODUCT_BUNDLE_IDENTIFIER = com.hero.us.MindR;
				PRODUCT_NAME = Buoy;
				TARGETED_DEVICE_FAMILY = 1;
			};
			name = Release;
		};
/* End XCBuildConfiguration section */

/* Begin XCConfigurationList section */
		DA30CEE11C9DD38900FD4438 /* Build configuration list for PBXProject "g5Mindr" */ = {
			isa = XCConfigurationList;
			buildConfigurations = (
				DA30CEFB1C9DD38900FD4438 /* Debug */,
				DA30CEFC1C9DD38900FD4438 /* Release */,
			);
			defaultConfigurationIsVisible = 0;
			defaultConfigurationName = Release;
		};
		DA30CEFD1C9DD38900FD4438 /* Build configuration list for PBXNativeTarget "g5Mindr" */ = {
			isa = XCConfigurationList;
			buildConfigurations = (
				DA30CEFE1C9DD38900FD4438 /* Debug */,
				DA30CEFF1C9DD38900FD4438 /* Release */,
			);
			defaultConfigurationIsVisible = 0;
			defaultConfigurationName = Release;
		};
/* End XCConfigurationList section */
	};
	rootObject = DA30CEDE1C9DD38900FD4438 /* Project object */;
}
