// !$*UTF8*$!
{
	archiveVersion = 1;
	classes = {
	};
	objectVersion = 46;
	objects = {

/* Begin PBXBuildFile section */
		BD028C634A303CB3F1DA96B6 /* libPods-g5Mindr.a in Frameworks */ = {isa = PBXBuildFile; fileRef = F68F2BBC91E335A39C3983EB /* libPods-g5Mindr.a */; };
		DA06366F1D0F8BF5001CBD60 /* Proxima Nova Soft W03 Bold.ttf in Resources */ = {isa = PBXBuildFile; fileRef = DA06366C1D0F8BF5001CBD60 /* Proxima Nova Soft W03 Bold.ttf */; };
		DA0636701D0F8BF5001CBD60 /* Proxima Nova Soft W03 Medium.ttf in Resources */ = {isa = PBXBuildFile; fileRef = DA06366D1D0F8BF5001CBD60 /* Proxima Nova Soft W03 Medium.ttf */; };
		DA0636711D0F8BF5001CBD60 /* Proxima Nova Soft W03 Semibold.ttf in Resources */ = {isa = PBXBuildFile; fileRef = DA06366E1D0F8BF5001CBD60 /* Proxima Nova Soft W03 Semibold.ttf */; };
		DA0C4B3A1CC4374F0030F927 /* g5WeatherTypeConditionTableViewCell.m in Sources */ = {isa = PBXBuildFile; fileRef = DA0C4B391CC4374F0030F927 /* g5WeatherTypeConditionTableViewCell.m */; };
		DA0C4B3C1CC447550030F927 /* Settings.bundle in Resources */ = {isa = PBXBuildFile; fileRef = DA0C4B3B1CC447550030F927 /* Settings.bundle */; };
		DA0C4B3E1CC4639C0030F927 /* CouchbaseLite.framework in Frameworks */ = {isa = PBXBuildFile; fileRef = DA0C4B3D1CC4639C0030F927 /* CouchbaseLite.framework */; };
		DA0C4B401CC463DD0030F927 /* CFNetwork.framework in Frameworks */ = {isa = PBXBuildFile; fileRef = DA0C4B3F1CC463DD0030F927 /* CFNetwork.framework */; };
		DA0C4B421CC463E30030F927 /* Security.framework in Frameworks */ = {isa = PBXBuildFile; fileRef = DA0C4B411CC463E30030F927 /* Security.framework */; };
		DA0C4B441CC463ED0030F927 /* SystemConfiguration.framework in Frameworks */ = {isa = PBXBuildFile; fileRef = DA0C4B431CC463ED0030F927 /* SystemConfiguration.framework */; };
		DA0C4B461CC463FF0030F927 /* libsqlite3.tbd in Frameworks */ = {isa = PBXBuildFile; fileRef = DA0C4B451CC463FF0030F927 /* libsqlite3.tbd */; };
		DA0C4B481CC4640C0030F927 /* libz.tbd in Frameworks */ = {isa = PBXBuildFile; fileRef = DA0C4B471CC4640C0030F927 /* libz.tbd */; };
		DA0C4B4B1CC464A00030F927 /* g5PersistenceManager.m in Sources */ = {isa = PBXBuildFile; fileRef = DA0C4B4A1CC464A00030F927 /* g5PersistenceManager.m */; };
		DA0FE3E21CBDC30F00B64632 /* g5CalendarHeaderView.xib in Resources */ = {isa = PBXBuildFile; fileRef = DA0FE3E11CBDC30F00B64632 /* g5CalendarHeaderView.xib */; };
		DA0FE3E51CBDC32400B64632 /* g5CalendarHeaderView.m in Sources */ = {isa = PBXBuildFile; fileRef = DA0FE3E41CBDC32400B64632 /* g5CalendarHeaderView.m */; };
		DA1EC0C81CD461BF00605573 /* g5ReminderViewController.m in Sources */ = {isa = PBXBuildFile; fileRef = DA1EC0C61CD461BF00605573 /* g5ReminderViewController.m */; };
		DA1EC0D21CD461D700605573 /* g5ReminderViewController.xib in Resources */ = {isa = PBXBuildFile; fileRef = DA1EC0CE1CD461D700605573 /* g5ReminderViewController.xib */; };
		DA1EC0D71CD4623900605573 /* IBCellFlipSegue.m in Sources */ = {isa = PBXBuildFile; fileRef = DA1EC0D61CD4623900605573 /* IBCellFlipSegue.m */; };
		DA1EC0D91CD4625F00605573 /* QuartzCore.framework in Frameworks */ = {isa = PBXBuildFile; fileRef = DA1EC0D81CD4625F00605573 /* QuartzCore.framework */; };
		DA297EE41CA231F9001D6148 /* g5EmoticonSelectionViewController.xib in Resources */ = {isa = PBXBuildFile; fileRef = DA297EE31CA231F9001D6148 /* g5EmoticonSelectionViewController.xib */; };
		DA297EEC1CA23ED0001D6148 /* g5EmoticonCell.m in Sources */ = {isa = PBXBuildFile; fileRef = DA297EE81CA23ED0001D6148 /* g5EmoticonCell.m */; };
		DA297EED1CA23ED0001D6148 /* g5EmoticonCell.xib in Resources */ = {isa = PBXBuildFile; fileRef = DA297EE91CA23ED0001D6148 /* g5EmoticonCell.xib */; };
		DA2EA6DB1CFB5424004338CA /* g5DayOfTheWeekViewController.m in Sources */ = {isa = PBXBuildFile; fileRef = DA2EA6D91CFB5424004338CA /* g5DayOfTheWeekViewController.m */; };
		DA2EA6DC1CFB5424004338CA /* g5DayOfTheWeekViewController.xib in Resources */ = {isa = PBXBuildFile; fileRef = DA2EA6DA1CFB5424004338CA /* g5DayOfTheWeekViewController.xib */; };
		DA2EA6DF1CFB569F004338CA /* g5DayOfTheWeekCondition.m in Sources */ = {isa = PBXBuildFile; fileRef = DA2EA6DE1CFB569F004338CA /* g5DayOfTheWeekCondition.m */; };
		DA2EA6E31CFB6AE4004338CA /* g5DayOfTheWeekConditionTableViewCell.m in Sources */ = {isa = PBXBuildFile; fileRef = DA2EA6E11CFB6AE4004338CA /* g5DayOfTheWeekConditionTableViewCell.m */; };
		DA2EA6E41CFB6AE4004338CA /* g5DayOfTheWeekConditionTableViewCell.xib in Resources */ = {isa = PBXBuildFile; fileRef = DA2EA6E21CFB6AE4004338CA /* g5DayOfTheWeekConditionTableViewCell.xib */; };
		DA30CEEB1C9DD38900FD4438 /* main.m in Sources */ = {isa = PBXBuildFile; fileRef = DA30CEEA1C9DD38900FD4438 /* main.m */; };
		DA30CEEE1C9DD38900FD4438 /* AppDelegate.m in Sources */ = {isa = PBXBuildFile; fileRef = DA30CEED1C9DD38900FD4438 /* AppDelegate.m */; };
		DA30CEF61C9DD38900FD4438 /* Assets.xcassets in Resources */ = {isa = PBXBuildFile; fileRef = DA30CEF51C9DD38900FD4438 /* Assets.xcassets */; };
		DA30CEF91C9DD38900FD4438 /* LaunchScreen.storyboard in Resources */ = {isa = PBXBuildFile; fileRef = DA30CEF71C9DD38900FD4438 /* LaunchScreen.storyboard */; };
		DA30CF2B1C9DF96A00FD4438 /* g5ReminderManager.m in Sources */ = {isa = PBXBuildFile; fileRef = DA30CF2A1C9DF96A00FD4438 /* g5ReminderManager.m */; };
		DA30CF371C9E05B100FD4438 /* MDRCondition.m in Sources */ = {isa = PBXBuildFile; fileRef = DA30CF321C9E05B100FD4438 /* MDRCondition.m */; };
		DA30CF381C9E05B100FD4438 /* MDRReminder.m in Sources */ = {isa = PBXBuildFile; fileRef = DA30CF351C9E05B100FD4438 /* MDRReminder.m */; };
		DA30CF3B1C9E064A00FD4438 /* g5Weather.m in Sources */ = {isa = PBXBuildFile; fileRef = DA30CF3A1C9E064A00FD4438 /* g5Weather.m */; };
		DA30CF401C9E239200FD4438 /* g5LocationCondition.m in Sources */ = {isa = PBXBuildFile; fileRef = DA30CF3F1C9E239200FD4438 /* g5LocationCondition.m */; };
		DA30CF431C9E23AD00FD4438 /* g5WeatherTypeCondition.m in Sources */ = {isa = PBXBuildFile; fileRef = DA30CF421C9E23AD00FD4438 /* g5WeatherTypeCondition.m */; };
		DA30CF461C9E23BE00FD4438 /* g5TemperatureCondition.m in Sources */ = {isa = PBXBuildFile; fileRef = DA30CF451C9E23BE00FD4438 /* g5TemperatureCondition.m */; };
		DA30CF621C9E3ABB00FD4438 /* g5ConditionTableViewCell.m in Sources */ = {isa = PBXBuildFile; fileRef = DA30CF601C9E3ABB00FD4438 /* g5ConditionTableViewCell.m */; };
		DA30CF6B1C9E448000FD4438 /* g5ReminderTableViewCell.m in Sources */ = {isa = PBXBuildFile; fileRef = DA30CF691C9E448000FD4438 /* g5ReminderTableViewCell.m */; };
		DA508E001CCF0B4100C96AED /* offSwitchBackground.png in Resources */ = {isa = PBXBuildFile; fileRef = DA508DF61CCF0B4100C96AED /* offSwitchBackground.png */; };
		DA508E011CCF0B4100C96AED /* offSwitchBackground@2x.png in Resources */ = {isa = PBXBuildFile; fileRef = DA508DF71CCF0B4100C96AED /* offSwitchBackground@2x.png */; };
		DA508E021CCF0B4100C96AED /* offSwitchKnob.png in Resources */ = {isa = PBXBuildFile; fileRef = DA508DF81CCF0B4100C96AED /* offSwitchKnob.png */; };
		DA508E031CCF0B4100C96AED /* offSwitchKnob@2x.png in Resources */ = {isa = PBXBuildFile; fileRef = DA508DF91CCF0B4100C96AED /* offSwitchKnob@2x.png */; };
		DA508E041CCF0B4100C96AED /* onSwitchKnob.png in Resources */ = {isa = PBXBuildFile; fileRef = DA508DFA1CCF0B4100C96AED /* onSwitchKnob.png */; };
		DA508E051CCF0B4100C96AED /* onSwitchKnob@2x.png in Resources */ = {isa = PBXBuildFile; fileRef = DA508DFB1CCF0B4100C96AED /* onSwitchKnob@2x.png */; };
		DA508E061CCF0B4100C96AED /* Switch.png in Resources */ = {isa = PBXBuildFile; fileRef = DA508DFC1CCF0B4100C96AED /* Switch.png */; };
		DA508E071CCF0B4100C96AED /* Switch@2x.png in Resources */ = {isa = PBXBuildFile; fileRef = DA508DFD1CCF0B4100C96AED /* Switch@2x.png */; };
		DA508E081CCF0B4100C96AED /* OnSwitchView.m in Sources */ = {isa = PBXBuildFile; fileRef = DA508DFF1CCF0B4100C96AED /* OnSwitchView.m */; };
		DA543D991D0C9F920079BBB0 /* MDRTemperatureComponents.m in Sources */ = {isa = PBXBuildFile; fileRef = DA543D981D0C9F920079BBB0 /* MDRTemperatureComponents.m */; };
		DA543D9D1D0CA1D20079BBB0 /* HROPickerTableView.m in Sources */ = {isa = PBXBuildFile; fileRef = DA543D9C1D0CA1D20079BBB0 /* HROPickerTableView.m */; };
		DA543DA01D0CC9E00079BBB0 /* UIGestureRecognizer+Cancel.m in Sources */ = {isa = PBXBuildFile; fileRef = DA543D9F1D0CC9E00079BBB0 /* UIGestureRecognizer+Cancel.m */; };
		DA7BB1A81D15C17100A61D54 /* MDRReminderContext.m in Sources */ = {isa = PBXBuildFile; fileRef = DA7BB1A71D15C17100A61D54 /* MDRReminderContext.m */; };
		DA7BB1AB1D15CC3F00A61D54 /* MDRLocationMonitor.m in Sources */ = {isa = PBXBuildFile; fileRef = DA7BB1AA1D15CC3F00A61D54 /* MDRLocationMonitor.m */; };
		DA863AC11CE6CC5900568A79 /* g5ConditionListViewController.m in Sources */ = {isa = PBXBuildFile; fileRef = DA863AB61CE6CC5900568A79 /* g5ConditionListViewController.m */; };
		DA863AC21CE6CC5900568A79 /* g5CreateReminderConditionListViewController.m in Sources */ = {isa = PBXBuildFile; fileRef = DA863AB81CE6CC5900568A79 /* g5CreateReminderConditionListViewController.m */; };
		DA863AC31CE6CC5900568A79 /* g5EditReminderConditionListViewController.m in Sources */ = {isa = PBXBuildFile; fileRef = DA863ABA1CE6CC5900568A79 /* g5EditReminderConditionListViewController.m */; };
		DA863AC41CE6CC5900568A79 /* g5EmoticonSelectionViewController.m in Sources */ = {isa = PBXBuildFile; fileRef = DA863ABC1CE6CC5900568A79 /* g5EmoticonSelectionViewController.m */; };
		DA863AC61CE6CC5900568A79 /* g5ReminderExplanationViewController.m in Sources */ = {isa = PBXBuildFile; fileRef = DA863AC01CE6CC5900568A79 /* g5ReminderExplanationViewController.m */; };
		DAB092421CDD839F00F1157B /* emoticons.plist in Resources */ = {isa = PBXBuildFile; fileRef = DAB092411CDD839F00F1157B /* emoticons.plist */; };
		DAB092461CDFA48300F1157B /* g5ReminderDetailButtonTableViewCell.m in Sources */ = {isa = PBXBuildFile; fileRef = DAB092441CDFA48300F1157B /* g5ReminderDetailButtonTableViewCell.m */; };
		DAB092471CDFA48300F1157B /* g5ReminderDetailButtonTableViewCell.xib in Resources */ = {isa = PBXBuildFile; fileRef = DAB092451CDFA48300F1157B /* g5ReminderDetailButtonTableViewCell.xib */; };
		DAB28E791CB98D24007F14A2 /* g5CalendarRowTableViewCell.m in Sources */ = {isa = PBXBuildFile; fileRef = DAB28E751CB98D24007F14A2 /* g5CalendarRowTableViewCell.m */; };
		DAB28E7B1CB98D24007F14A2 /* g5CalendarTableViewController.m in Sources */ = {isa = PBXBuildFile; fileRef = DAB28E781CB98D24007F14A2 /* g5CalendarTableViewController.m */; };
		DAB28E8F1CBB61FD007F14A2 /* g5CalendarRowTableViewCell.xib in Resources */ = {isa = PBXBuildFile; fileRef = DAB28E8D1CBB61FD007F14A2 /* g5CalendarRowTableViewCell.xib */; };
		DABED0991CA39E27004100AF /* g5LocationConditionViewController.xib in Resources */ = {isa = PBXBuildFile; fileRef = DABED0961CA39E27004100AF /* g5LocationConditionViewController.xib */; };
		DABED09A1CA39E27004100AF /* g5TemperatureConditionViewController.xib in Resources */ = {isa = PBXBuildFile; fileRef = DABED0971CA39E27004100AF /* g5TemperatureConditionViewController.xib */; };
		DABED09B1CA39E27004100AF /* g5WeatherTypeConditionViewController.xib in Resources */ = {isa = PBXBuildFile; fileRef = DABED0981CA39E27004100AF /* g5WeatherTypeConditionViewController.xib */; };
		DAC8BF181CCC5E7A004CA7D6 /* MDRWeatherMonitor.m in Sources */ = {isa = PBXBuildFile; fileRef = DAC8BF161CCC5E7A004CA7D6 /* MDRWeatherMonitor.m */; };
		DAC8BF1F1CCC6CF0004CA7D6 /* g5ReminderExplanationViewController.xib in Resources */ = {isa = PBXBuildFile; fileRef = DAC8BF1E1CCC6CF0004CA7D6 /* g5ReminderExplanationViewController.xib */; };
		DAC8BF341CCC6D5F004CA7D6 /* g5ConditionViewController.m in Sources */ = {isa = PBXBuildFile; fileRef = DAC8BF221CCC6D5F004CA7D6 /* g5ConditionViewController.m */; };
		DAC8BF351CCC6D5F004CA7D6 /* g5DateConditionViewController.m in Sources */ = {isa = PBXBuildFile; fileRef = DAC8BF241CCC6D5F004CA7D6 /* g5DateConditionViewController.m */; };
		DAC8BF361CCC6D5F004CA7D6 /* g5LocationConditionViewController.m in Sources */ = {isa = PBXBuildFile; fileRef = DAC8BF261CCC6D5F004CA7D6 /* g5LocationConditionViewController.m */; };
		DAC8BF371CCC6D5F004CA7D6 /* g5TemperatureConditionViewController.m in Sources */ = {isa = PBXBuildFile; fileRef = DAC8BF281CCC6D5F004CA7D6 /* g5TemperatureConditionViewController.m */; };
		DAC8BF381CCC6D5F004CA7D6 /* g5TimeConditionViewController.m in Sources */ = {isa = PBXBuildFile; fileRef = DAC8BF2A1CCC6D5F004CA7D6 /* g5TimeConditionViewController.m */; };
		DAC8BF391CCC6D5F004CA7D6 /* g5WeatherTypeConditionViewController.m in Sources */ = {isa = PBXBuildFile; fileRef = DAC8BF2C1CCC6D5F004CA7D6 /* g5WeatherTypeConditionViewController.m */; };
		DAD71D671CCAB44700F42BB8 /* emoticons_2.plist in Resources */ = {isa = PBXBuildFile; fileRef = DAD71D661CCAB44700F42BB8 /* emoticons_2.plist */; };
		DAE9CAC81CA4A41700849427 /* g5DateCondition.m in Sources */ = {isa = PBXBuildFile; fileRef = DAE9CAC71CA4A41700849427 /* g5DateCondition.m */; };
		DAE9CACB1CA4A42700849427 /* g5TimeCondition.m in Sources */ = {isa = PBXBuildFile; fileRef = DAE9CACA1CA4A42700849427 /* g5TimeCondition.m */; };
		DAE9CAD21CA4A4BF00849427 /* g5OpenWeatherClient.m in Sources */ = {isa = PBXBuildFile; fileRef = DAE9CAD01CA4A4BF00849427 /* g5OpenWeatherClient.m */; };
		DAE9CAE51CA4AF9F00849427 /* g5DateConditionViewController.xib in Resources */ = {isa = PBXBuildFile; fileRef = DAE9CAE31CA4AF9F00849427 /* g5DateConditionViewController.xib */; };
		DAF36BA91D063D1C001DF406 /* g5TimeConditionViewController.xib in Resources */ = {isa = PBXBuildFile; fileRef = DAF36BA81D063D1C001DF406 /* g5TimeConditionViewController.xib */; };
		DAF36BAC1D06409A001DF406 /* MDRTimeComponents.m in Sources */ = {isa = PBXBuildFile; fileRef = DAF36BAB1D06409A001DF406 /* MDRTimeComponents.m */; };
		DAF412571CF0CC950092DEF8 /* HROBounceNavigationController.m in Sources */ = {isa = PBXBuildFile; fileRef = DAF412551CF0CC950092DEF8 /* HROBounceNavigationController.m */; };
		DAF412581CF0CC950092DEF8 /* HROBounceNavigationController.xib in Resources */ = {isa = PBXBuildFile; fileRef = DAF412561CF0CC950092DEF8 /* HROBounceNavigationController.xib */; };
		DAF4125D1CF0D7730092DEF8 /* g5ConditionTableViewCell.xib in Resources */ = {isa = PBXBuildFile; fileRef = DAF4125A1CF0D7730092DEF8 /* g5ConditionTableViewCell.xib */; };
		DAF4125E1CF0D7730092DEF8 /* g5ReminderTableViewCell.xib in Resources */ = {isa = PBXBuildFile; fileRef = DAF4125B1CF0D7730092DEF8 /* g5ReminderTableViewCell.xib */; };
		DAF4125F1CF0D7730092DEF8 /* g5WeatherTypeConditionTableViewCell.xib in Resources */ = {isa = PBXBuildFile; fileRef = DAF4125C1CF0D7730092DEF8 /* g5WeatherTypeConditionTableViewCell.xib */; };
		DAF727AD1D1ED36400A3193E /* MDRReminderClient.m in Sources */ = {isa = PBXBuildFile; fileRef = DAF727AC1D1ED36400A3193E /* MDRReminderClient.m */; };
		DAFD651B1CD52DAC00E92729 /* g5ReminderDetailSectionTableViewCell.m in Sources */ = {isa = PBXBuildFile; fileRef = DAFD65191CD52DAC00E92729 /* g5ReminderDetailSectionTableViewCell.m */; };
		DAFD651C1CD52DAC00E92729 /* g5ReminderDetailSectionTableViewCell.xib in Resources */ = {isa = PBXBuildFile; fileRef = DAFD651A1CD52DAC00E92729 /* g5ReminderDetailSectionTableViewCell.xib */; };
		DAFD65221CD5414700E92729 /* g5ReminderListViewController.m in Sources */ = {isa = PBXBuildFile; fileRef = DAFD65211CD5414700E92729 /* g5ReminderListViewController.m */; };
		DAFD652B1CD5611900E92729 /* mindrBounceNavigationViewController.m in Sources */ = {isa = PBXBuildFile; fileRef = DAFD652A1CD5611900E92729 /* mindrBounceNavigationViewController.m */; };
/* End PBXBuildFile section */

/* Begin PBXFileReference section */
		57845ADFAFF3BCE4C7DBB7EB /* Pods-g5Mindr.debug.xcconfig */ = {isa = PBXFileReference; includeInIndex = 1; lastKnownFileType = text.xcconfig; name = "Pods-g5Mindr.debug.xcconfig"; path = "Pods/Target Support Files/Pods-g5Mindr/Pods-g5Mindr.debug.xcconfig"; sourceTree = "<group>"; };
		DA06366C1D0F8BF5001CBD60 /* Proxima Nova Soft W03 Bold.ttf */ = {isa = PBXFileReference; lastKnownFileType = file; path = "Proxima Nova Soft W03 Bold.ttf"; sourceTree = "<group>"; };
		DA06366D1D0F8BF5001CBD60 /* Proxima Nova Soft W03 Medium.ttf */ = {isa = PBXFileReference; lastKnownFileType = file; path = "Proxima Nova Soft W03 Medium.ttf"; sourceTree = "<group>"; };
		DA06366E1D0F8BF5001CBD60 /* Proxima Nova Soft W03 Semibold.ttf */ = {isa = PBXFileReference; lastKnownFileType = file; path = "Proxima Nova Soft W03 Semibold.ttf"; sourceTree = "<group>"; };
		DA0C4B381CC4374F0030F927 /* g5WeatherTypeConditionTableViewCell.h */ = {isa = PBXFileReference; fileEncoding = 4; lastKnownFileType = sourcecode.c.h; path = g5WeatherTypeConditionTableViewCell.h; sourceTree = "<group>"; };
		DA0C4B391CC4374F0030F927 /* g5WeatherTypeConditionTableViewCell.m */ = {isa = PBXFileReference; fileEncoding = 4; lastKnownFileType = sourcecode.c.objc; path = g5WeatherTypeConditionTableViewCell.m; sourceTree = "<group>"; };
		DA0C4B3B1CC447550030F927 /* Settings.bundle */ = {isa = PBXFileReference; lastKnownFileType = "wrapper.plug-in"; path = Settings.bundle; sourceTree = SOURCE_ROOT; };
		DA0C4B3D1CC4639C0030F927 /* CouchbaseLite.framework */ = {isa = PBXFileReference; lastKnownFileType = wrapper.framework; name = CouchbaseLite.framework; path = Resources/CouchbaseLite.framework; sourceTree = SOURCE_ROOT; };
		DA0C4B3F1CC463DD0030F927 /* CFNetwork.framework */ = {isa = PBXFileReference; lastKnownFileType = wrapper.framework; name = CFNetwork.framework; path = System/Library/Frameworks/CFNetwork.framework; sourceTree = SDKROOT; };
		DA0C4B411CC463E30030F927 /* Security.framework */ = {isa = PBXFileReference; lastKnownFileType = wrapper.framework; name = Security.framework; path = System/Library/Frameworks/Security.framework; sourceTree = SDKROOT; };
		DA0C4B431CC463ED0030F927 /* SystemConfiguration.framework */ = {isa = PBXFileReference; lastKnownFileType = wrapper.framework; name = SystemConfiguration.framework; path = System/Library/Frameworks/SystemConfiguration.framework; sourceTree = SDKROOT; };
		DA0C4B451CC463FF0030F927 /* libsqlite3.tbd */ = {isa = PBXFileReference; lastKnownFileType = "sourcecode.text-based-dylib-definition"; name = libsqlite3.tbd; path = usr/lib/libsqlite3.tbd; sourceTree = SDKROOT; };
		DA0C4B471CC4640C0030F927 /* libz.tbd */ = {isa = PBXFileReference; lastKnownFileType = "sourcecode.text-based-dylib-definition"; name = libz.tbd; path = usr/lib/libz.tbd; sourceTree = SDKROOT; };
		DA0C4B491CC464A00030F927 /* g5PersistenceManager.h */ = {isa = PBXFileReference; fileEncoding = 4; lastKnownFileType = sourcecode.c.h; path = g5PersistenceManager.h; sourceTree = "<group>"; };
		DA0C4B4A1CC464A00030F927 /* g5PersistenceManager.m */ = {isa = PBXFileReference; fileEncoding = 4; lastKnownFileType = sourcecode.c.objc; path = g5PersistenceManager.m; sourceTree = "<group>"; };
		DA0FE3E11CBDC30F00B64632 /* g5CalendarHeaderView.xib */ = {isa = PBXFileReference; fileEncoding = 4; lastKnownFileType = file.xib; path = g5CalendarHeaderView.xib; sourceTree = "<group>"; };
		DA0FE3E31CBDC32400B64632 /* g5CalendarHeaderView.h */ = {isa = PBXFileReference; fileEncoding = 4; lastKnownFileType = sourcecode.c.h; path = g5CalendarHeaderView.h; sourceTree = "<group>"; };
		DA0FE3E41CBDC32400B64632 /* g5CalendarHeaderView.m */ = {isa = PBXFileReference; fileEncoding = 4; lastKnownFileType = sourcecode.c.objc; path = g5CalendarHeaderView.m; sourceTree = "<group>"; };
		DA1EC0C51CD461BF00605573 /* g5ReminderViewController.h */ = {isa = PBXFileReference; fileEncoding = 4; lastKnownFileType = sourcecode.c.h; path = g5ReminderViewController.h; sourceTree = "<group>"; };
		DA1EC0C61CD461BF00605573 /* g5ReminderViewController.m */ = {isa = PBXFileReference; fileEncoding = 4; lastKnownFileType = sourcecode.c.objc; path = g5ReminderViewController.m; sourceTree = "<group>"; };
		DA1EC0CE1CD461D700605573 /* g5ReminderViewController.xib */ = {isa = PBXFileReference; fileEncoding = 4; lastKnownFileType = file.xib; path = g5ReminderViewController.xib; sourceTree = "<group>"; };
		DA1EC0D51CD4623900605573 /* IBCellFlipSegue.h */ = {isa = PBXFileReference; fileEncoding = 4; lastKnownFileType = sourcecode.c.h; path = IBCellFlipSegue.h; sourceTree = "<group>"; };
		DA1EC0D61CD4623900605573 /* IBCellFlipSegue.m */ = {isa = PBXFileReference; fileEncoding = 4; lastKnownFileType = sourcecode.c.objc; path = IBCellFlipSegue.m; sourceTree = "<group>"; };
		DA1EC0D81CD4625F00605573 /* QuartzCore.framework */ = {isa = PBXFileReference; lastKnownFileType = wrapper.framework; name = QuartzCore.framework; path = System/Library/Frameworks/QuartzCore.framework; sourceTree = SDKROOT; };
		DA297EDB1CA21787001D6148 /* g5ConfigAndMacros.h */ = {isa = PBXFileReference; fileEncoding = 4; lastKnownFileType = sourcecode.c.h; path = g5ConfigAndMacros.h; sourceTree = "<group>"; };
		DA297EE31CA231F9001D6148 /* g5EmoticonSelectionViewController.xib */ = {isa = PBXFileReference; fileEncoding = 4; lastKnownFileType = file.xib; path = g5EmoticonSelectionViewController.xib; sourceTree = "<group>"; };
		DA297EE71CA23ED0001D6148 /* g5EmoticonCell.h */ = {isa = PBXFileReference; fileEncoding = 4; lastKnownFileType = sourcecode.c.h; path = g5EmoticonCell.h; sourceTree = "<group>"; };
		DA297EE81CA23ED0001D6148 /* g5EmoticonCell.m */ = {isa = PBXFileReference; fileEncoding = 4; lastKnownFileType = sourcecode.c.objc; path = g5EmoticonCell.m; sourceTree = "<group>"; };
		DA297EE91CA23ED0001D6148 /* g5EmoticonCell.xib */ = {isa = PBXFileReference; fileEncoding = 4; lastKnownFileType = file.xib; path = g5EmoticonCell.xib; sourceTree = "<group>"; };
		DA2DB92A1CFCA6660096D7BA /* g5LocationClient.h */ = {isa = PBXFileReference; fileEncoding = 4; lastKnownFileType = sourcecode.c.h; path = g5LocationClient.h; sourceTree = "<group>"; };
		DA2EA6D81CFB5424004338CA /* g5DayOfTheWeekViewController.h */ = {isa = PBXFileReference; fileEncoding = 4; lastKnownFileType = sourcecode.c.h; path = g5DayOfTheWeekViewController.h; sourceTree = "<group>"; };
		DA2EA6D91CFB5424004338CA /* g5DayOfTheWeekViewController.m */ = {isa = PBXFileReference; fileEncoding = 4; lastKnownFileType = sourcecode.c.objc; path = g5DayOfTheWeekViewController.m; sourceTree = "<group>"; };
		DA2EA6DA1CFB5424004338CA /* g5DayOfTheWeekViewController.xib */ = {isa = PBXFileReference; fileEncoding = 4; lastKnownFileType = file.xib; path = g5DayOfTheWeekViewController.xib; sourceTree = "<group>"; };
		DA2EA6DD1CFB569F004338CA /* g5DayOfTheWeekCondition.h */ = {isa = PBXFileReference; fileEncoding = 4; lastKnownFileType = sourcecode.c.h; path = g5DayOfTheWeekCondition.h; sourceTree = "<group>"; };
		DA2EA6DE1CFB569F004338CA /* g5DayOfTheWeekCondition.m */ = {isa = PBXFileReference; fileEncoding = 4; lastKnownFileType = sourcecode.c.objc; path = g5DayOfTheWeekCondition.m; sourceTree = "<group>"; };
		DA2EA6E01CFB6AE4004338CA /* g5DayOfTheWeekConditionTableViewCell.h */ = {isa = PBXFileReference; fileEncoding = 4; lastKnownFileType = sourcecode.c.h; path = g5DayOfTheWeekConditionTableViewCell.h; sourceTree = "<group>"; };
		DA2EA6E11CFB6AE4004338CA /* g5DayOfTheWeekConditionTableViewCell.m */ = {isa = PBXFileReference; fileEncoding = 4; lastKnownFileType = sourcecode.c.objc; path = g5DayOfTheWeekConditionTableViewCell.m; sourceTree = "<group>"; };
		DA2EA6E21CFB6AE4004338CA /* g5DayOfTheWeekConditionTableViewCell.xib */ = {isa = PBXFileReference; fileEncoding = 4; lastKnownFileType = file.xib; path = g5DayOfTheWeekConditionTableViewCell.xib; sourceTree = "<group>"; };
		DA30CEE61C9DD38900FD4438 /* g5Mindr.app */ = {isa = PBXFileReference; explicitFileType = wrapper.application; includeInIndex = 0; path = g5Mindr.app; sourceTree = BUILT_PRODUCTS_DIR; };
		DA30CEEA1C9DD38900FD4438 /* main.m */ = {isa = PBXFileReference; lastKnownFileType = sourcecode.c.objc; path = main.m; sourceTree = "<group>"; };
		DA30CEEC1C9DD38900FD4438 /* AppDelegate.h */ = {isa = PBXFileReference; lastKnownFileType = sourcecode.c.h; path = AppDelegate.h; sourceTree = "<group>"; };
		DA30CEED1C9DD38900FD4438 /* AppDelegate.m */ = {isa = PBXFileReference; lastKnownFileType = sourcecode.c.objc; path = AppDelegate.m; sourceTree = "<group>"; };
		DA30CEF51C9DD38900FD4438 /* Assets.xcassets */ = {isa = PBXFileReference; lastKnownFileType = folder.assetcatalog; path = Assets.xcassets; sourceTree = "<group>"; };
		DA30CEF81C9DD38900FD4438 /* Base */ = {isa = PBXFileReference; lastKnownFileType = file.storyboard; name = Base; path = Base.lproj/LaunchScreen.storyboard; sourceTree = "<group>"; };
		DA30CEFA1C9DD38900FD4438 /* Info.plist */ = {isa = PBXFileReference; lastKnownFileType = text.plist.xml; path = Info.plist; sourceTree = "<group>"; };
		DA30CF291C9DF96A00FD4438 /* g5ReminderManager.h */ = {isa = PBXFileReference; fileEncoding = 4; lastKnownFileType = sourcecode.c.h; path = g5ReminderManager.h; sourceTree = "<group>"; };
		DA30CF2A1C9DF96A00FD4438 /* g5ReminderManager.m */ = {isa = PBXFileReference; fileEncoding = 4; lastKnownFileType = sourcecode.c.objc; path = g5ReminderManager.m; sourceTree = "<group>"; };
		DA30CF311C9E05B100FD4438 /* MDRCondition.h */ = {isa = PBXFileReference; fileEncoding = 4; lastKnownFileType = sourcecode.c.h; path = MDRCondition.h; sourceTree = "<group>"; };
		DA30CF321C9E05B100FD4438 /* MDRCondition.m */ = {isa = PBXFileReference; fileEncoding = 4; lastKnownFileType = sourcecode.c.objc; path = MDRCondition.m; sourceTree = "<group>"; };
		DA30CF341C9E05B100FD4438 /* MDRReminder.h */ = {isa = PBXFileReference; fileEncoding = 4; lastKnownFileType = sourcecode.c.h; path = MDRReminder.h; sourceTree = "<group>"; };
		DA30CF351C9E05B100FD4438 /* MDRReminder.m */ = {isa = PBXFileReference; fileEncoding = 4; lastKnownFileType = sourcecode.c.objc; path = MDRReminder.m; sourceTree = "<group>"; };
		DA30CF391C9E064A00FD4438 /* g5Weather.h */ = {isa = PBXFileReference; fileEncoding = 4; lastKnownFileType = sourcecode.c.h; path = g5Weather.h; sourceTree = "<group>"; };
		DA30CF3A1C9E064A00FD4438 /* g5Weather.m */ = {isa = PBXFileReference; fileEncoding = 4; lastKnownFileType = sourcecode.c.objc; path = g5Weather.m; sourceTree = "<group>"; };
		DA30CF3E1C9E239200FD4438 /* g5LocationCondition.h */ = {isa = PBXFileReference; fileEncoding = 4; lastKnownFileType = sourcecode.c.h; path = g5LocationCondition.h; sourceTree = "<group>"; };
		DA30CF3F1C9E239200FD4438 /* g5LocationCondition.m */ = {isa = PBXFileReference; fileEncoding = 4; lastKnownFileType = sourcecode.c.objc; path = g5LocationCondition.m; sourceTree = "<group>"; };
		DA30CF411C9E23AD00FD4438 /* g5WeatherTypeCondition.h */ = {isa = PBXFileReference; fileEncoding = 4; lastKnownFileType = sourcecode.c.h; path = g5WeatherTypeCondition.h; sourceTree = "<group>"; };
		DA30CF421C9E23AD00FD4438 /* g5WeatherTypeCondition.m */ = {isa = PBXFileReference; fileEncoding = 4; lastKnownFileType = sourcecode.c.objc; path = g5WeatherTypeCondition.m; sourceTree = "<group>"; };
		DA30CF441C9E23BE00FD4438 /* g5TemperatureCondition.h */ = {isa = PBXFileReference; fileEncoding = 4; lastKnownFileType = sourcecode.c.h; path = g5TemperatureCondition.h; sourceTree = "<group>"; };
		DA30CF451C9E23BE00FD4438 /* g5TemperatureCondition.m */ = {isa = PBXFileReference; fileEncoding = 4; lastKnownFileType = sourcecode.c.objc; path = g5TemperatureCondition.m; sourceTree = "<group>"; };
		DA30CF5F1C9E3ABB00FD4438 /* g5ConditionTableViewCell.h */ = {isa = PBXFileReference; fileEncoding = 4; lastKnownFileType = sourcecode.c.h; path = g5ConditionTableViewCell.h; sourceTree = "<group>"; };
		DA30CF601C9E3ABB00FD4438 /* g5ConditionTableViewCell.m */ = {isa = PBXFileReference; fileEncoding = 4; lastKnownFileType = sourcecode.c.objc; path = g5ConditionTableViewCell.m; sourceTree = "<group>"; };
		DA30CF681C9E448000FD4438 /* g5ReminderTableViewCell.h */ = {isa = PBXFileReference; fileEncoding = 4; lastKnownFileType = sourcecode.c.h; path = g5ReminderTableViewCell.h; sourceTree = "<group>"; };
		DA30CF691C9E448000FD4438 /* g5ReminderTableViewCell.m */ = {isa = PBXFileReference; fileEncoding = 4; lastKnownFileType = sourcecode.c.objc; path = g5ReminderTableViewCell.m; sourceTree = "<group>"; };
		DA508DF61CCF0B4100C96AED /* offSwitchBackground.png */ = {isa = PBXFileReference; lastKnownFileType = image.png; path = offSwitchBackground.png; sourceTree = "<group>"; };
		DA508DF71CCF0B4100C96AED /* offSwitchBackground@2x.png */ = {isa = PBXFileReference; lastKnownFileType = image.png; path = "offSwitchBackground@2x.png"; sourceTree = "<group>"; };
		DA508DF81CCF0B4100C96AED /* offSwitchKnob.png */ = {isa = PBXFileReference; lastKnownFileType = image.png; path = offSwitchKnob.png; sourceTree = "<group>"; };
		DA508DF91CCF0B4100C96AED /* offSwitchKnob@2x.png */ = {isa = PBXFileReference; lastKnownFileType = image.png; path = "offSwitchKnob@2x.png"; sourceTree = "<group>"; };
		DA508DFA1CCF0B4100C96AED /* onSwitchKnob.png */ = {isa = PBXFileReference; lastKnownFileType = image.png; path = onSwitchKnob.png; sourceTree = "<group>"; };
		DA508DFB1CCF0B4100C96AED /* onSwitchKnob@2x.png */ = {isa = PBXFileReference; lastKnownFileType = image.png; path = "onSwitchKnob@2x.png"; sourceTree = "<group>"; };
		DA508DFC1CCF0B4100C96AED /* Switch.png */ = {isa = PBXFileReference; lastKnownFileType = image.png; path = Switch.png; sourceTree = "<group>"; };
		DA508DFD1CCF0B4100C96AED /* Switch@2x.png */ = {isa = PBXFileReference; lastKnownFileType = image.png; path = "Switch@2x.png"; sourceTree = "<group>"; };
		DA508DFE1CCF0B4100C96AED /* OnSwitchView.h */ = {isa = PBXFileReference; fileEncoding = 4; lastKnownFileType = sourcecode.c.h; path = OnSwitchView.h; sourceTree = "<group>"; };
		DA508DFF1CCF0B4100C96AED /* OnSwitchView.m */ = {isa = PBXFileReference; fileEncoding = 4; lastKnownFileType = sourcecode.c.objc; path = OnSwitchView.m; sourceTree = "<group>"; };
		DA543D971D0C9F920079BBB0 /* MDRTemperatureComponents.h */ = {isa = PBXFileReference; fileEncoding = 4; lastKnownFileType = sourcecode.c.h; path = MDRTemperatureComponents.h; sourceTree = "<group>"; };
		DA543D981D0C9F920079BBB0 /* MDRTemperatureComponents.m */ = {isa = PBXFileReference; fileEncoding = 4; lastKnownFileType = sourcecode.c.objc; path = MDRTemperatureComponents.m; sourceTree = "<group>"; };
		DA543D9B1D0CA1D20079BBB0 /* HROPickerTableView.h */ = {isa = PBXFileReference; fileEncoding = 4; lastKnownFileType = sourcecode.c.h; path = HROPickerTableView.h; sourceTree = "<group>"; };
		DA543D9C1D0CA1D20079BBB0 /* HROPickerTableView.m */ = {isa = PBXFileReference; fileEncoding = 4; lastKnownFileType = sourcecode.c.objc; path = HROPickerTableView.m; sourceTree = "<group>"; };
		DA543D9E1D0CC9E00079BBB0 /* UIGestureRecognizer+Cancel.h */ = {isa = PBXFileReference; fileEncoding = 4; lastKnownFileType = sourcecode.c.h; path = "UIGestureRecognizer+Cancel.h"; sourceTree = "<group>"; };
		DA543D9F1D0CC9E00079BBB0 /* UIGestureRecognizer+Cancel.m */ = {isa = PBXFileReference; fileEncoding = 4; lastKnownFileType = sourcecode.c.objc; path = "UIGestureRecognizer+Cancel.m"; sourceTree = "<group>"; };
		DA7BB1A61D15C17100A61D54 /* MDRReminderContext.h */ = {isa = PBXFileReference; fileEncoding = 4; lastKnownFileType = sourcecode.c.h; path = MDRReminderContext.h; sourceTree = "<group>"; };
		DA7BB1A71D15C17100A61D54 /* MDRReminderContext.m */ = {isa = PBXFileReference; fileEncoding = 4; lastKnownFileType = sourcecode.c.objc; path = MDRReminderContext.m; sourceTree = "<group>"; };
		DA7BB1A91D15CC3F00A61D54 /* MDRLocationMonitor.h */ = {isa = PBXFileReference; fileEncoding = 4; lastKnownFileType = sourcecode.c.h; path = MDRLocationMonitor.h; sourceTree = "<group>"; };
		DA7BB1AA1D15CC3F00A61D54 /* MDRLocationMonitor.m */ = {isa = PBXFileReference; fileEncoding = 4; lastKnownFileType = sourcecode.c.objc; path = MDRLocationMonitor.m; sourceTree = "<group>"; };
		DA863AB51CE6CC5900568A79 /* g5ConditionListViewController.h */ = {isa = PBXFileReference; fileEncoding = 4; lastKnownFileType = sourcecode.c.h; path = g5ConditionListViewController.h; sourceTree = "<group>"; };
		DA863AB61CE6CC5900568A79 /* g5ConditionListViewController.m */ = {isa = PBXFileReference; fileEncoding = 4; lastKnownFileType = sourcecode.c.objc; path = g5ConditionListViewController.m; sourceTree = "<group>"; };
		DA863AB71CE6CC5900568A79 /* g5CreateReminderConditionListViewController.h */ = {isa = PBXFileReference; fileEncoding = 4; lastKnownFileType = sourcecode.c.h; path = g5CreateReminderConditionListViewController.h; sourceTree = "<group>"; };
		DA863AB81CE6CC5900568A79 /* g5CreateReminderConditionListViewController.m */ = {isa = PBXFileReference; fileEncoding = 4; lastKnownFileType = sourcecode.c.objc; path = g5CreateReminderConditionListViewController.m; sourceTree = "<group>"; };
		DA863AB91CE6CC5900568A79 /* g5EditReminderConditionListViewController.h */ = {isa = PBXFileReference; fileEncoding = 4; lastKnownFileType = sourcecode.c.h; path = g5EditReminderConditionListViewController.h; sourceTree = "<group>"; };
		DA863ABA1CE6CC5900568A79 /* g5EditReminderConditionListViewController.m */ = {isa = PBXFileReference; fileEncoding = 4; lastKnownFileType = sourcecode.c.objc; path = g5EditReminderConditionListViewController.m; sourceTree = "<group>"; };
		DA863ABB1CE6CC5900568A79 /* g5EmoticonSelectionViewController.h */ = {isa = PBXFileReference; fileEncoding = 4; lastKnownFileType = sourcecode.c.h; path = g5EmoticonSelectionViewController.h; sourceTree = "<group>"; };
		DA863ABC1CE6CC5900568A79 /* g5EmoticonSelectionViewController.m */ = {isa = PBXFileReference; fileEncoding = 4; lastKnownFileType = sourcecode.c.objc; path = g5EmoticonSelectionViewController.m; sourceTree = "<group>"; };
		DA863ABF1CE6CC5900568A79 /* g5ReminderExplanationViewController.h */ = {isa = PBXFileReference; fileEncoding = 4; lastKnownFileType = sourcecode.c.h; path = g5ReminderExplanationViewController.h; sourceTree = "<group>"; };
		DA863AC01CE6CC5900568A79 /* g5ReminderExplanationViewController.m */ = {isa = PBXFileReference; fileEncoding = 4; lastKnownFileType = sourcecode.c.objc; path = g5ReminderExplanationViewController.m; sourceTree = "<group>"; };
		DAB092411CDD839F00F1157B /* emoticons.plist */ = {isa = PBXFileReference; fileEncoding = 4; lastKnownFileType = text.plist.xml; path = emoticons.plist; sourceTree = "<group>"; };
		DAB092431CDFA48300F1157B /* g5ReminderDetailButtonTableViewCell.h */ = {isa = PBXFileReference; fileEncoding = 4; lastKnownFileType = sourcecode.c.h; path = g5ReminderDetailButtonTableViewCell.h; sourceTree = "<group>"; };
		DAB092441CDFA48300F1157B /* g5ReminderDetailButtonTableViewCell.m */ = {isa = PBXFileReference; fileEncoding = 4; lastKnownFileType = sourcecode.c.objc; path = g5ReminderDetailButtonTableViewCell.m; sourceTree = "<group>"; };
		DAB092451CDFA48300F1157B /* g5ReminderDetailButtonTableViewCell.xib */ = {isa = PBXFileReference; fileEncoding = 4; lastKnownFileType = file.xib; path = g5ReminderDetailButtonTableViewCell.xib; sourceTree = "<group>"; };
		DAB28E741CB98D24007F14A2 /* g5CalendarRowTableViewCell.h */ = {isa = PBXFileReference; fileEncoding = 4; lastKnownFileType = sourcecode.c.h; path = g5CalendarRowTableViewCell.h; sourceTree = "<group>"; };
		DAB28E751CB98D24007F14A2 /* g5CalendarRowTableViewCell.m */ = {isa = PBXFileReference; fileEncoding = 4; lastKnownFileType = sourcecode.c.objc; path = g5CalendarRowTableViewCell.m; sourceTree = "<group>"; };
		DAB28E771CB98D24007F14A2 /* g5CalendarTableViewController.h */ = {isa = PBXFileReference; fileEncoding = 4; lastKnownFileType = sourcecode.c.h; path = g5CalendarTableViewController.h; sourceTree = "<group>"; };
		DAB28E781CB98D24007F14A2 /* g5CalendarTableViewController.m */ = {isa = PBXFileReference; fileEncoding = 4; lastKnownFileType = sourcecode.c.objc; path = g5CalendarTableViewController.m; sourceTree = "<group>"; };
		DAB28E891CBB3E8B007F14A2 /* g5CalendarProtocols.h */ = {isa = PBXFileReference; fileEncoding = 4; lastKnownFileType = sourcecode.c.h; path = g5CalendarProtocols.h; sourceTree = "<group>"; };
		DAB28E8D1CBB61FD007F14A2 /* g5CalendarRowTableViewCell.xib */ = {isa = PBXFileReference; fileEncoding = 4; lastKnownFileType = file.xib; path = g5CalendarRowTableViewCell.xib; sourceTree = "<group>"; };
		DABED0961CA39E27004100AF /* g5LocationConditionViewController.xib */ = {isa = PBXFileReference; fileEncoding = 4; lastKnownFileType = file.xib; path = g5LocationConditionViewController.xib; sourceTree = "<group>"; };
		DABED0971CA39E27004100AF /* g5TemperatureConditionViewController.xib */ = {isa = PBXFileReference; fileEncoding = 4; lastKnownFileType = file.xib; path = g5TemperatureConditionViewController.xib; sourceTree = "<group>"; };
		DABED0981CA39E27004100AF /* g5WeatherTypeConditionViewController.xib */ = {isa = PBXFileReference; fileEncoding = 4; lastKnownFileType = file.xib; path = g5WeatherTypeConditionViewController.xib; sourceTree = "<group>"; };
		DAC8BF151CCC5E7A004CA7D6 /* MDRWeatherMonitor.h */ = {isa = PBXFileReference; fileEncoding = 4; lastKnownFileType = sourcecode.c.h; path = MDRWeatherMonitor.h; sourceTree = "<group>"; };
		DAC8BF161CCC5E7A004CA7D6 /* MDRWeatherMonitor.m */ = {isa = PBXFileReference; fileEncoding = 4; lastKnownFileType = sourcecode.c.objc; path = MDRWeatherMonitor.m; sourceTree = "<group>"; };
		DAC8BF1E1CCC6CF0004CA7D6 /* g5ReminderExplanationViewController.xib */ = {isa = PBXFileReference; fileEncoding = 4; lastKnownFileType = file.xib; path = g5ReminderExplanationViewController.xib; sourceTree = "<group>"; };
		DAC8BF211CCC6D5F004CA7D6 /* g5ConditionViewController.h */ = {isa = PBXFileReference; fileEncoding = 4; lastKnownFileType = sourcecode.c.h; path = g5ConditionViewController.h; sourceTree = "<group>"; };
		DAC8BF221CCC6D5F004CA7D6 /* g5ConditionViewController.m */ = {isa = PBXFileReference; fileEncoding = 4; lastKnownFileType = sourcecode.c.objc; path = g5ConditionViewController.m; sourceTree = "<group>"; };
		DAC8BF231CCC6D5F004CA7D6 /* g5DateConditionViewController.h */ = {isa = PBXFileReference; fileEncoding = 4; lastKnownFileType = sourcecode.c.h; path = g5DateConditionViewController.h; sourceTree = "<group>"; };
		DAC8BF241CCC6D5F004CA7D6 /* g5DateConditionViewController.m */ = {isa = PBXFileReference; fileEncoding = 4; lastKnownFileType = sourcecode.c.objc; path = g5DateConditionViewController.m; sourceTree = "<group>"; };
		DAC8BF251CCC6D5F004CA7D6 /* g5LocationConditionViewController.h */ = {isa = PBXFileReference; fileEncoding = 4; lastKnownFileType = sourcecode.c.h; path = g5LocationConditionViewController.h; sourceTree = "<group>"; };
		DAC8BF261CCC6D5F004CA7D6 /* g5LocationConditionViewController.m */ = {isa = PBXFileReference; fileEncoding = 4; lastKnownFileType = sourcecode.c.objc; path = g5LocationConditionViewController.m; sourceTree = "<group>"; };
		DAC8BF271CCC6D5F004CA7D6 /* g5TemperatureConditionViewController.h */ = {isa = PBXFileReference; fileEncoding = 4; lastKnownFileType = sourcecode.c.h; path = g5TemperatureConditionViewController.h; sourceTree = "<group>"; };
		DAC8BF281CCC6D5F004CA7D6 /* g5TemperatureConditionViewController.m */ = {isa = PBXFileReference; fileEncoding = 4; lastKnownFileType = sourcecode.c.objc; path = g5TemperatureConditionViewController.m; sourceTree = "<group>"; };
		DAC8BF291CCC6D5F004CA7D6 /* g5TimeConditionViewController.h */ = {isa = PBXFileReference; fileEncoding = 4; lastKnownFileType = sourcecode.c.h; path = g5TimeConditionViewController.h; sourceTree = "<group>"; };
		DAC8BF2A1CCC6D5F004CA7D6 /* g5TimeConditionViewController.m */ = {isa = PBXFileReference; fileEncoding = 4; lastKnownFileType = sourcecode.c.objc; path = g5TimeConditionViewController.m; sourceTree = "<group>"; };
		DAC8BF2B1CCC6D5F004CA7D6 /* g5WeatherTypeConditionViewController.h */ = {isa = PBXFileReference; fileEncoding = 4; lastKnownFileType = sourcecode.c.h; path = g5WeatherTypeConditionViewController.h; sourceTree = "<group>"; };
		DAC8BF2C1CCC6D5F004CA7D6 /* g5WeatherTypeConditionViewController.m */ = {isa = PBXFileReference; fileEncoding = 4; lastKnownFileType = sourcecode.c.objc; path = g5WeatherTypeConditionViewController.m; sourceTree = "<group>"; };
		DAD71D661CCAB44700F42BB8 /* emoticons_2.plist */ = {isa = PBXFileReference; fileEncoding = 4; lastKnownFileType = text.plist.xml; path = emoticons_2.plist; sourceTree = "<group>"; };
		DAE9CAC61CA4A41700849427 /* g5DateCondition.h */ = {isa = PBXFileReference; fileEncoding = 4; lastKnownFileType = sourcecode.c.h; path = g5DateCondition.h; sourceTree = "<group>"; };
		DAE9CAC71CA4A41700849427 /* g5DateCondition.m */ = {isa = PBXFileReference; fileEncoding = 4; lastKnownFileType = sourcecode.c.objc; path = g5DateCondition.m; sourceTree = "<group>"; };
		DAE9CAC91CA4A42700849427 /* g5TimeCondition.h */ = {isa = PBXFileReference; fileEncoding = 4; lastKnownFileType = sourcecode.c.h; path = g5TimeCondition.h; sourceTree = "<group>"; };
		DAE9CACA1CA4A42700849427 /* g5TimeCondition.m */ = {isa = PBXFileReference; fileEncoding = 4; lastKnownFileType = sourcecode.c.objc; path = g5TimeCondition.m; sourceTree = "<group>"; };
		DAE9CACD1CA4A4BF00849427 /* g5CalendarClient.h */ = {isa = PBXFileReference; fileEncoding = 4; lastKnownFileType = sourcecode.c.h; path = g5CalendarClient.h; sourceTree = "<group>"; };
		DAE9CACF1CA4A4BF00849427 /* g5OpenWeatherClient.h */ = {isa = PBXFileReference; fileEncoding = 4; lastKnownFileType = sourcecode.c.h; path = g5OpenWeatherClient.h; sourceTree = "<group>"; };
		DAE9CAD01CA4A4BF00849427 /* g5OpenWeatherClient.m */ = {isa = PBXFileReference; fileEncoding = 4; lastKnownFileType = sourcecode.c.objc; path = g5OpenWeatherClient.m; sourceTree = "<group>"; };
		DAE9CAD11CA4A4BF00849427 /* g5WeatherClient.h */ = {isa = PBXFileReference; fileEncoding = 4; lastKnownFileType = sourcecode.c.h; path = g5WeatherClient.h; sourceTree = "<group>"; };
		DAE9CAE31CA4AF9F00849427 /* g5DateConditionViewController.xib */ = {isa = PBXFileReference; fileEncoding = 4; lastKnownFileType = file.xib; path = g5DateConditionViewController.xib; sourceTree = "<group>"; };
		DAF36BA81D063D1C001DF406 /* g5TimeConditionViewController.xib */ = {isa = PBXFileReference; fileEncoding = 4; lastKnownFileType = file.xib; path = g5TimeConditionViewController.xib; sourceTree = "<group>"; };
		DAF36BAA1D06409A001DF406 /* MDRTimeComponents.h */ = {isa = PBXFileReference; fileEncoding = 4; lastKnownFileType = sourcecode.c.h; path = MDRTimeComponents.h; sourceTree = "<group>"; };
		DAF36BAB1D06409A001DF406 /* MDRTimeComponents.m */ = {isa = PBXFileReference; fileEncoding = 4; lastKnownFileType = sourcecode.c.objc; path = MDRTimeComponents.m; sourceTree = "<group>"; };
		DAF412541CF0CC950092DEF8 /* HROBounceNavigationController.h */ = {isa = PBXFileReference; fileEncoding = 4; lastKnownFileType = sourcecode.c.h; path = HROBounceNavigationController.h; sourceTree = "<group>"; };
		DAF412551CF0CC950092DEF8 /* HROBounceNavigationController.m */ = {isa = PBXFileReference; fileEncoding = 4; lastKnownFileType = sourcecode.c.objc; path = HROBounceNavigationController.m; sourceTree = "<group>"; };
		DAF412561CF0CC950092DEF8 /* HROBounceNavigationController.xib */ = {isa = PBXFileReference; fileEncoding = 4; lastKnownFileType = file.xib; path = HROBounceNavigationController.xib; sourceTree = "<group>"; };
		DAF4125A1CF0D7730092DEF8 /* g5ConditionTableViewCell.xib */ = {isa = PBXFileReference; fileEncoding = 4; lastKnownFileType = file.xib; path = g5ConditionTableViewCell.xib; sourceTree = "<group>"; };
		DAF4125B1CF0D7730092DEF8 /* g5ReminderTableViewCell.xib */ = {isa = PBXFileReference; fileEncoding = 4; lastKnownFileType = file.xib; path = g5ReminderTableViewCell.xib; sourceTree = "<group>"; };
		DAF4125C1CF0D7730092DEF8 /* g5WeatherTypeConditionTableViewCell.xib */ = {isa = PBXFileReference; fileEncoding = 4; lastKnownFileType = file.xib; path = g5WeatherTypeConditionTableViewCell.xib; sourceTree = "<group>"; };
		DAF727AB1D1ED36400A3193E /* MDRReminderClient.h */ = {isa = PBXFileReference; fileEncoding = 4; lastKnownFileType = sourcecode.c.h; path = MDRReminderClient.h; sourceTree = "<group>"; };
		DAF727AC1D1ED36400A3193E /* MDRReminderClient.m */ = {isa = PBXFileReference; fileEncoding = 4; lastKnownFileType = sourcecode.c.objc; path = MDRReminderClient.m; sourceTree = "<group>"; };
		DAF727AE1D1EE4E700A3193E /* MDRMessageAndCopy.h */ = {isa = PBXFileReference; fileEncoding = 4; lastKnownFileType = sourcecode.c.h; path = MDRMessageAndCopy.h; sourceTree = "<group>"; };
		DAFD65181CD52DAC00E92729 /* g5ReminderDetailSectionTableViewCell.h */ = {isa = PBXFileReference; fileEncoding = 4; lastKnownFileType = sourcecode.c.h; path = g5ReminderDetailSectionTableViewCell.h; sourceTree = "<group>"; };
		DAFD65191CD52DAC00E92729 /* g5ReminderDetailSectionTableViewCell.m */ = {isa = PBXFileReference; fileEncoding = 4; lastKnownFileType = sourcecode.c.objc; path = g5ReminderDetailSectionTableViewCell.m; sourceTree = "<group>"; };
		DAFD651A1CD52DAC00E92729 /* g5ReminderDetailSectionTableViewCell.xib */ = {isa = PBXFileReference; fileEncoding = 4; lastKnownFileType = file.xib; path = g5ReminderDetailSectionTableViewCell.xib; sourceTree = "<group>"; };
		DAFD65201CD5414700E92729 /* g5ReminderListViewController.h */ = {isa = PBXFileReference; fileEncoding = 4; lastKnownFileType = sourcecode.c.h; path = g5ReminderListViewController.h; sourceTree = "<group>"; };
		DAFD65211CD5414700E92729 /* g5ReminderListViewController.m */ = {isa = PBXFileReference; fileEncoding = 4; lastKnownFileType = sourcecode.c.objc; path = g5ReminderListViewController.m; sourceTree = "<group>"; };
		DAFD65291CD5611900E92729 /* mindrBounceNavigationViewController.h */ = {isa = PBXFileReference; fileEncoding = 4; lastKnownFileType = sourcecode.c.h; path = mindrBounceNavigationViewController.h; sourceTree = "<group>"; };
		DAFD652A1CD5611900E92729 /* mindrBounceNavigationViewController.m */ = {isa = PBXFileReference; fileEncoding = 4; lastKnownFileType = sourcecode.c.objc; path = mindrBounceNavigationViewController.m; sourceTree = "<group>"; };
		DF012F8FE2553B4858C780AC /* Pods-g5Mindr.release.xcconfig */ = {isa = PBXFileReference; includeInIndex = 1; lastKnownFileType = text.xcconfig; name = "Pods-g5Mindr.release.xcconfig"; path = "Pods/Target Support Files/Pods-g5Mindr/Pods-g5Mindr.release.xcconfig"; sourceTree = "<group>"; };
		F68F2BBC91E335A39C3983EB /* libPods-g5Mindr.a */ = {isa = PBXFileReference; explicitFileType = archive.ar; includeInIndex = 0; path = "libPods-g5Mindr.a"; sourceTree = BUILT_PRODUCTS_DIR; };
/* End PBXFileReference section */

/* Begin PBXFrameworksBuildPhase section */
		DA30CEE31C9DD38900FD4438 /* Frameworks */ = {
			isa = PBXFrameworksBuildPhase;
			buildActionMask = 2147483647;
			files = (
				DA1EC0D91CD4625F00605573 /* QuartzCore.framework in Frameworks */,
				DA0C4B481CC4640C0030F927 /* libz.tbd in Frameworks */,
				DA0C4B461CC463FF0030F927 /* libsqlite3.tbd in Frameworks */,
				DA0C4B441CC463ED0030F927 /* SystemConfiguration.framework in Frameworks */,
				DA0C4B421CC463E30030F927 /* Security.framework in Frameworks */,
				DA0C4B401CC463DD0030F927 /* CFNetwork.framework in Frameworks */,
				DA0C4B3E1CC4639C0030F927 /* CouchbaseLite.framework in Frameworks */,
				BD028C634A303CB3F1DA96B6 /* libPods-g5Mindr.a in Frameworks */,
			);
			runOnlyForDeploymentPostprocessing = 0;
		};
/* End PBXFrameworksBuildPhase section */

/* Begin PBXGroup section */
		DA1EC0D31CD4623900605573 /* Third Party */ = {
			isa = PBXGroup;
			children = (
				DA1EC0D41CD4623900605573 /* IBCellFlipSegue */,
			);
			path = "Third Party";
			sourceTree = SOURCE_ROOT;
		};
		DA1EC0D41CD4623900605573 /* IBCellFlipSegue */ = {
			isa = PBXGroup;
			children = (
				DA1EC0D51CD4623900605573 /* IBCellFlipSegue.h */,
				DA1EC0D61CD4623900605573 /* IBCellFlipSegue.m */,
			);
			path = IBCellFlipSegue;
			sourceTree = "<group>";
		};
		DA2DB9291CFCA6010096D7BA /* Location Client */ = {
			isa = PBXGroup;
			children = (
				DA2DB92A1CFCA6660096D7BA /* g5LocationClient.h */,
			);
			path = "Location Client";
			sourceTree = "<group>";
		};
		DA30CEDD1C9DD38900FD4438 = {
			isa = PBXGroup;
			children = (
				DA543D9A1D0CA1D20079BBB0 /* HROPickerTableView */,
				DAF412531CF0CC950092DEF8 /* HROBounceNavigator */,
				DAB28E731CB98D24007F14A2 /* g5Calendar */,
				DA30CEE81C9DD38900FD4438 /* g5Mindr */,
				DA30CEE71C9DD38900FD4438 /* Products */,
				EDAB08D7732F829C49492843 /* Pods */,
				DE203C273EE8525155F6095F /* Frameworks */,
			);
			sourceTree = "<group>";
		};
		DA30CEE71C9DD38900FD4438 /* Products */ = {
			isa = PBXGroup;
			children = (
				DA30CEE61C9DD38900FD4438 /* g5Mindr.app */,
			);
			name = Products;
			sourceTree = "<group>";
		};
		DA30CEE81C9DD38900FD4438 /* g5Mindr */ = {
			isa = PBXGroup;
			children = (
				DAF727AE1D1EE4E700A3193E /* MDRMessageAndCopy.h */,
				DA297EDB1CA21787001D6148 /* g5ConfigAndMacros.h */,
				DA543D9E1D0CC9E00079BBB0 /* UIGestureRecognizer+Cancel.h */,
				DA543D9F1D0CC9E00079BBB0 /* UIGestureRecognizer+Cancel.m */,
				DA508DF41CCF0B4100C96AED /* CoreAnimator */,
				DABED0831CA39A40004100AF /* Notifications */,
				DA8F6CAB1CA0B1E100DEF16B /* Client */,
				DA30CF091C9DD4CC00FD4438 /* Managers */,
				DAC8BF121CCC5E7A004CA7D6 /* Monitors */,
				DA30CF001C9DD3AA00FD4438 /* Models */,
				DA30CF5E1C9E3A9B00FD4438 /* Cells */,
				DA30CF011C9DD3AA00FD4438 /* ViewControllers */,
				DA30CF021C9DD3AA00FD4438 /* XIBs */,
				DA30CEEC1C9DD38900FD4438 /* AppDelegate.h */,
				DA30CEED1C9DD38900FD4438 /* AppDelegate.m */,
				DA30CEF51C9DD38900FD4438 /* Assets.xcassets */,
				DA30CEF71C9DD38900FD4438 /* LaunchScreen.storyboard */,
				DA30CEFA1C9DD38900FD4438 /* Info.plist */,
				DA1EC0D31CD4623900605573 /* Third Party */,
				DA30CEE91C9DD38900FD4438 /* Supporting Files */,
				DAD71D651CCAB43000F42BB8 /* Resources */,
			);
			path = g5Mindr;
			sourceTree = "<group>";
		};
		DA30CEE91C9DD38900FD4438 /* Supporting Files */ = {
			isa = PBXGroup;
			children = (
				DA0C4B3D1CC4639C0030F927 /* CouchbaseLite.framework */,
				DA0C4B3B1CC447550030F927 /* Settings.bundle */,
				DA30CEEA1C9DD38900FD4438 /* main.m */,
			);
			name = "Supporting Files";
			sourceTree = "<group>";
		};
		DA30CF001C9DD3AA00FD4438 /* Models */ = {
			isa = PBXGroup;
			children = (
				DA543D971D0C9F920079BBB0 /* MDRTemperatureComponents.h */,
				DA543D981D0C9F920079BBB0 /* MDRTemperatureComponents.m */,
				DAF36BAA1D06409A001DF406 /* MDRTimeComponents.h */,
				DAF36BAB1D06409A001DF406 /* MDRTimeComponents.m */,
				DA30CF301C9E05B100FD4438 /* Conditions */,
				DA30CF331C9E05B100FD4438 /* Reminders */,
				DA30CF361C9E05B100FD4438 /* Weather Data */,
			);
			path = Models;
			sourceTree = "<group>";
		};
		DA30CF011C9DD3AA00FD4438 /* ViewControllers */ = {
			isa = PBXGroup;
			children = (
				DAC8BF201CCC6D5F004CA7D6 /* ConditionViewController */,
				DAFD65291CD5611900E92729 /* mindrBounceNavigationViewController.h */,
				DAFD652A1CD5611900E92729 /* mindrBounceNavigationViewController.m */,
				DA863AB51CE6CC5900568A79 /* g5ConditionListViewController.h */,
				DA863AB61CE6CC5900568A79 /* g5ConditionListViewController.m */,
				DA863AB71CE6CC5900568A79 /* g5CreateReminderConditionListViewController.h */,
				DA863AB81CE6CC5900568A79 /* g5CreateReminderConditionListViewController.m */,
				DA863AB91CE6CC5900568A79 /* g5EditReminderConditionListViewController.h */,
				DA863ABA1CE6CC5900568A79 /* g5EditReminderConditionListViewController.m */,
				DA863ABB1CE6CC5900568A79 /* g5EmoticonSelectionViewController.h */,
				DA863ABC1CE6CC5900568A79 /* g5EmoticonSelectionViewController.m */,
				DA863ABF1CE6CC5900568A79 /* g5ReminderExplanationViewController.h */,
				DA863AC01CE6CC5900568A79 /* g5ReminderExplanationViewController.m */,
				DAFD65201CD5414700E92729 /* g5ReminderListViewController.h */,
				DAFD65211CD5414700E92729 /* g5ReminderListViewController.m */,
				DA1EC0C51CD461BF00605573 /* g5ReminderViewController.h */,
				DA1EC0C61CD461BF00605573 /* g5ReminderViewController.m */,
			);
			path = ViewControllers;
			sourceTree = "<group>";
		};
		DA30CF021C9DD3AA00FD4438 /* XIBs */ = {
			isa = PBXGroup;
			children = (
				DA1EC0CE1CD461D700605573 /* g5ReminderViewController.xib */,
				DAC8BF1E1CCC6CF0004CA7D6 /* g5ReminderExplanationViewController.xib */,
				DAE9CAE31CA4AF9F00849427 /* g5DateConditionViewController.xib */,
				DABED0961CA39E27004100AF /* g5LocationConditionViewController.xib */,
				DABED0971CA39E27004100AF /* g5TemperatureConditionViewController.xib */,
				DABED0981CA39E27004100AF /* g5WeatherTypeConditionViewController.xib */,
				DA297EE31CA231F9001D6148 /* g5EmoticonSelectionViewController.xib */,
			);
			path = XIBs;
			sourceTree = "<group>";
		};
		DA30CF091C9DD4CC00FD4438 /* Managers */ = {
			isa = PBXGroup;
			children = (
				DA0C4B491CC464A00030F927 /* g5PersistenceManager.h */,
				DA0C4B4A1CC464A00030F927 /* g5PersistenceManager.m */,
				DA30CF291C9DF96A00FD4438 /* g5ReminderManager.h */,
				DA30CF2A1C9DF96A00FD4438 /* g5ReminderManager.m */,
			);
			path = Managers;
			sourceTree = "<group>";
		};
		DA30CF301C9E05B100FD4438 /* Conditions */ = {
			isa = PBXGroup;
			children = (
				DA30CF311C9E05B100FD4438 /* MDRCondition.h */,
				DA30CF321C9E05B100FD4438 /* MDRCondition.m */,
				DA30CF3E1C9E239200FD4438 /* g5LocationCondition.h */,
				DA30CF3F1C9E239200FD4438 /* g5LocationCondition.m */,
				DA30CF411C9E23AD00FD4438 /* g5WeatherTypeCondition.h */,
				DA30CF421C9E23AD00FD4438 /* g5WeatherTypeCondition.m */,
				DA30CF441C9E23BE00FD4438 /* g5TemperatureCondition.h */,
				DA30CF451C9E23BE00FD4438 /* g5TemperatureCondition.m */,
				DAE9CAC61CA4A41700849427 /* g5DateCondition.h */,
				DAE9CAC71CA4A41700849427 /* g5DateCondition.m */,
				DAE9CAC91CA4A42700849427 /* g5TimeCondition.h */,
				DAE9CACA1CA4A42700849427 /* g5TimeCondition.m */,
				DA2EA6DD1CFB569F004338CA /* g5DayOfTheWeekCondition.h */,
				DA2EA6DE1CFB569F004338CA /* g5DayOfTheWeekCondition.m */,
			);
			path = Conditions;
			sourceTree = "<group>";
		};
		DA30CF331C9E05B100FD4438 /* Reminders */ = {
			isa = PBXGroup;
			children = (
				DA30CF341C9E05B100FD4438 /* MDRReminder.h */,
				DA30CF351C9E05B100FD4438 /* MDRReminder.m */,
				DA7BB1A61D15C17100A61D54 /* MDRReminderContext.h */,
				DA7BB1A71D15C17100A61D54 /* MDRReminderContext.m */,
			);
			path = Reminders;
			sourceTree = "<group>";
		};
		DA30CF361C9E05B100FD4438 /* Weather Data */ = {
			isa = PBXGroup;
			children = (
				DA30CF391C9E064A00FD4438 /* g5Weather.h */,
				DA30CF3A1C9E064A00FD4438 /* g5Weather.m */,
			);
			path = "Weather Data";
			sourceTree = "<group>";
		};
		DA30CF5E1C9E3A9B00FD4438 /* Cells */ = {
			isa = PBXGroup;
			children = (
				DA2EA6E01CFB6AE4004338CA /* g5DayOfTheWeekConditionTableViewCell.h */,
				DA2EA6E11CFB6AE4004338CA /* g5DayOfTheWeekConditionTableViewCell.m */,
				DA2EA6E21CFB6AE4004338CA /* g5DayOfTheWeekConditionTableViewCell.xib */,
				DA0C4B381CC4374F0030F927 /* g5WeatherTypeConditionTableViewCell.h */,
				DA0C4B391CC4374F0030F927 /* g5WeatherTypeConditionTableViewCell.m */,
				DAF4125C1CF0D7730092DEF8 /* g5WeatherTypeConditionTableViewCell.xib */,
				DA297EE71CA23ED0001D6148 /* g5EmoticonCell.h */,
				DA297EE81CA23ED0001D6148 /* g5EmoticonCell.m */,
				DA297EE91CA23ED0001D6148 /* g5EmoticonCell.xib */,
				DA30CF5F1C9E3ABB00FD4438 /* g5ConditionTableViewCell.h */,
				DA30CF601C9E3ABB00FD4438 /* g5ConditionTableViewCell.m */,
				DAF4125A1CF0D7730092DEF8 /* g5ConditionTableViewCell.xib */,
				DA30CF681C9E448000FD4438 /* g5ReminderTableViewCell.h */,
				DA30CF691C9E448000FD4438 /* g5ReminderTableViewCell.m */,
				DAF4125B1CF0D7730092DEF8 /* g5ReminderTableViewCell.xib */,
				DAFD65181CD52DAC00E92729 /* g5ReminderDetailSectionTableViewCell.h */,
				DAFD65191CD52DAC00E92729 /* g5ReminderDetailSectionTableViewCell.m */,
				DAFD651A1CD52DAC00E92729 /* g5ReminderDetailSectionTableViewCell.xib */,
				DAB092431CDFA48300F1157B /* g5ReminderDetailButtonTableViewCell.h */,
				DAB092441CDFA48300F1157B /* g5ReminderDetailButtonTableViewCell.m */,
				DAB092451CDFA48300F1157B /* g5ReminderDetailButtonTableViewCell.xib */,
			);
			path = Cells;
			sourceTree = "<group>";
		};
		DA508DF41CCF0B4100C96AED /* CoreAnimator */ = {
			isa = PBXGroup;
			children = (
				DA508DF51CCF0B4100C96AED /* images */,
				DA508DFE1CCF0B4100C96AED /* OnSwitchView.h */,
				DA508DFF1CCF0B4100C96AED /* OnSwitchView.m */,
			);
			path = CoreAnimator;
			sourceTree = "<group>";
		};
		DA508DF51CCF0B4100C96AED /* images */ = {
			isa = PBXGroup;
			children = (
				DA508DF61CCF0B4100C96AED /* offSwitchBackground.png */,
				DA508DF71CCF0B4100C96AED /* offSwitchBackground@2x.png */,
				DA508DF81CCF0B4100C96AED /* offSwitchKnob.png */,
				DA508DF91CCF0B4100C96AED /* offSwitchKnob@2x.png */,
				DA508DFA1CCF0B4100C96AED /* onSwitchKnob.png */,
				DA508DFB1CCF0B4100C96AED /* onSwitchKnob@2x.png */,
				DA508DFC1CCF0B4100C96AED /* Switch.png */,
				DA508DFD1CCF0B4100C96AED /* Switch@2x.png */,
			);
			path = images;
			sourceTree = "<group>";
		};
		DA543D9A1D0CA1D20079BBB0 /* HROPickerTableView */ = {
			isa = PBXGroup;
			children = (
				DA543D9B1D0CA1D20079BBB0 /* HROPickerTableView.h */,
				DA543D9C1D0CA1D20079BBB0 /* HROPickerTableView.m */,
			);
			path = HROPickerTableView;
			sourceTree = "<group>";
		};
		DA8F6CAB1CA0B1E100DEF16B /* Client */ = {
			isa = PBXGroup;
			children = (
				DAF727AA1D1ED31E00A3193E /* MINDR Client */,
				DAE9CACC1CA4A4BF00849427 /* Calendar Client */,
				DA2DB9291CFCA6010096D7BA /* Location Client */,
				DAE9CACE1CA4A4BF00849427 /* OpenWeather Client */,
			);
			path = Client;
			sourceTree = "<group>";
		};
		DAB28E731CB98D24007F14A2 /* g5Calendar */ = {
			isa = PBXGroup;
			children = (
				DAB28E7F1CBACD34007F14A2 /* XIBs */,
				DAB28E771CB98D24007F14A2 /* g5CalendarTableViewController.h */,
				DAB28E781CB98D24007F14A2 /* g5CalendarTableViewController.m */,
				DAB28E741CB98D24007F14A2 /* g5CalendarRowTableViewCell.h */,
				DAB28E751CB98D24007F14A2 /* g5CalendarRowTableViewCell.m */,
				DAB28E891CBB3E8B007F14A2 /* g5CalendarProtocols.h */,
				DA0FE3E31CBDC32400B64632 /* g5CalendarHeaderView.h */,
				DA0FE3E41CBDC32400B64632 /* g5CalendarHeaderView.m */,
			);
			path = g5Calendar;
			sourceTree = "<group>";
		};
		DAB28E7F1CBACD34007F14A2 /* XIBs */ = {
			isa = PBXGroup;
			children = (
				DAB28E8D1CBB61FD007F14A2 /* g5CalendarRowTableViewCell.xib */,
				DA0FE3E11CBDC30F00B64632 /* g5CalendarHeaderView.xib */,
			);
			path = XIBs;
			sourceTree = "<group>";
		};
		DABED0831CA39A40004100AF /* Notifications */ = {
			isa = PBXGroup;
			children = (
			);
			path = Notifications;
			sourceTree = "<group>";
		};
		DAC8BF121CCC5E7A004CA7D6 /* Monitors */ = {
			isa = PBXGroup;
			children = (
				DA7BB1A91D15CC3F00A61D54 /* MDRLocationMonitor.h */,
				DA7BB1AA1D15CC3F00A61D54 /* MDRLocationMonitor.m */,
				DAC8BF151CCC5E7A004CA7D6 /* MDRWeatherMonitor.h */,
				DAC8BF161CCC5E7A004CA7D6 /* MDRWeatherMonitor.m */,
			);
			path = Monitors;
			sourceTree = "<group>";
		};
		DAC8BF201CCC6D5F004CA7D6 /* ConditionViewController */ = {
			isa = PBXGroup;
			children = (
				DAC8BF211CCC6D5F004CA7D6 /* g5ConditionViewController.h */,
				DAC8BF221CCC6D5F004CA7D6 /* g5ConditionViewController.m */,
				DAC8BF231CCC6D5F004CA7D6 /* g5DateConditionViewController.h */,
				DAC8BF241CCC6D5F004CA7D6 /* g5DateConditionViewController.m */,
				DAC8BF251CCC6D5F004CA7D6 /* g5LocationConditionViewController.h */,
				DAC8BF261CCC6D5F004CA7D6 /* g5LocationConditionViewController.m */,
				DAC8BF271CCC6D5F004CA7D6 /* g5TemperatureConditionViewController.h */,
				DAC8BF281CCC6D5F004CA7D6 /* g5TemperatureConditionViewController.m */,
				DAC8BF291CCC6D5F004CA7D6 /* g5TimeConditionViewController.h */,
				DAC8BF2A1CCC6D5F004CA7D6 /* g5TimeConditionViewController.m */,
				DAF36BA81D063D1C001DF406 /* g5TimeConditionViewController.xib */,
				DAC8BF2B1CCC6D5F004CA7D6 /* g5WeatherTypeConditionViewController.h */,
				DAC8BF2C1CCC6D5F004CA7D6 /* g5WeatherTypeConditionViewController.m */,
				DA2EA6D81CFB5424004338CA /* g5DayOfTheWeekViewController.h */,
				DA2EA6D91CFB5424004338CA /* g5DayOfTheWeekViewController.m */,
				DA2EA6DA1CFB5424004338CA /* g5DayOfTheWeekViewController.xib */,
			);
			path = ConditionViewController;
			sourceTree = "<group>";
		};
		DAD71D651CCAB43000F42BB8 /* Resources */ = {
			isa = PBXGroup;
			children = (
				DA06366C1D0F8BF5001CBD60 /* Proxima Nova Soft W03 Bold.ttf */,
				DA06366D1D0F8BF5001CBD60 /* Proxima Nova Soft W03 Medium.ttf */,
				DA06366E1D0F8BF5001CBD60 /* Proxima Nova Soft W03 Semibold.ttf */,
				DAB092411CDD839F00F1157B /* emoticons.plist */,
				DAD71D661CCAB44700F42BB8 /* emoticons_2.plist */,
			);
			path = Resources;
			sourceTree = "<group>";
		};
		DAE9CACC1CA4A4BF00849427 /* Calendar Client */ = {
			isa = PBXGroup;
			children = (
				DAE9CACD1CA4A4BF00849427 /* g5CalendarClient.h */,
			);
			path = "Calendar Client";
			sourceTree = "<group>";
		};
		DAE9CACE1CA4A4BF00849427 /* OpenWeather Client */ = {
			isa = PBXGroup;
			children = (
				DAE9CACF1CA4A4BF00849427 /* g5OpenWeatherClient.h */,
				DAE9CAD01CA4A4BF00849427 /* g5OpenWeatherClient.m */,
				DAE9CAD11CA4A4BF00849427 /* g5WeatherClient.h */,
			);
			path = "OpenWeather Client";
			sourceTree = "<group>";
		};
		DAF412531CF0CC950092DEF8 /* HROBounceNavigator */ = {
			isa = PBXGroup;
			children = (
				DAF412541CF0CC950092DEF8 /* HROBounceNavigationController.h */,
				DAF412551CF0CC950092DEF8 /* HROBounceNavigationController.m */,
				DAF412561CF0CC950092DEF8 /* HROBounceNavigationController.xib */,
			);
			path = HROBounceNavigator;
			sourceTree = "<group>";
		};
		DAF727AA1D1ED31E00A3193E /* MINDR Client */ = {
			isa = PBXGroup;
			children = (
				DAF727AB1D1ED36400A3193E /* MDRReminderClient.h */,
				DAF727AC1D1ED36400A3193E /* MDRReminderClient.m */,
			);
			path = "MINDR Client";
			sourceTree = "<group>";
		};
		DE203C273EE8525155F6095F /* Frameworks */ = {
			isa = PBXGroup;
			children = (
				DA1EC0D81CD4625F00605573 /* QuartzCore.framework */,
				DA0C4B471CC4640C0030F927 /* libz.tbd */,
				DA0C4B451CC463FF0030F927 /* libsqlite3.tbd */,
				DA0C4B431CC463ED0030F927 /* SystemConfiguration.framework */,
				DA0C4B411CC463E30030F927 /* Security.framework */,
				DA0C4B3F1CC463DD0030F927 /* CFNetwork.framework */,
				F68F2BBC91E335A39C3983EB /* libPods-g5Mindr.a */,
			);
			name = Frameworks;
			sourceTree = "<group>";
		};
		EDAB08D7732F829C49492843 /* Pods */ = {
			isa = PBXGroup;
			children = (
				57845ADFAFF3BCE4C7DBB7EB /* Pods-g5Mindr.debug.xcconfig */,
				DF012F8FE2553B4858C780AC /* Pods-g5Mindr.release.xcconfig */,
			);
			name = Pods;
			sourceTree = "<group>";
		};
/* End PBXGroup section */

/* Begin PBXNativeTarget section */
		DA30CEE51C9DD38900FD4438 /* g5Mindr */ = {
			isa = PBXNativeTarget;
			buildConfigurationList = DA30CEFD1C9DD38900FD4438 /* Build configuration list for PBXNativeTarget "g5Mindr" */;
			buildPhases = (
				BAA8864A0FF59F92E58B5CFF /* Check Pods Manifest.lock */,
				DA30CEE21C9DD38900FD4438 /* Sources */,
				DA30CEE31C9DD38900FD4438 /* Frameworks */,
				DA30CEE41C9DD38900FD4438 /* Resources */,
				533207E12DF771E0E0BA53D8 /* Embed Pods Frameworks */,
				A7A251B2872B433DE74134B0 /* Copy Pods Resources */,
			);
			buildRules = (
			);
			dependencies = (
			);
			name = g5Mindr;
			productName = g5Mindr;
			productReference = DA30CEE61C9DD38900FD4438 /* g5Mindr.app */;
			productType = "com.apple.product-type.application";
		};
/* End PBXNativeTarget section */

/* Begin PBXProject section */
		DA30CEDE1C9DD38900FD4438 /* Project object */ = {
			isa = PBXProject;
			attributes = {
				LastUpgradeCheck = 0720;
				ORGANIZATIONNAME = "Charles Cliff";
				TargetAttributes = {
					DA30CEE51C9DD38900FD4438 = {
						CreatedOnToolsVersion = 7.2.1;
						DevelopmentTeam = 23CZC4883B;
						SystemCapabilities = {
							com.apple.BackgroundModes = {
								enabled = 1;
							};
						};
					};
				};
			};
			buildConfigurationList = DA30CEE11C9DD38900FD4438 /* Build configuration list for PBXProject "g5Mindr" */;
			compatibilityVersion = "Xcode 3.2";
			developmentRegion = English;
			hasScannedForEncodings = 0;
			knownRegions = (
				en,
				Base,
			);
			mainGroup = DA30CEDD1C9DD38900FD4438;
			productRefGroup = DA30CEE71C9DD38900FD4438 /* Products */;
			projectDirPath = "";
			projectRoot = "";
			targets = (
				DA30CEE51C9DD38900FD4438 /* g5Mindr */,
			);
		};
/* End PBXProject section */

/* Begin PBXResourcesBuildPhase section */
		DA30CEE41C9DD38900FD4438 /* Resources */ = {
			isa = PBXResourcesBuildPhase;
			buildActionMask = 2147483647;
			files = (
				DA0C4B3C1CC447550030F927 /* Settings.bundle in Resources */,
				DAF412581CF0CC950092DEF8 /* HROBounceNavigationController.xib in Resources */,
				DAC8BF1F1CCC6CF0004CA7D6 /* g5ReminderExplanationViewController.xib in Resources */,
				DA508E021CCF0B4100C96AED /* offSwitchKnob.png in Resources */,
				DA508E041CCF0B4100C96AED /* onSwitchKnob.png in Resources */,
				DA508E071CCF0B4100C96AED /* Switch@2x.png in Resources */,
				DAF4125F1CF0D7730092DEF8 /* g5WeatherTypeConditionTableViewCell.xib in Resources */,
				DA2EA6DC1CFB5424004338CA /* g5DayOfTheWeekViewController.xib in Resources */,
				DA508E031CCF0B4100C96AED /* offSwitchKnob@2x.png in Resources */,
				DAF36BA91D063D1C001DF406 /* g5TimeConditionViewController.xib in Resources */,
				DAD71D671CCAB44700F42BB8 /* emoticons_2.plist in Resources */,
				DA508E001CCF0B4100C96AED /* offSwitchBackground.png in Resources */,
				DAF4125E1CF0D7730092DEF8 /* g5ReminderTableViewCell.xib in Resources */,
				DA508E061CCF0B4100C96AED /* Switch.png in Resources */,
				DABED0991CA39E27004100AF /* g5LocationConditionViewController.xib in Resources */,
				DABED09A1CA39E27004100AF /* g5TemperatureConditionViewController.xib in Resources */,
				DA508E011CCF0B4100C96AED /* offSwitchBackground@2x.png in Resources */,
				DA297EED1CA23ED0001D6148 /* g5EmoticonCell.xib in Resources */,
				DAF4125D1CF0D7730092DEF8 /* g5ConditionTableViewCell.xib in Resources */,
				DA30CEF91C9DD38900FD4438 /* LaunchScreen.storyboard in Resources */,
				DA0636701D0F8BF5001CBD60 /* Proxima Nova Soft W03 Medium.ttf in Resources */,
				DA30CEF61C9DD38900FD4438 /* Assets.xcassets in Resources */,
				DA1EC0D21CD461D700605573 /* g5ReminderViewController.xib in Resources */,
				DAFD651C1CD52DAC00E92729 /* g5ReminderDetailSectionTableViewCell.xib in Resources */,
				DAB092471CDFA48300F1157B /* g5ReminderDetailButtonTableViewCell.xib in Resources */,
				DAB28E8F1CBB61FD007F14A2 /* g5CalendarRowTableViewCell.xib in Resources */,
				DAB092421CDD839F00F1157B /* emoticons.plist in Resources */,
				DA06366F1D0F8BF5001CBD60 /* Proxima Nova Soft W03 Bold.ttf in Resources */,
				DA0636711D0F8BF5001CBD60 /* Proxima Nova Soft W03 Semibold.ttf in Resources */,
				DAE9CAE51CA4AF9F00849427 /* g5DateConditionViewController.xib in Resources */,
				DA297EE41CA231F9001D6148 /* g5EmoticonSelectionViewController.xib in Resources */,
				DABED09B1CA39E27004100AF /* g5WeatherTypeConditionViewController.xib in Resources */,
				DA0FE3E21CBDC30F00B64632 /* g5CalendarHeaderView.xib in Resources */,
				DA508E051CCF0B4100C96AED /* onSwitchKnob@2x.png in Resources */,
				DA2EA6E41CFB6AE4004338CA /* g5DayOfTheWeekConditionTableViewCell.xib in Resources */,
			);
			runOnlyForDeploymentPostprocessing = 0;
		};
/* End PBXResourcesBuildPhase section */

/* Begin PBXShellScriptBuildPhase section */
		533207E12DF771E0E0BA53D8 /* Embed Pods Frameworks */ = {
			isa = PBXShellScriptBuildPhase;
			buildActionMask = 2147483647;
			files = (
			);
			inputPaths = (
			);
			name = "Embed Pods Frameworks";
			outputPaths = (
			);
			runOnlyForDeploymentPostprocessing = 0;
			shellPath = /bin/sh;
			shellScript = "\"${SRCROOT}/Pods/Target Support Files/Pods-g5Mindr/Pods-g5Mindr-frameworks.sh\"\n";
			showEnvVarsInLog = 0;
		};
		A7A251B2872B433DE74134B0 /* Copy Pods Resources */ = {
			isa = PBXShellScriptBuildPhase;
			buildActionMask = 2147483647;
			files = (
			);
			inputPaths = (
			);
			name = "Copy Pods Resources";
			outputPaths = (
			);
			runOnlyForDeploymentPostprocessing = 0;
			shellPath = /bin/sh;
			shellScript = "\"${SRCROOT}/Pods/Target Support Files/Pods-g5Mindr/Pods-g5Mindr-resources.sh\"\n";
			showEnvVarsInLog = 0;
		};
		BAA8864A0FF59F92E58B5CFF /* Check Pods Manifest.lock */ = {
			isa = PBXShellScriptBuildPhase;
			buildActionMask = 2147483647;
			files = (
			);
			inputPaths = (
			);
			name = "Check Pods Manifest.lock";
			outputPaths = (
			);
			runOnlyForDeploymentPostprocessing = 0;
			shellPath = /bin/sh;
			shellScript = "diff \"${PODS_ROOT}/../Podfile.lock\" \"${PODS_ROOT}/Manifest.lock\" > /dev/null\nif [[ $? != 0 ]] ; then\n    cat << EOM\nerror: The sandbox is not in sync with the Podfile.lock. Run 'pod install' or update your CocoaPods installation.\nEOM\n    exit 1\nfi\n";
			showEnvVarsInLog = 0;
		};
/* End PBXShellScriptBuildPhase section */

/* Begin PBXSourcesBuildPhase section */
		DA30CEE21C9DD38900FD4438 /* Sources */ = {
			isa = PBXSourcesBuildPhase;
			buildActionMask = 2147483647;
			files = (
				DA863AC41CE6CC5900568A79 /* g5EmoticonSelectionViewController.m in Sources */,
				DAF412571CF0CC950092DEF8 /* HROBounceNavigationController.m in Sources */,
				DAC8BF341CCC6D5F004CA7D6 /* g5ConditionViewController.m in Sources */,
				DA30CF431C9E23AD00FD4438 /* g5WeatherTypeCondition.m in Sources */,
				DA30CF2B1C9DF96A00FD4438 /* g5ReminderManager.m in Sources */,
				DA30CF461C9E23BE00FD4438 /* g5TemperatureCondition.m in Sources */,
				DA7BB1A81D15C17100A61D54 /* MDRReminderContext.m in Sources */,
				DA1EC0C81CD461BF00605573 /* g5ReminderViewController.m in Sources */,
				DA863AC61CE6CC5900568A79 /* g5ReminderExplanationViewController.m in Sources */,
				DA2EA6E31CFB6AE4004338CA /* g5DayOfTheWeekConditionTableViewCell.m in Sources */,
				DAF727AD1D1ED36400A3193E /* MDRReminderClient.m in Sources */,
				DA30CF381C9E05B100FD4438 /* MDRReminder.m in Sources */,
				DAFD65221CD5414700E92729 /* g5ReminderListViewController.m in Sources */,
				DAC8BF351CCC6D5F004CA7D6 /* g5DateConditionViewController.m in Sources */,
				DA863AC11CE6CC5900568A79 /* g5ConditionListViewController.m in Sources */,
				DAE9CACB1CA4A42700849427 /* g5TimeCondition.m in Sources */,
				DAFD652B1CD5611900E92729 /* mindrBounceNavigationViewController.m in Sources */,
				DAC8BF181CCC5E7A004CA7D6 /* MDRWeatherMonitor.m in Sources */,
				DA543D991D0C9F920079BBB0 /* MDRTemperatureComponents.m in Sources */,
				DAC8BF391CCC6D5F004CA7D6 /* g5WeatherTypeConditionViewController.m in Sources */,
				DAF36BAC1D06409A001DF406 /* MDRTimeComponents.m in Sources */,
				DA30CF3B1C9E064A00FD4438 /* g5Weather.m in Sources */,
				DA508E081CCF0B4100C96AED /* OnSwitchView.m in Sources */,
				DA543DA01D0CC9E00079BBB0 /* UIGestureRecognizer+Cancel.m in Sources */,
				DA30CF401C9E239200FD4438 /* g5LocationCondition.m in Sources */,
				DA1EC0D71CD4623900605573 /* IBCellFlipSegue.m in Sources */,
				DAC8BF371CCC6D5F004CA7D6 /* g5TemperatureConditionViewController.m in Sources */,
				DA0FE3E51CBDC32400B64632 /* g5CalendarHeaderView.m in Sources */,
				DA30CEEE1C9DD38900FD4438 /* AppDelegate.m in Sources */,
				DAC8BF381CCC6D5F004CA7D6 /* g5TimeConditionViewController.m in Sources */,
				DAB28E791CB98D24007F14A2 /* g5CalendarRowTableViewCell.m in Sources */,
				DAC8BF361CCC6D5F004CA7D6 /* g5LocationConditionViewController.m in Sources */,
				DA30CEEB1C9DD38900FD4438 /* main.m in Sources */,
				DAB28E7B1CB98D24007F14A2 /* g5CalendarTableViewController.m in Sources */,
				DA7BB1AB1D15CC3F00A61D54 /* MDRLocationMonitor.m in Sources */,
				DAB092461CDFA48300F1157B /* g5ReminderDetailButtonTableViewCell.m in Sources */,
				DA30CF6B1C9E448000FD4438 /* g5ReminderTableViewCell.m in Sources */,
				DA30CF621C9E3ABB00FD4438 /* g5ConditionTableViewCell.m in Sources */,
				DA297EEC1CA23ED0001D6148 /* g5EmoticonCell.m in Sources */,
				DA2EA6DB1CFB5424004338CA /* g5DayOfTheWeekViewController.m in Sources */,
				DA543D9D1D0CA1D20079BBB0 /* HROPickerTableView.m in Sources */,
				DA863AC31CE6CC5900568A79 /* g5EditReminderConditionListViewController.m in Sources */,
				DA0C4B3A1CC4374F0030F927 /* g5WeatherTypeConditionTableViewCell.m in Sources */,
				DAFD651B1CD52DAC00E92729 /* g5ReminderDetailSectionTableViewCell.m in Sources */,
				DA863AC21CE6CC5900568A79 /* g5CreateReminderConditionListViewController.m in Sources */,
				DA30CF371C9E05B100FD4438 /* MDRCondition.m in Sources */,
				DAE9CAD21CA4A4BF00849427 /* g5OpenWeatherClient.m in Sources */,
				DA2EA6DF1CFB569F004338CA /* g5DayOfTheWeekCondition.m in Sources */,
				DAE9CAC81CA4A41700849427 /* g5DateCondition.m in Sources */,
				DA0C4B4B1CC464A00030F927 /* g5PersistenceManager.m in Sources */,
			);
			runOnlyForDeploymentPostprocessing = 0;
		};
/* End PBXSourcesBuildPhase section */

/* Begin PBXVariantGroup section */
		DA30CEF71C9DD38900FD4438 /* LaunchScreen.storyboard */ = {
			isa = PBXVariantGroup;
			children = (
				DA30CEF81C9DD38900FD4438 /* Base */,
			);
			name = LaunchScreen.storyboard;
			sourceTree = "<group>";
		};
/* End PBXVariantGroup section */

/* Begin XCBuildConfiguration section */
		DA30CEFB1C9DD38900FD4438 /* Debug */ = {
			isa = XCBuildConfiguration;
			buildSettings = {
				ALWAYS_SEARCH_USER_PATHS = NO;
				CLANG_CXX_LANGUAGE_STANDARD = "gnu++0x";
				CLANG_CXX_LIBRARY = "libc++";
				CLANG_ENABLE_MODULES = YES;
				CLANG_ENABLE_OBJC_ARC = YES;
				CLANG_WARN_BOOL_CONVERSION = YES;
				CLANG_WARN_CONSTANT_CONVERSION = YES;
				CLANG_WARN_DIRECT_OBJC_ISA_USAGE = YES_ERROR;
				CLANG_WARN_EMPTY_BODY = YES;
				CLANG_WARN_ENUM_CONVERSION = YES;
				CLANG_WARN_INT_CONVERSION = YES;
				CLANG_WARN_OBJC_ROOT_CLASS = YES_ERROR;
				CLANG_WARN_UNREACHABLE_CODE = YES;
				CLANG_WARN__DUPLICATE_METHOD_MATCH = YES;
				"CODE_SIGN_IDENTITY[sdk=iphoneos*]" = "iPhone Developer";
				COPY_PHASE_STRIP = NO;
				DEBUG_INFORMATION_FORMAT = dwarf;
				ENABLE_BITCODE = NO;
				ENABLE_STRICT_OBJC_MSGSEND = YES;
				ENABLE_TESTABILITY = YES;
				GCC_C_LANGUAGE_STANDARD = gnu99;
				GCC_DYNAMIC_NO_PIC = NO;
				GCC_NO_COMMON_BLOCKS = YES;
				GCC_OPTIMIZATION_LEVEL = 0;
				GCC_PREPROCESSOR_DEFINITIONS = (
					"$(inherited)",
					"DEBUG=1",
				);
				GCC_WARN_64_TO_32_BIT_CONVERSION = YES;
				GCC_WARN_ABOUT_RETURN_TYPE = YES_ERROR;
				GCC_WARN_UNDECLARED_SELECTOR = YES;
				GCC_WARN_UNINITIALIZED_AUTOS = YES_AGGRESSIVE;
				GCC_WARN_UNUSED_FUNCTION = YES;
				GCC_WARN_UNUSED_VARIABLE = YES;
				IPHONEOS_DEPLOYMENT_TARGET = 9.2;
				MTL_ENABLE_DEBUG_INFO = YES;
				ONLY_ACTIVE_ARCH = YES;
				SDKROOT = iphoneos;
				TARGETED_DEVICE_FAMILY = "1,2";
			};
			name = Debug;
		};
		DA30CEFC1C9DD38900FD4438 /* Release */ = {
			isa = XCBuildConfiguration;
			buildSettings = {
				ALWAYS_SEARCH_USER_PATHS = NO;
				CLANG_CXX_LANGUAGE_STANDARD = "gnu++0x";
				CLANG_CXX_LIBRARY = "libc++";
				CLANG_ENABLE_MODULES = YES;
				CLANG_ENABLE_OBJC_ARC = YES;
				CLANG_WARN_BOOL_CONVERSION = YES;
				CLANG_WARN_CONSTANT_CONVERSION = YES;
				CLANG_WARN_DIRECT_OBJC_ISA_USAGE = YES_ERROR;
				CLANG_WARN_EMPTY_BODY = YES;
				CLANG_WARN_ENUM_CONVERSION = YES;
				CLANG_WARN_INT_CONVERSION = YES;
				CLANG_WARN_OBJC_ROOT_CLASS = YES_ERROR;
				CLANG_WARN_UNREACHABLE_CODE = YES;
				CLANG_WARN__DUPLICATE_METHOD_MATCH = YES;
				"CODE_SIGN_IDENTITY[sdk=iphoneos*]" = "iPhone Developer";
				COPY_PHASE_STRIP = NO;
				DEBUG_INFORMATION_FORMAT = "dwarf-with-dsym";
				ENABLE_BITCODE = NO;
				ENABLE_NS_ASSERTIONS = NO;
				ENABLE_STRICT_OBJC_MSGSEND = YES;
				GCC_C_LANGUAGE_STANDARD = gnu99;
				GCC_NO_COMMON_BLOCKS = YES;
				GCC_PREPROCESSOR_DEFINITIONS = (
					"$(inherited)",
					"DEBUG=1",
				);
				GCC_WARN_64_TO_32_BIT_CONVERSION = YES;
				GCC_WARN_ABOUT_RETURN_TYPE = YES_ERROR;
				GCC_WARN_UNDECLARED_SELECTOR = YES;
				GCC_WARN_UNINITIALIZED_AUTOS = YES_AGGRESSIVE;
				GCC_WARN_UNUSED_FUNCTION = YES;
				GCC_WARN_UNUSED_VARIABLE = YES;
				IPHONEOS_DEPLOYMENT_TARGET = 9.2;
				MTL_ENABLE_DEBUG_INFO = NO;
				SDKROOT = iphoneos;
				TARGETED_DEVICE_FAMILY = "1,2";
				VALIDATE_PRODUCT = YES;
			};
			name = Release;
		};
		DA30CEFE1C9DD38900FD4438 /* Debug */ = {
			isa = XCBuildConfiguration;
			baseConfigurationReference = 57845ADFAFF3BCE4C7DBB7EB /* Pods-g5Mindr.debug.xcconfig */;
			buildSettings = {
				ASSETCATALOG_COMPILER_APPICON_NAME = AppIcon;
				CODE_SIGN_IDENTITY = "iPhone Developer";
				ENABLE_BITCODE = NO;
				FRAMEWORK_SEARCH_PATHS = (
					"$(inherited)",
					"$(PROJECT_DIR)/Resources",
				);
				INFOPLIST_FILE = g5Mindr/Info.plist;
				IPHONEOS_DEPLOYMENT_TARGET = 9.0;
				LD_RUNPATH_SEARCH_PATHS = "$(inherited) @executable_path/Frameworks";
				PRODUCT_BUNDLE_IDENTIFIER = com.hero.us.MindR;
				PRODUCT_NAME = "$(TARGET_NAME)";
				TARGETED_DEVICE_FAMILY = 1;
			};
			name = Debug;
		};
		DA30CEFF1C9DD38900FD4438 /* Release */ = {
			isa = XCBuildConfiguration;
			baseConfigurationReference = DF012F8FE2553B4858C780AC /* Pods-g5Mindr.release.xcconfig */;
			buildSettings = {
				ASSETCATALOG_COMPILER_APPICON_NAME = AppIcon;
				CODE_SIGN_IDENTITY = "iPhone Developer";
				ENABLE_BITCODE = NO;
				FRAMEWORK_SEARCH_PATHS = (
					"$(inherited)",
					"$(PROJECT_DIR)/Resources",
				);
				INFOPLIST_FILE = g5Mindr/Info.plist;
				IPHONEOS_DEPLOYMENT_TARGET = 9.0;
				LD_RUNPATH_SEARCH_PATHS = "$(inherited) @executable_path/Frameworks";
				PRODUCT_BUNDLE_IDENTIFIER = com.hero.us.MindR;
				PRODUCT_NAME = "$(TARGET_NAME)";
				TARGETED_DEVICE_FAMILY = 1;
			};
			name = Release;
		};
/* End XCBuildConfiguration section */

/* Begin XCConfigurationList section */
		DA30CEE11C9DD38900FD4438 /* Build configuration list for PBXProject "g5Mindr" */ = {
			isa = XCConfigurationList;
			buildConfigurations = (
				DA30CEFB1C9DD38900FD4438 /* Debug */,
				DA30CEFC1C9DD38900FD4438 /* Release */,
			);
			defaultConfigurationIsVisible = 0;
			defaultConfigurationName = Release;
		};
		DA30CEFD1C9DD38900FD4438 /* Build configuration list for PBXNativeTarget "g5Mindr" */ = {
			isa = XCConfigurationList;
			buildConfigurations = (
				DA30CEFE1C9DD38900FD4438 /* Debug */,
				DA30CEFF1C9DD38900FD4438 /* Release */,
			);
			defaultConfigurationIsVisible = 0;
			defaultConfigurationName = Release;
		};
/* End XCConfigurationList section */
	};
	rootObject = DA30CEDE1C9DD38900FD4438 /* Project object */;
}
