PODS:
  - AFNetworking (2.6.3):
    - AFNetworking/NSURLConnection (= 2.6.3)
    - AFNetworking/NSURLSession (= 2.6.3)
    - AFNetworking/Reachability (= 2.6.3)
    - AFNetworking/Security (= 2.6.3)
    - AFNetworking/Serialization (= 2.6.3)
    - AFNetworking/UIKit (= 2.6.3)
  - AFNetworking/NSURLConnection (2.6.3):
    - AFNetworking/Reachability
    - AFNetworking/Security
    - AFNetworking/Serialization
  - AFNetworking/NSURLSession (2.6.3):
    - AFNetworking/Reachability
    - AFNetworking/Security
    - AFNetworking/Serialization
  - AFNetworking/Reachability (2.6.3)
  - AFNetworking/Security (2.6.3)
  - AFNetworking/Serialization (2.6.3)
  - AFNetworking/UIKit (2.6.3):
    - AFNetworking/NSURLConnection
    - AFNetworking/NSURLSession
  - AMWaveTransition (0.6.2)
  - GoogleMaps (1.13.2)
  - Mantle (2.0.7):
    - Mantle/extobjc (= 2.0.7)
  - Mantle/extobjc (2.0.7)
  - Mapbox-iOS-SDK (3.0.1)
  - PBJHexagon (0.1.1)
  - ReactiveCocoa (2.5):
    - ReactiveCocoa/UI (= 2.5)
  - ReactiveCocoa/Core (2.5):
    - ReactiveCocoa/no-arc
  - ReactiveCocoa/no-arc (2.5)
  - ReactiveCocoa/UI (2.5):
    - ReactiveCocoa/Core

DEPENDENCIES:
  - AFNetworking (~> 2.6.3)
  - AMWaveTransition
  - GoogleMaps
  - Mantle
  - Mapbox-iOS-SDK
  - PBJHexagon
  - ReactiveCocoa

SPEC CHECKSUMS:
  AFNetworking: cb8d14a848e831097108418f5d49217339d4eb60
  AMWaveTransition: 98952310574779e4ca7e7f4d89f8b1043cdad171
  GoogleMaps: b20a103ff307f58392e603cf142e59d7e30374c1
  Mantle: bc40bb061d8c2c6fb48d5083e04d928c3b7f73d9
  Mapbox-iOS-SDK: 61e79f3dd8432617bd1a66b2d7273ab5ce923ca9
  PBJHexagon: 689c33964ff02f71f90d86fb181cbfdabce7886a
  ReactiveCocoa: e2db045570aa97c695e7aa97c2bcab222ae51f4a

COCOAPODS: 0.39.0
